[0m[1mmodule.connect.module.connect.aws_connect_instance.connect: Refreshing state... [id=03103f71-db62-4f61-9432-4bfae356b3e3][0m
[0m[1mmodule.connect.module.connect.module.security_profiles.aws_connect_security_profile.new_hire: Refreshing state... [id=03103f71-db62-4f61-9432-4bfae356b3e3:1854cec4-8fd5-4967-aeba-f46902a8ca87][0m
[0m[1mmodule.connect.module.connect.module.hours_of_operations.aws_connect_hours_of_operation.good_measures_corporate: Refreshing state... [id=03103f71-db62-4f61-9432-4bfae356b3e3:9b2a969a-717a-4738-a18b-42ec5ebf781e][0m
[0m[1mmodule.connect.module.connect.module.security_profiles.aws_connect_security_profile.qualityanalyst: Refreshing state... [id=03103f71-db62-4f61-9432-4bfae356b3e3:47ec151a-7d76-4dac-975f-d8fe5fb38a21][0m
[0m[1mmodule.connect.module.connect.module.security_profiles.aws_connect_security_profile.admin: Refreshing state... [id=03103f71-db62-4f61-9432-4bfae356b3e3:469ac895-3473-4bdc-b6c7-7c6e77da44f4][0m
[0m[1mmodule.connect.module.connect.module.security_profiles.aws_connect_security_profile.callcentermanager: Refreshing state... [id=03103f71-db62-4f61-9432-4bfae356b3e3:2fb87a7d-0c64-49ad-9d6f-18094aa69ed1][0m
[0m[1mmodule.connect.module.connect.module.hours_of_operations.aws_connect_hours_of_operation.ahead_study: Refreshing state... [id=03103f71-db62-4f61-9432-4bfae356b3e3:a5e8980e-99e5-4c93-9518-9bc780b69b9b][0m
[0m[1mmodule.connect.module.connect.module.hours_of_operations.aws_connect_hours_of_operation.biotel_care: Refreshing state... [id=03103f71-db62-4f61-9432-4bfae356b3e3:b85d5493-1bf0-45b5-91ee-b7f237faf4ad][0m
[0m[1mmodule.connect.module.connect.module.hours_of_operations.aws_connect_hours_of_operation.good_measures: Refreshing state... [id=03103f71-db62-4f61-9432-4bfae356b3e3:09b889fb-0661-4b2d-b963-282aee6488ea][0m
[0m[1mmodule.connect.module.connect.module.hours_of_operations.aws_connect_hours_of_operation.onduo_walgreens: Refreshing state... [id=03103f71-db62-4f61-9432-4bfae356b3e3:7adced9f-6f29-4cf1-89af-846a00d03164][0m
[0m[1mmodule.connect.module.connect.module.hours_of_operations.aws_connect_hours_of_operation.basic_hours: Refreshing state... [id=03103f71-db62-4f61-9432-4bfae356b3e3:bba1df47-9043-4a16-96e0-47cc68239ed5][0m
[0m[1mmodule.connect.module.connect.module.security_profiles.aws_connect_security_profile.agent: Refreshing state... [id=03103f71-db62-4f61-9432-4bfae356b3e3:2e972232-fd5f-4b3f-adcd-24f56a2bae83][0m
[0m[1mmodule.contact_flows.aws_connect_contact_flow._03_ahead_after_hours_english: Refreshing state... [id=03103f71-db62-4f61-9432-4bfae356b3e3:9399097a-3577-453b-aa66-39567829d913][0m
[0m[1mmodule.contact_flows.aws_connect_contact_flow._03_ahead_voicemail_flow_english: Refreshing state... [id=03103f71-db62-4f61-9432-4bfae356b3e3:58861e87-c727-4df5-b333-c894a8cb48fd][0m
[0m[1mmodule.contact_flows.aws_connect_contact_flow.default_agent_hold: Refreshing state... [id=03103f71-db62-4f61-9432-4bfae356b3e3:c16977ae-d69a-45b3-bc10-58da83f26496][0m
[0m[1mmodule.contact_flows.aws_connect_contact_flow._01_goodmeasures_corp_in_open: Refreshing state... [id=03103f71-db62-4f61-9432-4bfae356b3e3:6b9ceb1b-fac9-4723-8910-23fb2f0816a6][0m
[0m[1mmodule.contact_flows.aws_connect_contact_flow._03_ahead_after_hours_spanish: Refreshing state... [id=03103f71-db62-4f61-9432-4bfae356b3e3:515bf34d-8672-45e6-b1a1-4490aa080614][0m
[0m[1mmodule.contact_flows.aws_connect_contact_flow._0x_good_measures_queue_flow: Refreshing state... [id=03103f71-db62-4f61-9432-4bfae356b3e3:4daea79b-9a59-47d8-88b9-f99da96397b9][0m
[0m[1mmodule.contact_flows.aws_connect_contact_flow._00_routing_flow: Refreshing state... [id=03103f71-db62-4f61-9432-4bfae356b3e3:68920181-fa8e-4685-9aa5-4c4b811036e2][0m
[0m[1mmodule.contact_flows.aws_connect_contact_flow._0x_dial_extension: Refreshing state... [id=03103f71-db62-4f61-9432-4bfae356b3e3:ccaa74b8-af4b-4e5d-a5a5-82fb37959bbc][0m
[0m[1mmodule.contact_flows.aws_connect_contact_flow._0x_gm_outbound: Refreshing state... [id=03103f71-db62-4f61-9432-4bfae356b3e3:52fa1501-b04b-413c-abb0-4ee05bb29947][0m
[0m[1mmodule.contact_flows.aws_connect_contact_flow.default_agent_transfer: Refreshing state... [id=03103f71-db62-4f61-9432-4bfae356b3e3:5064b4f2-9652-411e-a338-3bfac5bd33f1][0m
[0m[1mmodule.contact_flows.aws_connect_contact_flow._0x_voicemail_flow: Refreshing state... [id=03103f71-db62-4f61-9432-4bfae356b3e3:dcdd9ae8-8914-4728-85f0-9711b212776a][0m
[0m[1mmodule.contact_flows.aws_connect_contact_flow._00_mainpatient_flow_in_open: Refreshing state... [id=03103f71-db62-4f61-9432-4bfae356b3e3:0179bac6-241f-461d-b1b0-1d525f8bd6fa][0m
[0m[1mmodule.contact_flows.aws_connect_contact_flow.default_customer_whisper: Refreshing state... [id=03103f71-db62-4f61-9432-4bfae356b3e3:a2d51a40-76d4-4c91-baa6-cf5484818c42][0m
[0m[1mmodule.contact_flows.aws_connect_contact_flow._00_mainpatient_flow_in_closed: Refreshing state... [id=03103f71-db62-4f61-9432-4bfae356b3e3:741ef393-5186-443e-be08-f5af7f48b2e2][0m
[0m[1mmodule.contact_flows.aws_connect_contact_flow._0x_whisper_flow: Refreshing state... [id=03103f71-db62-4f61-9432-4bfae356b3e3:97168dc1-5b37-4c9f-a4d2-520f703b56bb][0m
[0m[1mmodule.contact_flows.aws_connect_contact_flow._0x_inbound_to_agent: Refreshing state... [id=03103f71-db62-4f61-9432-4bfae356b3e3:fc7e607a-a89f-45b9-8346-0d9a497d03b1][0m
[0m[1mmodule.contact_flows.aws_connect_contact_flow._0x_receptionist_queue_flow: Refreshing state... [id=03103f71-db62-4f61-9432-4bfae356b3e3:c389bd55-db17-4078-af82-5c4a40085325][0m
[0m[1mmodule.contact_flows.aws_connect_contact_flow.holiday_test_flow: Refreshing state... [id=03103f71-db62-4f61-9432-4bfae356b3e3:42995dd4-c693-4cc4-a666-f8a89d13fa88][0m
[0m[1mmodule.contact_flows.aws_connect_contact_flow.default_customer_queue: Refreshing state... [id=03103f71-db62-4f61-9432-4bfae356b3e3:67a7041e-6576-432d-a303-c3e570fa4e96][0m
[0m[1mmodule.contact_flows.aws_connect_contact_flow._01_goodmeasures_corp_in_closed: Refreshing state... [id=03103f71-db62-4f61-9432-4bfae356b3e3:25c8d642-9a8a-43e5-8e71-0d8ecdecd164][0m
[0m[1mmodule.contact_flows.aws_connect_contact_flow._02_gm_vvip_in_open_closed: Refreshing state... [id=03103f71-db62-4f61-9432-4bfae356b3e3:058c4b81-4869-49e1-afdc-7ca835c1a937][0m
[0m[1mmodule.contact_flows.aws_connect_contact_flow.holiday_routing_test: Refreshing state... [id=03103f71-db62-4f61-9432-4bfae356b3e3:aae0c246-0904-4bd9-b6e3-9a87ede346de][0m
[0m[1mmodule.contact_flows.aws_connect_contact_flow._03_ahead_patient_flow_in_open: Refreshing state... [id=03103f71-db62-4f61-9432-4bfae356b3e3:3fd5dd34-6c74-4b67-8f8a-ee76b070e520][0m
[0m[1mmodule.contact_flows.aws_connect_contact_flow.default_agent_whisper: Refreshing state... [id=03103f71-db62-4f61-9432-4bfae356b3e3:3411d117-f794-4d95-8198-792b95affc50][0m
[0m[1mmodule.contact_flows.aws_connect_contact_flow.default_queue_transfer: Refreshing state... [id=03103f71-db62-4f61-9432-4bfae356b3e3:87ac99e3-8d1b-420a-a4fa-71c2361e5fe9][0m
[0m[1mmodule.contact_flows.aws_connect_contact_flow.default_customer_hold: Refreshing state... [id=03103f71-db62-4f61-9432-4bfae356b3e3:b7f9ee8c-7562-44be-8efa-d9dbe3ec568b][0m
[0m[1mmodule.contact_flows.aws_connect_contact_flow.default_outbound: Refreshing state... [id=03103f71-db62-4f61-9432-4bfae356b3e3:df449a80-4f73-46bb-87b5-fc899badddb7][0m
[0m[1mmodule.contact_flows.aws_connect_contact_flow._03_ahead_voicemail_flow_spanish: Refreshing state... [id=03103f71-db62-4f61-9432-4bfae356b3e3:273e2e85-2342-4897-a3f3-c585f6bc348f][0m
[0m[1mmodule.queues.aws_connect_queue._22_university_of_pennsylvania: Refreshing state... [id=03103f71-db62-4f61-9432-4bfae356b3e3:415e8ea1-e201-43b8-9868-28a1b11caf5f][0m
[0m[1mmodule.queues.aws_connect_queue.ahead: Refreshing state... [id=03103f71-db62-4f61-9432-4bfae356b3e3:26c3013e-50df-42f2-9622-062de5b0395c][0m
[0m[1mmodule.queues.aws_connect_queue._332_university_of_washington: Refreshing state... [id=03103f71-db62-4f61-9432-4bfae356b3e3:f43a35af-7c67-4770-89ec-dae21ab7eb4b][0m
[0m[1mmodule.queues.aws_connect_queue._16_wien_center_for_clinical_research: Refreshing state... [id=03103f71-db62-4f61-9432-4bfae356b3e3:1286d91e-cc20-4125-a93b-709626129e38][0m
[0m[1mmodule.queues.aws_connect_queue.on_duo_blue_cross_a_r: Refreshing state... [id=03103f71-db62-4f61-9432-4bfae356b3e3:d32a3348-d4b9-44de-b85b-ca291373abdc][0m
[0m[1mmodule.queues.aws_connect_queue._334_university_of_texas: Refreshing state... [id=03103f71-db62-4f61-9432-4bfae356b3e3:88b833b2-cfa4-4955-8c9b-2e3f42b7639d][0m
[0m[1mmodule.queues.aws_connect_queue._2_oregon_health_science_university: Refreshing state... [id=03103f71-db62-4f61-9432-4bfae356b3e3:04d95838-2c1d-4330-92de-5bdcd1d79033][0m
[0m[1mmodule.queues.aws_connect_queue._381_gonzalez_m_d_and_aswad_m_d: Refreshing state... [id=03103f71-db62-4f61-9432-4bfae356b3e3:347dc7cb-1248-448b-b8f3-59f1dae723f2][0m
[0m[1mmodule.queues.aws_connect_queue._9_baylor_college_of_medicine: Refreshing state... [id=03103f71-db62-4f61-9432-4bfae356b3e3:f5e9c365-9298-49f1-b9b2-ff0cf5b7fa68][0m
[0m[1mmodule.queues.aws_connect_queue._324_sharp_neurocognitive_research_center: Refreshing state... [id=03103f71-db62-4f61-9432-4bfae356b3e3:8fae401b-84cf-49c0-a9f1-af6e40258793][0m
[0m[1mmodule.queues.aws_connect_queue._73_university_of_california_san_francisco: Refreshing state... [id=03103f71-db62-4f61-9432-4bfae356b3e3:7dfbccac-8d0b-4122-8cf8-8dc53f2b3416][0m
[0m[1mmodule.queues.aws_connect_queue._309_alzheimer_s_research_and_treatment_center: Refreshing state... [id=03103f71-db62-4f61-9432-4bfae356b3e3:83c9503a-04d5-448f-8b3a-f2c542895be4][0m
[0m[1mmodule.queues.aws_connect_queue._305_vanderbilt_university: Refreshing state... [id=03103f71-db62-4f61-9432-4bfae356b3e3:bf076ad4-34fd-4745-9319-aa707b9508d9][0m
[0m[1mmodule.queues.aws_connect_queue._127_university_of_wisconsin: Refreshing state... [id=03103f71-db62-4f61-9432-4bfae356b3e3:454baf80-4c60-46e9-a8dd-ef2c216a39bd][0m
[0m[1mmodule.queues.aws_connect_queue.ahead_age_ineligible: Refreshing state... [id=03103f71-db62-4f61-9432-4bfae356b3e3:c382aa91-7807-4b20-8662-924174d8e220][0m
[0m[1mmodule.queues.aws_connect_queue._37_indiana_university_school_of_medicine: Refreshing state... [id=03103f71-db62-4f61-9432-4bfae356b3e3:a6096c26-3278-4f87-bbc0-7c5cf7506618][0m
[0m[1mmodule.queues.aws_connect_queue._349_cleveland_clinic_lou_ruvo_center: Refreshing state... [id=03103f71-db62-4f61-9432-4bfae356b3e3:b2517285-cc2f-44f9-9b8d-71b646072661][0m
[0m[1mmodule.queues.aws_connect_queue._129_banner_alzheimer_s_institute: Refreshing state... [id=03103f71-db62-4f61-9432-4bfae356b3e3:0ef41f0b-7870-4c55-a793-87f393d5df0c][0m
[0m[1mmodule.queues.aws_connect_queue._319_renstar_medical_research: Refreshing state... [id=03103f71-db62-4f61-9432-4bfae356b3e3:5fb204b9-e881-4586-bb9f-a1de600051c0][0m
[0m[1mmodule.queues.aws_connect_queue._334_university_of_north_texas: Refreshing state... [id=03103f71-db62-4f61-9432-4bfae356b3e3:b95bf305-4fd3-45a9-8787-4260b9d8f9e8][0m
[0m[1mmodule.queues.aws_connect_queue._67_northwestern_university: Refreshing state... [id=03103f71-db62-4f61-9432-4bfae356b3e3:f12e7427-6a04-4bbf-b12f-aea904301145][0m
[0m[1mmodule.queues.aws_connect_queue._10_columbia_university: Refreshing state... [id=03103f71-db62-4f61-9432-4bfae356b3e3:3fb02b6c-8c82-4c53-94f7-71d7fe6dcf65][0m
[0m[1mmodule.queues.aws_connect_queue._383_advanced_clinical_research_network: Refreshing state... [id=03103f71-db62-4f61-9432-4bfae356b3e3:135e7f50-283d-445e-aeec-d0f3f6956b80][0m
[0m[1mmodule.queues.aws_connect_queue._137_wake_forest_university: Refreshing state... [id=03103f71-db62-4f61-9432-4bfae356b3e3:a25cfd6d-9e54-44a3-bf6b-6513659f6364][0m
[0m[1mmodule.queues.aws_connect_queue._370_advanced_memory_research_institute_of_new_jersey: Refreshing state... [id=03103f71-db62-4f61-9432-4bfae356b3e3:fdbe9bb2-c10e-4cee-9c8b-1b1cee7f5680][0m
[0m[1mmodule.queues.aws_connect_queue._385_national_clinical_research: Refreshing state... [id=03103f71-db62-4f61-9432-4bfae356b3e3:04dcfbb4-2ebd-401e-ba5d-a4b2c7adb5ac][0m
[0m[1mmodule.queues.aws_connect_queue._307_columbus_memory_center: Refreshing state... [id=03103f71-db62-4f61-9432-4bfae356b3e3:10f8c313-55b0-4e28-b5ba-b2dc40a57f5c][0m
[0m[1mmodule.queues.aws_connect_queue._24_university_of_pittsburgh: Refreshing state... [id=03103f71-db62-4f61-9432-4bfae356b3e3:138dac5a-5624-4a38-ba3e-284eee19a3e7][0m
[0m[1mmodule.queues.aws_connect_queue._378_keystone_clinical_studies: Refreshing state... [id=03103f71-db62-4f61-9432-4bfae356b3e3:2efc9a39-5ca9-4c9c-9488-d6940cdd8c31][0m
[0m[1mmodule.queues.aws_connect_queue._13_mount_sinai_school_of_medicine: Refreshing state... [id=03103f71-db62-4f61-9432-4bfae356b3e3:2bed7b16-1aca-48c8-8693-8143448a4e6a][0m
[0m[1mmodule.queues.aws_connect_queue._32_emory_university: Refreshing state... [id=03103f71-db62-4f61-9432-4bfae356b3e3:fcb72b03-316d-42f8-98e4-0e262aa3d62f][0m
[0m[1mmodule.queues.aws_connect_queue._3_university_of_southern_california: Refreshing state... [id=03103f71-db62-4f61-9432-4bfae356b3e3:005be438-2a23-42ee-853d-4e2fd9489f26][0m
[0m[1mmodule.queues.aws_connect_queue._126_parkwood_institute: Refreshing state... [id=03103f71-db62-4f61-9432-4bfae356b3e3:0604f973-896a-40bb-9f01-3588908b750e][0m
[0m[1mmodule.queues.aws_connect_queue._19_u_s_f_health_byrd_alzheimer_s_institute: Refreshing state... [id=03103f71-db62-4f61-9432-4bfae356b3e3:6d5cac5d-7030-4a1a-b1a4-dbaa0bf2d099][0m
[0m[1mmodule.queues.aws_connect_queue._18_johns_hopkins_university: Refreshing state... [id=03103f71-db62-4f61-9432-4bfae356b3e3:69dd8d2a-cd61-4cdb-a359-18109abfbe67][0m
[0m[1mmodule.queues.aws_connect_queue._356_ahead_a_m_c_research: Refreshing state... [id=03103f71-db62-4f61-9432-4bfae356b3e3:653ff0d9-d81a-4baf-a0b4-45b6a71cffed][0m
[0m[1mmodule.queues.aws_connect_queue._6_university_of_michigan: Refreshing state... [id=03103f71-db62-4f61-9432-4bfae356b3e3:44e9bfc7-b1e6-4315-8b55-ffe9c6a9bb81][0m
[0m[1mmodule.queues.aws_connect_queue.ahead_distance_ineligible: Refreshing state... [id=03103f71-db62-4f61-9432-4bfae356b3e3:01599373-9c61-4755-9b33-326d01ed915c][0m
[0m[1mmodule.queues.aws_connect_queue._23_university_of_kentucky_sanders_brown: Refreshing state... [id=03103f71-db62-4f61-9432-4bfae356b3e3:c75f28d1-1f50-48b6-b79b-f57284a716e8][0m
[0m[1mmodule.queues.aws_connect_queue._389_ralph_h_johnson_med_center: Refreshing state... [id=03103f71-db62-4f61-9432-4bfae356b3e3:5c9d39d4-de8e-4209-9147-e89f2838f0ab][0m
[0m[1mmodule.queues.aws_connect_queue._303_brain_matters_research: Refreshing state... [id=03103f71-db62-4f61-9432-4bfae356b3e3:d4f5e287-5994-438f-8fb1-af824eb62035][0m
[0m[1mmodule.queues.aws_connect_queue._388_eastern_virginia_medical_school: Refreshing state... [id=03103f71-db62-4f61-9432-4bfae356b3e3:c7d299fc-ddec-45ce-8f5c-68a63de6bbb1][0m
[0m[1mmodule.queues.aws_connect_queue.ahead_study_test_number: Refreshing state... [id=03103f71-db62-4f61-9432-4bfae356b3e3:18cfb2a7-b8a2-4dff-a727-1150f720847b][0m
[0m[1mmodule.queues.aws_connect_queue._140_v_a_puget_sound: Refreshing state... [id=03103f71-db62-4f61-9432-4bfae356b3e3:cf7883bf-c777-4988-a6ae-2985bedb2a14][0m
[0m[1mmodule.queues.aws_connect_queue._190_synexus_clinical_research_orlando: Refreshing state... [id=03103f71-db62-4f61-9432-4bfae356b3e3:979a8674-f589-44b4-a901-ed63193f8a9b][0m
[0m[1mmodule.queues.aws_connect_queue._158_central_states_research: Refreshing state... [id=03103f71-db62-4f61-9432-4bfae356b3e3:c3463379-3002-48c5-97b6-3614395bc1d4][0m
[0m[1mmodule.queues.aws_connect_queue._82_georgetown_university: Refreshing state... [id=03103f71-db62-4f61-9432-4bfae356b3e3:20aaa104-a04c-4af5-95b6-0aa105e488e3][0m
[0m[1mmodule.queues.aws_connect_queue._27_university_of_rochester_medical_center: Refreshing state... [id=03103f71-db62-4f61-9432-4bfae356b3e3:a5f12329-431b-4830-a058-b390752e6a8b][0m
[0m[1mmodule.queues.aws_connect_queue.ahead_canada: Refreshing state... [id=03103f71-db62-4f61-9432-4bfae356b3e3:00fc93e6-976c-4181-9877-50a1e6d78fcd][0m
[0m[1mmodule.queues.aws_connect_queue._11_washington_university_st_louis: Refreshing state... [id=03103f71-db62-4f61-9432-4bfae356b3e3:f1648c18-f91e-45e3-83d5-02cf7d307b37][0m
[0m[1mmodule.queues.aws_connect_queue._31_ut_southwestern_dallas: Refreshing state... [id=03103f71-db62-4f61-9432-4bfae356b3e3:adfe73b9-a96b-400b-b7e8-c2caf51c1126][0m
[0m[1mmodule.queues.aws_connect_queue._130_ohio_state_university: Refreshing state... [id=03103f71-db62-4f61-9432-4bfae356b3e3:08ab5339-f852-41a0-ad56-7d235e46e28e][0m
[0m[1mmodule.queues.aws_connect_queue._100_boston_university: Refreshing state... [id=03103f71-db62-4f61-9432-4bfae356b3e3:ef289a99-4b21-45d9-b06a-40877ac3b18b][0m
[0m[1mmodule.queues.aws_connect_queue.ahead_spanish: Refreshing state... [id=03103f71-db62-4f61-9432-4bfae356b3e3:68ff3116-e949-49dc-947f-9da7381e75c3][0m
[0m[1mmodule.queues.aws_connect_queue._29_university_of_california_irvine: Refreshing state... [id=03103f71-db62-4f61-9432-4bfae356b3e3:6250976c-6a59-45ff-8350-0cd03b2a3eb2][0m
[0m[1mmodule.queues.aws_connect_queue._7_mayo_clinic_rochester: Refreshing state... [id=03103f71-db62-4f61-9432-4bfae356b3e3:f932ee58-fd36-4fbc-a578-4f4f45ab2e36][0m
[0m[1mmodule.queues.aws_connect_queue._177_houston_methodist_neurological_institute: Refreshing state... [id=03103f71-db62-4f61-9432-4bfae356b3e3:2205a38f-2310-4d17-90f8-cd259560be75][0m
[0m[1mmodule.queues.aws_connect_queue._380_progressive_medical_research: Refreshing state... [id=03103f71-db62-4f61-9432-4bfae356b3e3:245d44b2-3465-4191-add7-ec98fac1d1a2][0m
[0m[1mmodule.queues.aws_connect_queue._322_hoag_memorial_hospital_presbyterian: Refreshing state... [id=03103f71-db62-4f61-9432-4bfae356b3e3:7027ad09-363f-4183-94d2-7e8e7845b841][0m
[0m[1mmodule.queues.aws_connect_queue._191_synexus_clinical_research_the_villages: Refreshing state... [id=03103f71-db62-4f61-9432-4bfae356b3e3:cfdd52e7-ba3b-4184-8907-5909851bdbd4][0m
[0m[1mmodule.queues.aws_connect_queue._141_rhode_island_hospital: Refreshing state... [id=03103f71-db62-4f61-9432-4bfae356b3e3:3f25d696-9212-468f-95c2-f876483069e9][0m
[0m[1mmodule.queues.aws_connect_queue._14_rush_university_medical_center: Refreshing state... [id=03103f71-db62-4f61-9432-4bfae356b3e3:a51a34c6-cfcd-4d0e-bcd0-394a1090e07a][0m
[0m[1mmodule.queues.aws_connect_queue._98_stanford_university: Refreshing state... [id=03103f71-db62-4f61-9432-4bfae356b3e3:c61160f7-7522-45c3-afba-9dc8f86e86f6][0m
[0m[1mmodule.queues.aws_connect_queue._33_university_of_kansas: Refreshing state... [id=03103f71-db62-4f61-9432-4bfae356b3e3:c8deeb8e-9f81-4a51-a558-5554aafad22e][0m
[0m[1mmodule.queues.aws_connect_queue._323_donald_s_marks: Refreshing state... [id=03103f71-db62-4f61-9432-4bfae356b3e3:c1179ffa-eea9-4c18-abb8-f177d1c8fd59][0m
[0m[1mmodule.queues.aws_connect_queue._941_butler_hospital: Refreshing state... [id=03103f71-db62-4f61-9432-4bfae356b3e3:d7a0e994-46e8-4802-8878-99a014bd3289][0m
[0m[1mmodule.queues.aws_connect_queue._36_mayo_clinic_jacksonville: Refreshing state... [id=03103f71-db62-4f61-9432-4bfae356b3e3:b92488b0-1e26-4c9d-983a-3a3b1709fb68][0m
[0m[1mmodule.queues.aws_connect_queue._94_brigham_and_women: Refreshing state... [id=03103f71-db62-4f61-9432-4bfae356b3e3:7a19b2bb-61f4-49ee-b340-002e4e4598e4][0m
[0m[1mmodule.queues.aws_connect_queue._99_banner_sun_health_research_institute: Refreshing state... [id=03103f71-db62-4f61-9432-4bfae356b3e3:a2d7d453-0e45-476a-ac84-46f3566f3699][0m
[0m[1mmodule.queues.aws_connect_queue._382_charter_research: Refreshing state... [id=03103f71-db62-4f61-9432-4bfae356b3e3:cc01a6b7-b32c-4305-b797-97d06b8ee9bc][0m
[0m[1mmodule.queues.aws_connect_queue._155_duke_health_center: Refreshing state... [id=03103f71-db62-4f61-9432-4bfae356b3e3:fefd7def-a09c-4d10-873b-da92560ee447][0m
[0m[1mmodule.queues.aws_connect_queue._153_cleveland_clinic_las_vegas: Refreshing state... [id=03103f71-db62-4f61-9432-4bfae356b3e3:a3b6de04-cfb3-4ae2-8844-1e1ffb1490b0][0m
[0m[1mmodule.queues.aws_connect_queue._41_yale_university: Refreshing state... [id=03103f71-db62-4f61-9432-4bfae356b3e3:3a6457dd-c6aa-4bdb-9a83-a48c2403ab49][0m
[0m[1mmodule.queues.aws_connect_queue._316_summit_research_network_oregon: Refreshing state... [id=03103f71-db62-4f61-9432-4bfae356b3e3:0a30c274-3d80-4590-bd89-ff9e53a29087][0m
[0m[1mmodule.queues.aws_connect_queue._109_howard_university_college_of_medicine: Refreshing state... [id=03103f71-db62-4f61-9432-4bfae356b3e3:b5cc887e-af9f-406e-82f5-ba5e2d00078d][0m
[0m[1mmodule.queues.aws_connect_queue._12_university_of_alabama_birmingham: Refreshing state... [id=03103f71-db62-4f61-9432-4bfae356b3e3:f456fcf5-4209-4962-bc0b-429b7846177a][0m
[0m[1mmodule.queues.aws_connect_queue._114_case_western_reserve_university: Refreshing state... [id=03103f71-db62-4f61-9432-4bfae356b3e3:dd498b95-e128-496d-9b39-b93d4b8e10d6][0m
[0m[1mmodule.queues.aws_connect_queue._336_abington_neurological_associates: Refreshing state... [id=03103f71-db62-4f61-9432-4bfae356b3e3:0bb82851-56d1-4d7e-b27e-3ef0f1882e1b][0m
[0m[1mmodule.queues.aws_connect_queue.ahead_incomplete_entry: Refreshing state... [id=03103f71-db62-4f61-9432-4bfae356b3e3:4927c77b-66ab-4a85-824c-205cb654c01e][0m
[0m[1mmodule.queues.aws_connect_queue.z_voicemail_queue: Refreshing state... [id=03103f71-db62-4f61-9432-4bfae356b3e3:e95345da-9b32-4714-9a91-b3507e4f4fc6][0m
[0m[1mmodule.queues.aws_connect_queue.great_point_properties: Refreshing state... [id=03103f71-db62-4f61-9432-4bfae356b3e3:3029a709-be3a-456c-a8c0-9eb3eec819c1][0m
[0m[1mmodule.queues.aws_connect_queue.b_m_c_healthnet: Refreshing state... [id=03103f71-db62-4f61-9432-4bfae356b3e3:b0a098da-f96d-4075-b9b7-507b9cf077ee][0m
[0m[1mmodule.queues.aws_connect_queue.highmark_wholecare_toll_free: Refreshing state... [id=03103f71-db62-4f61-9432-4bfae356b3e3:804dd000-8b8e-46d1-b943-403fb335000a][0m
[0m[1mmodule.queues.aws_connect_queue.on_duo_walgreens: Refreshing state... [id=03103f71-db62-4f61-9432-4bfae356b3e3:46e96ea7-fc48-48bf-822e-72abce78a635][0m
[0m[1mmodule.queues.aws_connect_queue.presbyterian_centennial_local: Refreshing state... [id=03103f71-db62-4f61-9432-4bfae356b3e3:259994da-d5a2-4bbf-8a2f-c6681a9fcb89][0m
[0m[1mmodule.queues.aws_connect_queue.outbound_only: Refreshing state... [id=03103f71-db62-4f61-9432-4bfae356b3e3:5260ccff-a57e-40f1-a87f-e11b127661e8][0m
[0m[1mmodule.queues.aws_connect_queue.gm_vvip: Refreshing state... [id=03103f71-db62-4f61-9432-4bfae356b3e3:5639bbd7-5d69-4557-bbf2-b54d14e43649][0m
[0m[1mmodule.queues.aws_connect_queue.walmart_dpp: Refreshing state... [id=03103f71-db62-4f61-9432-4bfae356b3e3:530d8911-46a0-4416-a72f-acccc967a049][0m
[0m[1mmodule.queues.aws_connect_queue.presbyterian_toll_free: Refreshing state... [id=03103f71-db62-4f61-9432-4bfae356b3e3:e9a55994-9d6b-4f4f-a463-f46777f393ce][0m
[0m[1mmodule.queues.aws_connect_queue.presbyterian_inbound_referral: Refreshing state... [id=03103f71-db62-4f61-9432-4bfae356b3e3:aa315cea-1cdd-4491-93c1-b4370d837877][0m
[0m[1mmodule.queues.aws_connect_queue.tufts_direct_together: Refreshing state... [id=03103f71-db62-4f61-9432-4bfae356b3e3:b43ff2d9-873c-402d-9761-7f4197178e5d][0m
[0m[1mmodule.queues.aws_connect_queue.cvs_biotel_care_cvs_bio_grtng: Refreshing state... [id=03103f71-db62-4f61-9432-4bfae356b3e3:4b888d41-6759-4522-909d-2bc03c7a8c73][0m
[0m[1mmodule.queues.aws_connect_queue.gm_corporate: Refreshing state... [id=03103f71-db62-4f61-9432-4bfae356b3e3:7295540d-c7bd-4aac-9314-e8cae8f55b03][0m
[0m[1mmodule.queues.aws_connect_queue.gm_test: Refreshing state... [id=03103f71-db62-4f61-9432-4bfae356b3e3:ffa3699e-407b-4955-99d1-ee1944adc41d][0m
[0m[1mmodule.queues.aws_connect_queue.biotel_care_bio_grtng: Refreshing state... [id=03103f71-db62-4f61-9432-4bfae356b3e3:784e98d1-df70-4158-942b-47b6f372c642][0m
[0m[1mmodule.queues.aws_connect_queue.wellcare_new_jersey_toll_free: Refreshing state... [id=03103f71-db62-4f61-9432-4bfae356b3e3:19b60a0c-f394-43cd-8c81-f59a6da40bf0][0m
[0m[1mmodule.queues.aws_connect_queue.healthy_harrison: Refreshing state... [id=03103f71-db62-4f61-9432-4bfae356b3e3:e8613d08-55ad-4051-9735-0f644d99fe28][0m
[0m[1mmodule.queues.aws_connect_queue.wellcare_kentucky_local: Refreshing state... [id=03103f71-db62-4f61-9432-4bfae356b3e3:cd1812f4-4beb-467b-a2e2-bb610a62c1ab][0m
[0m[1mmodule.queues.aws_connect_queue.a_d_a_connect_the_dots_pilot: Refreshing state... [id=03103f71-db62-4f61-9432-4bfae356b3e3:72c7a777-c6d2-4331-b950-6dd21f893cfa][0m
[0m[1mmodule.queues.aws_connect_queue.z_default_error_queue: Refreshing state... [id=03103f71-db62-4f61-9432-4bfae356b3e3:9d1b092e-90d9-47ba-b607-4cc7fd6c503a][0m
[0m[1mmodule.queues.aws_connect_queue.dhmc_bariatric: Refreshing state... [id=03103f71-db62-4f61-9432-4bfae356b3e3:72733291-122e-46be-9ab8-1af1153935b2][0m
[0m[1mmodule.queues.aws_connect_queue.highmark_wholecare_local: Refreshing state... [id=03103f71-db62-4f61-9432-4bfae356b3e3:57818c5d-cbea-4aa0-90fb-56de3cf6fa8f][0m
[0m[1mmodule.queues.aws_connect_queue.wellcare_north_carolina_toll_free: Refreshing state... [id=03103f71-db62-4f61-9432-4bfae356b3e3:1acfde9c-e826-4f9a-985d-6093018a7e68][0m
[0m[1mmodule.queues.aws_connect_queue.new_mexico_retiree_healthcare: Refreshing state... [id=03103f71-db62-4f61-9432-4bfae356b3e3:35c47d72-9fee-4e8e-8416-28fe64e5e129][0m
[0m[1mmodule.queues.aws_connect_queue.ada: Refreshing state... [id=03103f71-db62-4f61-9432-4bfae356b3e3:60422cc8-319d-4c00-bd92-416a14145f3e][0m
[0m[1mmodule.queues.aws_connect_queue.good_measures_patient_line: Refreshing state... [id=03103f71-db62-4f61-9432-4bfae356b3e3:cd2ef33b-c538-477b-ae72-c494d0fc3943][0m
[0m[1mmodule.queues.aws_connect_queue.non_recorded_outbound_queue: Refreshing state... [id=03103f71-db62-4f61-9432-4bfae356b3e3:29f6e6b5-73d5-4855-8cb5-26fc283d3663][0m
[0m[1mmodule.queues.aws_connect_queue.martins_point: Refreshing state... [id=03103f71-db62-4f61-9432-4bfae356b3e3:331b4b8d-eb04-4b4e-8a89-a38f7a5cfe20][0m
[0m[1mmodule.queues.aws_connect_queue.wellcare_new_jersey_local: Refreshing state... [id=03103f71-db62-4f61-9432-4bfae356b3e3:76855c54-bef5-456c-92f4-dbeabda2c504][0m
[0m[1mmodule.queues.aws_connect_queue.presbyterian_employee: Refreshing state... [id=03103f71-db62-4f61-9432-4bfae356b3e3:48aa39cc-5cd8-4fdd-a0d8-92eae7210e61][0m
[0m[1mmodule.queues.aws_connect_queue.c_v_s_minuteclinic: Refreshing state... [id=03103f71-db62-4f61-9432-4bfae356b3e3:39b75253-b50c-4dd7-892c-f91d2075a90e][0m
[0m[1mmodule.queues.aws_connect_queue.wellcare_north_carolina_local: Refreshing state... [id=03103f71-db62-4f61-9432-4bfae356b3e3:7135d36b-3497-464b-8882-22614188ec04][0m
[0m[1mmodule.queues.aws_connect_queue.wellcare_kentucky_toll_free: Refreshing state... [id=03103f71-db62-4f61-9432-4bfae356b3e3:1181993e-aa87-49ec-abe9-cd27f6789ac1][0m
[0m[1mmodule.queues.aws_connect_queue.berry_global: Refreshing state... [id=03103f71-db62-4f61-9432-4bfae356b3e3:85826c83-d5f3-432a-bc0a-48c484df5d28][0m
[0m[1mmodule.queues.aws_connect_queue.g_m_receptionist: Refreshing state... [id=03103f71-db62-4f61-9432-4bfae356b3e3:f489cd2a-c80e-481e-b144-79b5c32dc0a4][0m

Terraform used the selected providers to generate the following execution
plan. Resource actions are indicated with the following symbols:
  [32m+[0m create
  [33m~[0m update in-place
[31m-[0m/[32m+[0m destroy and then create replacement
[0m
Terraform will perform the following actions:

[1m  # module.contact_flows.aws_connect_contact_flow._00_mainpatient_flow_in_closed[0m will be updated in-place[0m[0m
[0m  [33m~[0m[0m resource "aws_connect_contact_flow" "_00_mainpatient_flow_in_closed" {
      [32m+[0m [0m[1m[0mcontent_hash[0m[0m    = "f3Ab58MJT3ELxRmIX1CliBcPtGXUL9kvsao/Xc/OeHc="
      [32m+[0m [0m[1m[0mfilename[0m[0m        = "contact_flows/_00_mainpatient_flow_in_closed.json"
        [1m[0mid[0m[0m              = "03103f71-db62-4f61-9432-4bfae356b3e3:741ef393-5186-443e-be08-f5af7f48b2e2"
      [33m~[0m [0m[1m[0minstance_id[0m[0m     = "03103f71-db62-4f61-9432-4bfae356b3e3" [33m->[0m [0m(known after apply)
        [1m[0mname[0m[0m            = "00 MainPatient Flow - In (Closed)"
        [1m[0mtags[0m[0m            = {}
        [90m# (5 unchanged attributes hidden)[0m[0m

        [90m# (1 unchanged block hidden)[0m[0m
    }

[1m  # module.contact_flows.aws_connect_contact_flow._00_mainpatient_flow_in_open[0m will be updated in-place[0m[0m
[0m  [33m~[0m[0m resource "aws_connect_contact_flow" "_00_mainpatient_flow_in_open" {
      [32m+[0m [0m[1m[0mcontent_hash[0m[0m    = "9oUG+D9+k9wGxWaN8s0z9+X+NlLeqNzP+PDE/kRgxcc="
      [32m+[0m [0m[1m[0mfilename[0m[0m        = "contact_flows/_00_mainpatient_flow_in_open.json"
        [1m[0mid[0m[0m              = "03103f71-db62-4f61-9432-4bfae356b3e3:0179bac6-241f-461d-b1b0-1d525f8bd6fa"
      [33m~[0m [0m[1m[0minstance_id[0m[0m     = "03103f71-db62-4f61-9432-4bfae356b3e3" [33m->[0m [0m(known after apply)
        [1m[0mname[0m[0m            = "00 MainPatient Flow - In (Open)"
        [1m[0mtags[0m[0m            = {}
        [90m# (5 unchanged attributes hidden)[0m[0m

        [90m# (1 unchanged block hidden)[0m[0m
    }

[1m  # module.contact_flows.aws_connect_contact_flow._00_routing_flow[0m will be updated in-place[0m[0m
[0m  [33m~[0m[0m resource "aws_connect_contact_flow" "_00_routing_flow" {
      [32m+[0m [0m[1m[0mcontent_hash[0m[0m    = "YgUg5eDZ5z1yQzDQJUYAMrJmro7HJHBBWQoh/U3Jeww="
      [32m+[0m [0m[1m[0mfilename[0m[0m        = "contact_flows/_00_routing_flow.json"
        [1m[0mid[0m[0m              = "03103f71-db62-4f61-9432-4bfae356b3e3:68920181-fa8e-4685-9aa5-4c4b811036e2"
      [33m~[0m [0m[1m[0minstance_id[0m[0m     = "03103f71-db62-4f61-9432-4bfae356b3e3" [33m->[0m [0m(known after apply)
        [1m[0mname[0m[0m            = "!00 Routing Flow"
        [1m[0mtags[0m[0m            = {}
        [90m# (6 unchanged attributes hidden)[0m[0m

        [90m# (1 unchanged block hidden)[0m[0m
    }

[1m  # module.contact_flows.aws_connect_contact_flow._01_goodmeasures_corp_in_closed[0m will be updated in-place[0m[0m
[0m  [33m~[0m[0m resource "aws_connect_contact_flow" "_01_goodmeasures_corp_in_closed" {
      [32m+[0m [0m[1m[0mcontent_hash[0m[0m    = "8xU2IYIpHUJUJhV2sHu6p1WLv2JzIbKjD0fe7bmoxC0="
      [32m+[0m [0m[1m[0mfilename[0m[0m        = "contact_flows/_01_goodmeasures_corp_in_closed.json"
        [1m[0mid[0m[0m              = "03103f71-db62-4f61-9432-4bfae356b3e3:25c8d642-9a8a-43e5-8e71-0d8ecdecd164"
      [33m~[0m [0m[1m[0minstance_id[0m[0m     = "03103f71-db62-4f61-9432-4bfae356b3e3" [33m->[0m [0m(known after apply)
        [1m[0mname[0m[0m            = "01 GoodMeasures Corp - In (closed)"
        [1m[0mtags[0m[0m            = {}
        [90m# (5 unchanged attributes hidden)[0m[0m

        [90m# (1 unchanged block hidden)[0m[0m
    }

[1m  # module.contact_flows.aws_connect_contact_flow._01_goodmeasures_corp_in_open[0m will be updated in-place[0m[0m
[0m  [33m~[0m[0m resource "aws_connect_contact_flow" "_01_goodmeasures_corp_in_open" {
      [32m+[0m [0m[1m[0mcontent_hash[0m[0m    = "g7o9RmpjC2PXkLpjzswseC2RX08g9Q/77FKuMznPwZ8="
      [32m+[0m [0m[1m[0mfilename[0m[0m        = "contact_flows/_01_goodmeasures_corp_in_open.json"
        [1m[0mid[0m[0m              = "03103f71-db62-4f61-9432-4bfae356b3e3:6b9ceb1b-fac9-4723-8910-23fb2f0816a6"
      [33m~[0m [0m[1m[0minstance_id[0m[0m     = "03103f71-db62-4f61-9432-4bfae356b3e3" [33m->[0m [0m(known after apply)
        [1m[0mname[0m[0m            = "01 GoodMeasures Corp - In (open)"
        [1m[0mtags[0m[0m            = {}
        [90m# (5 unchanged attributes hidden)[0m[0m

        [90m# (1 unchanged block hidden)[0m[0m
    }

[1m  # module.contact_flows.aws_connect_contact_flow._02_gm_vvip_in_open_closed[0m will be updated in-place[0m[0m
[0m  [33m~[0m[0m resource "aws_connect_contact_flow" "_02_gm_vvip_in_open_closed" {
      [32m+[0m [0m[1m[0mcontent_hash[0m[0m    = "aM/Lg5fwC7Gtvqd5ADDmD3ZKyJfmlgIR+nc1VRll1hc="
      [32m+[0m [0m[1m[0mfilename[0m[0m        = "contact_flows/_02_gm_vvip_in_open_closed.json"
        [1m[0mid[0m[0m              = "03103f71-db62-4f61-9432-4bfae356b3e3:058c4b81-4869-49e1-afdc-7ca835c1a937"
      [33m~[0m [0m[1m[0minstance_id[0m[0m     = "03103f71-db62-4f61-9432-4bfae356b3e3" [33m->[0m [0m(known after apply)
        [1m[0mname[0m[0m            = "02 GM VVIP - In (open+closed)"
        [1m[0mtags[0m[0m            = {}
        [90m# (5 unchanged attributes hidden)[0m[0m

        [90m# (1 unchanged block hidden)[0m[0m
    }

[1m  # module.contact_flows.aws_connect_contact_flow._03_ahead_after_hours_english[0m will be updated in-place[0m[0m
[0m  [33m~[0m[0m resource "aws_connect_contact_flow" "_03_ahead_after_hours_english" {
      [32m+[0m [0m[1m[0mcontent_hash[0m[0m    = "LYaUPFWTF23/YCshaeihdDq4Z56bm6i4VT4k4EYMLmU="
      [32m+[0m [0m[1m[0mfilename[0m[0m        = "contact_flows/_03_ahead_after_hours_english.json"
        [1m[0mid[0m[0m              = "03103f71-db62-4f61-9432-4bfae356b3e3:9399097a-3577-453b-aa66-39567829d913"
      [33m~[0m [0m[1m[0minstance_id[0m[0m     = "03103f71-db62-4f61-9432-4bfae356b3e3" [33m->[0m [0m(known after apply)
        [1m[0mname[0m[0m            = "03 AHEAD After Hours - English"
        [1m[0mtags[0m[0m            = {}
        [90m# (6 unchanged attributes hidden)[0m[0m

        [90m# (1 unchanged block hidden)[0m[0m
    }

[1m  # module.contact_flows.aws_connect_contact_flow._03_ahead_after_hours_spanish[0m will be updated in-place[0m[0m
[0m  [33m~[0m[0m resource "aws_connect_contact_flow" "_03_ahead_after_hours_spanish" {
      [32m+[0m [0m[1m[0mcontent_hash[0m[0m    = "agoQWbIY3w5Qi821BYiNg1A+mURKcdRB0EWU5oR0e9E="
      [32m+[0m [0m[1m[0mfilename[0m[0m        = "contact_flows/_03_ahead_after_hours_spanish.json"
        [1m[0mid[0m[0m              = "03103f71-db62-4f61-9432-4bfae356b3e3:515bf34d-8672-45e6-b1a1-4490aa080614"
      [33m~[0m [0m[1m[0minstance_id[0m[0m     = "03103f71-db62-4f61-9432-4bfae356b3e3" [33m->[0m [0m(known after apply)
        [1m[0mname[0m[0m            = "03 AHEAD After Hours Spanish"
        [1m[0mtags[0m[0m            = {}
        [90m# (6 unchanged attributes hidden)[0m[0m

        [90m# (1 unchanged block hidden)[0m[0m
    }

[1m  # module.contact_flows.aws_connect_contact_flow._03_ahead_patient_flow_in_open[0m will be updated in-place[0m[0m
[0m  [33m~[0m[0m resource "aws_connect_contact_flow" "_03_ahead_patient_flow_in_open" {
      [32m+[0m [0m[1m[0mcontent_hash[0m[0m    = "fQ24DjkIXpSd85CMUwHtKnZfU+eK1b8+OdDpRYoY5YU="
      [32m+[0m [0m[1m[0mfilename[0m[0m        = "contact_flows/_03_ahead_patient_flow_in_open.json"
        [1m[0mid[0m[0m              = "03103f71-db62-4f61-9432-4bfae356b3e3:3fd5dd34-6c74-4b67-8f8a-ee76b070e520"
      [33m~[0m [0m[1m[0minstance_id[0m[0m     = "03103f71-db62-4f61-9432-4bfae356b3e3" [33m->[0m [0m(known after apply)
        [1m[0mname[0m[0m            = "03 AHEAD Patient Flow - In (Open)"
        [1m[0mtags[0m[0m            = {}
        [90m# (6 unchanged attributes hidden)[0m[0m

        [90m# (1 unchanged block hidden)[0m[0m
    }

[1m  # module.contact_flows.aws_connect_contact_flow._03_ahead_voicemail_flow_english[0m will be updated in-place[0m[0m
[0m  [33m~[0m[0m resource "aws_connect_contact_flow" "_03_ahead_voicemail_flow_english" {
      [32m+[0m [0m[1m[0mcontent_hash[0m[0m    = "2waXRXGPnJ9/Wc3wuFJaHfTqwkcvdU8TtYn7ZdUryA8="
      [32m+[0m [0m[1m[0mfilename[0m[0m        = "contact_flows/_03_ahead_voicemail_flow_english.json"
        [1m[0mid[0m[0m              = "03103f71-db62-4f61-9432-4bfae356b3e3:58861e87-c727-4df5-b333-c894a8cb48fd"
      [33m~[0m [0m[1m[0minstance_id[0m[0m     = "03103f71-db62-4f61-9432-4bfae356b3e3" [33m->[0m [0m(known after apply)
        [1m[0mname[0m[0m            = "03 AHEAD Voicemail Flow English"
        [1m[0mtags[0m[0m            = {}
        [90m# (6 unchanged attributes hidden)[0m[0m

        [90m# (1 unchanged block hidden)[0m[0m
    }

[1m  # module.contact_flows.aws_connect_contact_flow._03_ahead_voicemail_flow_spanish[0m will be updated in-place[0m[0m
[0m  [33m~[0m[0m resource "aws_connect_contact_flow" "_03_ahead_voicemail_flow_spanish" {
      [32m+[0m [0m[1m[0mcontent_hash[0m[0m    = "EzAnGEe4FomS1gr72fex11tuqd2VK6QeUEgz3L5YvHU="
      [32m+[0m [0m[1m[0mfilename[0m[0m        = "contact_flows/_03_ahead_voicemail_flow_spanish.json"
        [1m[0mid[0m[0m              = "03103f71-db62-4f61-9432-4bfae356b3e3:273e2e85-2342-4897-a3f3-c585f6bc348f"
      [33m~[0m [0m[1m[0minstance_id[0m[0m     = "03103f71-db62-4f61-9432-4bfae356b3e3" [33m->[0m [0m(known after apply)
        [1m[0mname[0m[0m            = "03 AHEAD Voicemail Flow Spanish"
        [1m[0mtags[0m[0m            = {}
        [90m# (6 unchanged attributes hidden)[0m[0m

        [90m# (1 unchanged block hidden)[0m[0m
    }

[1m  # module.contact_flows.aws_connect_contact_flow._0x_dial_extension[0m will be updated in-place[0m[0m
[0m  [33m~[0m[0m resource "aws_connect_contact_flow" "_0x_dial_extension" {
      [32m+[0m [0m[1m[0mcontent_hash[0m[0m    = "cRgw7sCXjkWPrn+sX9Q/0VwToScWp2hksK50RR4Djm0="
      [32m+[0m [0m[1m[0mfilename[0m[0m        = "contact_flows/_0x_dial_extension.json"
        [1m[0mid[0m[0m              = "03103f71-db62-4f61-9432-4bfae356b3e3:ccaa74b8-af4b-4e5d-a5a5-82fb37959bbc"
      [33m~[0m [0m[1m[0minstance_id[0m[0m     = "03103f71-db62-4f61-9432-4bfae356b3e3" [33m->[0m [0m(known after apply)
        [1m[0mname[0m[0m            = "0x Dial Extension"
        [1m[0mtags[0m[0m            = {}
        [90m# (5 unchanged attributes hidden)[0m[0m

        [90m# (1 unchanged block hidden)[0m[0m
    }

[1m  # module.contact_flows.aws_connect_contact_flow._0x_gm_outbound[0m will be updated in-place[0m[0m
[0m  [33m~[0m[0m resource "aws_connect_contact_flow" "_0x_gm_outbound" {
      [32m+[0m [0m[1m[0mcontent_hash[0m[0m    = "DxjvJApS15Sfae5wpTWZ+njv+r4FG80svaKiuOQ6SMk="
      [32m+[0m [0m[1m[0mfilename[0m[0m        = "contact_flows/_0x_gm_outbound.json"
        [1m[0mid[0m[0m              = "03103f71-db62-4f61-9432-4bfae356b3e3:52fa1501-b04b-413c-abb0-4ee05bb29947"
      [33m~[0m [0m[1m[0minstance_id[0m[0m     = "03103f71-db62-4f61-9432-4bfae356b3e3" [33m->[0m [0m(known after apply)
        [1m[0mname[0m[0m            = "0x GM Outbound"
        [1m[0mtags[0m[0m            = {}
        [90m# (6 unchanged attributes hidden)[0m[0m

        [90m# (1 unchanged block hidden)[0m[0m
    }

[1m  # module.contact_flows.aws_connect_contact_flow._0x_good_measures_queue_flow[0m will be updated in-place[0m[0m
[0m  [33m~[0m[0m resource "aws_connect_contact_flow" "_0x_good_measures_queue_flow" {
      [32m+[0m [0m[1m[0mcontent_hash[0m[0m    = "2hs1LaylL5u2Bc1atawn5oHYN32rPngAzKgkSU2gjrE="
      [32m+[0m [0m[1m[0mfilename[0m[0m        = "contact_flows/_0x_good_measures_queue_flow.json"
        [1m[0mid[0m[0m              = "03103f71-db62-4f61-9432-4bfae356b3e3:4daea79b-9a59-47d8-88b9-f99da96397b9"
      [33m~[0m [0m[1m[0minstance_id[0m[0m     = "03103f71-db62-4f61-9432-4bfae356b3e3" [33m->[0m [0m(known after apply)
        [1m[0mname[0m[0m            = "0x Good Measures Queue Flow"
        [1m[0mtags[0m[0m            = {}
        [90m# (5 unchanged attributes hidden)[0m[0m

        [90m# (1 unchanged block hidden)[0m[0m
    }

[1m  # module.contact_flows.aws_connect_contact_flow._0x_inbound_to_agent[0m will be updated in-place[0m[0m
[0m  [33m~[0m[0m resource "aws_connect_contact_flow" "_0x_inbound_to_agent" {
      [32m+[0m [0m[1m[0mcontent_hash[0m[0m    = "fPVBlerF56blN4KiPaGhfU1s6Io9PIFlIS8aUbZgdgo="
      [32m+[0m [0m[1m[0mfilename[0m[0m        = "contact_flows/_0x_inbound_to_agent.json"
        [1m[0mid[0m[0m              = "03103f71-db62-4f61-9432-4bfae356b3e3:fc7e607a-a89f-45b9-8346-0d9a497d03b1"
      [33m~[0m [0m[1m[0minstance_id[0m[0m     = "03103f71-db62-4f61-9432-4bfae356b3e3" [33m->[0m [0m(known after apply)
        [1m[0mname[0m[0m            = "0x Inbound to Agent"
        [1m[0mtags[0m[0m            = {}
        [90m# (5 unchanged attributes hidden)[0m[0m

        [90m# (1 unchanged block hidden)[0m[0m
    }

[1m  # module.contact_flows.aws_connect_contact_flow._0x_receptionist_queue_flow[0m will be updated in-place[0m[0m
[0m  [33m~[0m[0m resource "aws_connect_contact_flow" "_0x_receptionist_queue_flow" {
      [32m+[0m [0m[1m[0mcontent_hash[0m[0m    = "Dd78kzKWbWF4t8Iseo+afazE8lBojdadyw9ovg3gPW4="
      [32m+[0m [0m[1m[0mfilename[0m[0m        = "contact_flows/_0x_receptionist_queue_flow.json"
        [1m[0mid[0m[0m              = "03103f71-db62-4f61-9432-4bfae356b3e3:c389bd55-db17-4078-af82-5c4a40085325"
      [33m~[0m [0m[1m[0minstance_id[0m[0m     = "03103f71-db62-4f61-9432-4bfae356b3e3" [33m->[0m [0m(known after apply)
        [1m[0mname[0m[0m            = "0x Receptionist Queue Flow"
        [1m[0mtags[0m[0m            = {}
        [90m# (5 unchanged attributes hidden)[0m[0m

        [90m# (1 unchanged block hidden)[0m[0m
    }

[1m  # module.contact_flows.aws_connect_contact_flow._0x_voicemail_flow[0m will be updated in-place[0m[0m
[0m  [33m~[0m[0m resource "aws_connect_contact_flow" "_0x_voicemail_flow" {
      [32m+[0m [0m[1m[0mcontent_hash[0m[0m    = "Xjlg7crQvihTAgQ67E8SRbvwOswLYkMSRD2kU0ee1io="
      [32m+[0m [0m[1m[0mfilename[0m[0m        = "contact_flows/_0x_voicemail_flow.json"
        [1m[0mid[0m[0m              = "03103f71-db62-4f61-9432-4bfae356b3e3:dcdd9ae8-8914-4728-85f0-9711b212776a"
      [33m~[0m [0m[1m[0minstance_id[0m[0m     = "03103f71-db62-4f61-9432-4bfae356b3e3" [33m->[0m [0m(known after apply)
        [1m[0mname[0m[0m            = "0x Voicemail Flow"
        [1m[0mtags[0m[0m            = {}
        [90m# (6 unchanged attributes hidden)[0m[0m

        [90m# (1 unchanged block hidden)[0m[0m
    }

[1m  # module.contact_flows.aws_connect_contact_flow._0x_whisper_flow[0m will be updated in-place[0m[0m
[0m  [33m~[0m[0m resource "aws_connect_contact_flow" "_0x_whisper_flow" {
      [32m+[0m [0m[1m[0mcontent_hash[0m[0m    = "IVsc4FpalGa4vGCKGw8w1dDBoqTGjkcrS+mcQCOZTkI="
      [32m+[0m [0m[1m[0mfilename[0m[0m        = "contact_flows/_0x_whisper_flow.json"
        [1m[0mid[0m[0m              = "03103f71-db62-4f61-9432-4bfae356b3e3:97168dc1-5b37-4c9f-a4d2-520f703b56bb"
      [33m~[0m [0m[1m[0minstance_id[0m[0m     = "03103f71-db62-4f61-9432-4bfae356b3e3" [33m->[0m [0m(known after apply)
        [1m[0mname[0m[0m            = "0x Whisper Flow"
        [1m[0mtags[0m[0m            = {}
        [90m# (5 unchanged attributes hidden)[0m[0m

        [90m# (1 unchanged block hidden)[0m[0m
    }

[1m  # module.contact_flows.aws_connect_contact_flow.default_agent_hold[0m will be updated in-place[0m[0m
[0m  [33m~[0m[0m resource "aws_connect_contact_flow" "default_agent_hold" {
      [32m+[0m [0m[1m[0mcontent_hash[0m[0m    = "11MYTH/KWnWWLLZcbsnTd/1A5bdb5HRTLq6QLqsZqmo="
      [32m+[0m [0m[1m[0mfilename[0m[0m        = "contact_flows/default_agent_hold.json"
        [1m[0mid[0m[0m              = "03103f71-db62-4f61-9432-4bfae356b3e3:c16977ae-d69a-45b3-bc10-58da83f26496"
      [33m~[0m [0m[1m[0minstance_id[0m[0m     = "03103f71-db62-4f61-9432-4bfae356b3e3" [33m->[0m [0m(known after apply)
        [1m[0mname[0m[0m            = "Default agent hold"
        [1m[0mtags[0m[0m            = {}
        [90m# (6 unchanged attributes hidden)[0m[0m

        [90m# (1 unchanged block hidden)[0m[0m
    }

[1m  # module.contact_flows.aws_connect_contact_flow.default_agent_transfer[0m will be updated in-place[0m[0m
[0m  [33m~[0m[0m resource "aws_connect_contact_flow" "default_agent_transfer" {
      [32m+[0m [0m[1m[0mcontent_hash[0m[0m    = "D3Ejfv7J0uot2TmH1tx3XG5MiNyobQOqV5oKxHfE+yg="
      [32m+[0m [0m[1m[0mfilename[0m[0m        = "contact_flows/default_agent_transfer.json"
        [1m[0mid[0m[0m              = "03103f71-db62-4f61-9432-4bfae356b3e3:5064b4f2-9652-411e-a338-3bfac5bd33f1"
      [33m~[0m [0m[1m[0minstance_id[0m[0m     = "03103f71-db62-4f61-9432-4bfae356b3e3" [33m->[0m [0m(known after apply)
        [1m[0mname[0m[0m            = "Default agent transfer"
        [1m[0mtags[0m[0m            = {}
        [90m# (6 unchanged attributes hidden)[0m[0m

        [90m# (1 unchanged block hidden)[0m[0m
    }

[1m  # module.contact_flows.aws_connect_contact_flow.default_agent_whisper[0m will be updated in-place[0m[0m
[0m  [33m~[0m[0m resource "aws_connect_contact_flow" "default_agent_whisper" {
      [32m+[0m [0m[1m[0mcontent_hash[0m[0m    = "QCPggoAsR/watI7qz1h6bNHLCj3scdDlj0uQNzB0y/M="
      [32m+[0m [0m[1m[0mfilename[0m[0m        = "contact_flows/default_agent_whisper.json"
        [1m[0mid[0m[0m              = "03103f71-db62-4f61-9432-4bfae356b3e3:3411d117-f794-4d95-8198-792b95affc50"
      [33m~[0m [0m[1m[0minstance_id[0m[0m     = "03103f71-db62-4f61-9432-4bfae356b3e3" [33m->[0m [0m(known after apply)
        [1m[0mname[0m[0m            = "Default agent whisper"
        [1m[0mtags[0m[0m            = {}
        [90m# (6 unchanged attributes hidden)[0m[0m

        [90m# (1 unchanged block hidden)[0m[0m
    }

[1m  # module.contact_flows.aws_connect_contact_flow.default_customer_hold[0m will be updated in-place[0m[0m
[0m  [33m~[0m[0m resource "aws_connect_contact_flow" "default_customer_hold" {
      [32m+[0m [0m[1m[0mcontent_hash[0m[0m    = "iADZr9PpnAQ3AowMMfWyvVkp+bF3A1JrSz0dX63lv94="
      [32m+[0m [0m[1m[0mfilename[0m[0m        = "contact_flows/default_customer_hold.json"
        [1m[0mid[0m[0m              = "03103f71-db62-4f61-9432-4bfae356b3e3:b7f9ee8c-7562-44be-8efa-d9dbe3ec568b"
      [33m~[0m [0m[1m[0minstance_id[0m[0m     = "03103f71-db62-4f61-9432-4bfae356b3e3" [33m->[0m [0m(known after apply)
        [1m[0mname[0m[0m            = "Default customer hold"
        [1m[0mtags[0m[0m            = {}
        [90m# (6 unchanged attributes hidden)[0m[0m

        [90m# (1 unchanged block hidden)[0m[0m
    }

[1m  # module.contact_flows.aws_connect_contact_flow.default_customer_queue[0m will be updated in-place[0m[0m
[0m  [33m~[0m[0m resource "aws_connect_contact_flow" "default_customer_queue" {
      [32m+[0m [0m[1m[0mcontent_hash[0m[0m    = "pmJPZxuishM2yGguq3c/uzeKXFlb0HqfcraPlrs10Yc="
      [32m+[0m [0m[1m[0mfilename[0m[0m        = "contact_flows/default_customer_queue.json"
        [1m[0mid[0m[0m              = "03103f71-db62-4f61-9432-4bfae356b3e3:67a7041e-6576-432d-a303-c3e570fa4e96"
      [33m~[0m [0m[1m[0minstance_id[0m[0m     = "03103f71-db62-4f61-9432-4bfae356b3e3" [33m->[0m [0m(known after apply)
        [1m[0mname[0m[0m            = "Default customer queue"
        [1m[0mtags[0m[0m            = {}
        [90m# (6 unchanged attributes hidden)[0m[0m

        [90m# (1 unchanged block hidden)[0m[0m
    }

[1m  # module.contact_flows.aws_connect_contact_flow.default_customer_whisper[0m will be updated in-place[0m[0m
[0m  [33m~[0m[0m resource "aws_connect_contact_flow" "default_customer_whisper" {
      [32m+[0m [0m[1m[0mcontent_hash[0m[0m    = "fAIMFq8byKn2Voyi07PIhbBQDE2/WjgBBBW7Iz4UD+Q="
      [32m+[0m [0m[1m[0mfilename[0m[0m        = "contact_flows/default_customer_whisper.json"
        [1m[0mid[0m[0m              = "03103f71-db62-4f61-9432-4bfae356b3e3:a2d51a40-76d4-4c91-baa6-cf5484818c42"
      [33m~[0m [0m[1m[0minstance_id[0m[0m     = "03103f71-db62-4f61-9432-4bfae356b3e3" [33m->[0m [0m(known after apply)
        [1m[0mname[0m[0m            = "Default customer whisper"
        [1m[0mtags[0m[0m            = {}
        [90m# (6 unchanged attributes hidden)[0m[0m

        [90m# (1 unchanged block hidden)[0m[0m
    }

[1m  # module.contact_flows.aws_connect_contact_flow.default_outbound[0m will be updated in-place[0m[0m
[0m  [33m~[0m[0m resource "aws_connect_contact_flow" "default_outbound" {
      [32m+[0m [0m[1m[0mcontent_hash[0m[0m    = "QjCv+l2tDErZL25VERDvcFW3notlJ87vPQUYp0Nx4Ww="
      [32m+[0m [0m[1m[0mfilename[0m[0m        = "contact_flows/default_outbound.json"
        [1m[0mid[0m[0m              = "03103f71-db62-4f61-9432-4bfae356b3e3:df449a80-4f73-46bb-87b5-fc899badddb7"
      [33m~[0m [0m[1m[0minstance_id[0m[0m     = "03103f71-db62-4f61-9432-4bfae356b3e3" [33m->[0m [0m(known after apply)
        [1m[0mname[0m[0m            = "Default outbound"
        [1m[0mtags[0m[0m            = {}
        [90m# (6 unchanged attributes hidden)[0m[0m

        [90m# (1 unchanged block hidden)[0m[0m
    }

[1m  # module.contact_flows.aws_connect_contact_flow.default_queue_transfer[0m will be updated in-place[0m[0m
[0m  [33m~[0m[0m resource "aws_connect_contact_flow" "default_queue_transfer" {
      [32m+[0m [0m[1m[0mcontent_hash[0m[0m    = "tdOnHXxxlfN/qCDwinH6ct3M7NTNPEC1V3tCEnp55ys="
      [32m+[0m [0m[1m[0mfilename[0m[0m        = "contact_flows/default_queue_transfer.json"
        [1m[0mid[0m[0m              = "03103f71-db62-4f61-9432-4bfae356b3e3:87ac99e3-8d1b-420a-a4fa-71c2361e5fe9"
      [33m~[0m [0m[1m[0minstance_id[0m[0m     = "03103f71-db62-4f61-9432-4bfae356b3e3" [33m->[0m [0m(known after apply)
        [1m[0mname[0m[0m            = "Default queue transfer"
        [1m[0mtags[0m[0m            = {}
        [90m# (6 unchanged attributes hidden)[0m[0m

        [90m# (1 unchanged block hidden)[0m[0m
    }

[1m  # module.contact_flows.aws_connect_contact_flow.holiday_routing_test[0m will be updated in-place[0m[0m
[0m  [33m~[0m[0m resource "aws_connect_contact_flow" "holiday_routing_test" {
      [32m+[0m [0m[1m[0mcontent_hash[0m[0m    = "iCxYCHPQEfnKjdUIIfSJO+wtb0LoC9DpxyYl+8nJqEk="
      [32m+[0m [0m[1m[0mfilename[0m[0m        = "contact_flows/holiday_routing_test.json"
        [1m[0mid[0m[0m              = "03103f71-db62-4f61-9432-4bfae356b3e3:aae0c246-0904-4bd9-b6e3-9a87ede346de"
      [33m~[0m [0m[1m[0minstance_id[0m[0m     = "03103f71-db62-4f61-9432-4bfae356b3e3" [33m->[0m [0m(known after apply)
        [1m[0mname[0m[0m            = "Holiday Routing Test"
        [1m[0mtags[0m[0m            = {}
        [90m# (6 unchanged attributes hidden)[0m[0m

        [90m# (1 unchanged block hidden)[0m[0m
    }

[1m  # module.contact_flows.aws_connect_contact_flow.holiday_test_flow[0m will be updated in-place[0m[0m
[0m  [33m~[0m[0m resource "aws_connect_contact_flow" "holiday_test_flow" {
      [32m+[0m [0m[1m[0mcontent_hash[0m[0m    = "LAqnv4RFWjIK6TyhG9uyxprsHfgEVtj+1ci8kwiszVE="
      [32m+[0m [0m[1m[0mfilename[0m[0m        = "contact_flows/holiday_test_flow.json"
        [1m[0mid[0m[0m              = "03103f71-db62-4f61-9432-4bfae356b3e3:42995dd4-c693-4cc4-a666-f8a89d13fa88"
      [33m~[0m [0m[1m[0minstance_id[0m[0m     = "03103f71-db62-4f61-9432-4bfae356b3e3" [33m->[0m [0m(known after apply)
        [1m[0mname[0m[0m            = "Holiday Test Flow"
        [1m[0mtags[0m[0m            = {}
        [90m# (5 unchanged attributes hidden)[0m[0m

        [90m# (1 unchanged block hidden)[0m[0m
    }

[1m  # module.queues.aws_connect_queue._100_boston_university[0m will be updated in-place[0m[0m
[0m  [33m~[0m[0m resource "aws_connect_queue" "_100_boston_university" {
        [1m[0mid[0m[0m                           = "03103f71-db62-4f61-9432-4bfae356b3e3:ef289a99-4b21-45d9-b06a-40877ac3b18b"
      [33m~[0m [0m[1m[0minstance_id[0m[0m                  = "03103f71-db62-4f61-9432-4bfae356b3e3" [33m->[0m [0m(known after apply)
        [1m[0mname[0m[0m                         = "100 Boston University"
      [33m~[0m [0m[1m[0mquick_connect_ids[0m[0m            = [
          [31m-[0m [0m"942e2461-3f08-4823-a32c-fca2415dcd48",
          [31m-[0m [0m"b65c708e-4ed9-4e45-8553-44b872b08ae0",
          [31m-[0m [0m"b7fe6fa8-44bc-475f-abdb-6545d059cde6",
        ]
        [1m[0mtags[0m[0m                         = {}
        [90m# (8 unchanged attributes hidden)[0m[0m

        [90m# (1 unchanged block hidden)[0m[0m
    }

[1m  # module.queues.aws_connect_queue._109_howard_university_college_of_medicine[0m will be updated in-place[0m[0m
[0m  [33m~[0m[0m resource "aws_connect_queue" "_109_howard_university_college_of_medicine" {
        [1m[0mid[0m[0m                           = "03103f71-db62-4f61-9432-4bfae356b3e3:b5cc887e-af9f-406e-82f5-ba5e2d00078d"
      [33m~[0m [0m[1m[0minstance_id[0m[0m                  = "03103f71-db62-4f61-9432-4bfae356b3e3" [33m->[0m [0m(known after apply)
        [1m[0mname[0m[0m                         = "109 Howard University College of Medicine"
      [33m~[0m [0m[1m[0mquick_connect_ids[0m[0m            = [
          [31m-[0m [0m"7c5aafd3-0485-4a6b-be42-fce471f4f443",
          [31m-[0m [0m"942e2461-3f08-4823-a32c-fca2415dcd48",
          [31m-[0m [0m"b65c708e-4ed9-4e45-8553-44b872b08ae0",
        ]
        [1m[0mtags[0m[0m                         = {}
        [90m# (8 unchanged attributes hidden)[0m[0m

        [90m# (1 unchanged block hidden)[0m[0m
    }

[1m  # module.queues.aws_connect_queue._10_columbia_university[0m will be updated in-place[0m[0m
[0m  [33m~[0m[0m resource "aws_connect_queue" "_10_columbia_university" {
        [1m[0mid[0m[0m                           = "03103f71-db62-4f61-9432-4bfae356b3e3:3fb02b6c-8c82-4c53-94f7-71d7fe6dcf65"
      [33m~[0m [0m[1m[0minstance_id[0m[0m                  = "03103f71-db62-4f61-9432-4bfae356b3e3" [33m->[0m [0m(known after apply)
        [1m[0mname[0m[0m                         = "10 Columbia University"
      [33m~[0m [0m[1m[0mquick_connect_ids[0m[0m            = [
          [31m-[0m [0m"0e312629-64a1-4fd4-b429-6fc0a6b872c2",
          [31m-[0m [0m"942e2461-3f08-4823-a32c-fca2415dcd48",
          [31m-[0m [0m"b65c708e-4ed9-4e45-8553-44b872b08ae0",
        ]
        [1m[0mtags[0m[0m                         = {}
        [90m# (8 unchanged attributes hidden)[0m[0m

        [90m# (1 unchanged block hidden)[0m[0m
    }

[1m  # module.queues.aws_connect_queue._114_case_western_reserve_university[0m will be updated in-place[0m[0m
[0m  [33m~[0m[0m resource "aws_connect_queue" "_114_case_western_reserve_university" {
        [1m[0mid[0m[0m                           = "03103f71-db62-4f61-9432-4bfae356b3e3:dd498b95-e128-496d-9b39-b93d4b8e10d6"
      [33m~[0m [0m[1m[0minstance_id[0m[0m                  = "03103f71-db62-4f61-9432-4bfae356b3e3" [33m->[0m [0m(known after apply)
        [1m[0mname[0m[0m                         = "114 Case Western Reserve University"
      [33m~[0m [0m[1m[0mquick_connect_ids[0m[0m            = [
          [31m-[0m [0m"942e2461-3f08-4823-a32c-fca2415dcd48",
          [31m-[0m [0m"9b124cf4-dfbc-4dcf-8e2c-0e87711a8867",
          [31m-[0m [0m"b65c708e-4ed9-4e45-8553-44b872b08ae0",
        ]
        [1m[0mtags[0m[0m                         = {}
        [90m# (8 unchanged attributes hidden)[0m[0m

        [90m# (1 unchanged block hidden)[0m[0m
    }

[1m  # module.queues.aws_connect_queue._11_washington_university_st_louis[0m will be updated in-place[0m[0m
[0m  [33m~[0m[0m resource "aws_connect_queue" "_11_washington_university_st_louis" {
        [1m[0mid[0m[0m                           = "03103f71-db62-4f61-9432-4bfae356b3e3:f1648c18-f91e-45e3-83d5-02cf7d307b37"
      [33m~[0m [0m[1m[0minstance_id[0m[0m                  = "03103f71-db62-4f61-9432-4bfae356b3e3" [33m->[0m [0m(known after apply)
        [1m[0mname[0m[0m                         = "11 Washington University St. Louis"
      [33m~[0m [0m[1m[0mquick_connect_ids[0m[0m            = [
          [31m-[0m [0m"135be2a5-3084-4218-8577-363db8fa4fc4",
          [31m-[0m [0m"942e2461-3f08-4823-a32c-fca2415dcd48",
          [31m-[0m [0m"b65c708e-4ed9-4e45-8553-44b872b08ae0",
        ]
        [1m[0mtags[0m[0m                         = {}
        [90m# (8 unchanged attributes hidden)[0m[0m

        [90m# (1 unchanged block hidden)[0m[0m
    }

[1m  # module.queues.aws_connect_queue._126_parkwood_institute[0m will be updated in-place[0m[0m
[0m  [33m~[0m[0m resource "aws_connect_queue" "_126_parkwood_institute" {
        [1m[0mid[0m[0m                           = "03103f71-db62-4f61-9432-4bfae356b3e3:0604f973-896a-40bb-9f01-3588908b750e"
      [33m~[0m [0m[1m[0minstance_id[0m[0m                  = "03103f71-db62-4f61-9432-4bfae356b3e3" [33m->[0m [0m(known after apply)
        [1m[0mname[0m[0m                         = "126 Parkwood Institute"
        [1m[0mtags[0m[0m                         = {}
        [90m# (9 unchanged attributes hidden)[0m[0m

        [90m# (1 unchanged block hidden)[0m[0m
    }

[1m  # module.queues.aws_connect_queue._127_university_of_wisconsin[0m will be updated in-place[0m[0m
[0m  [33m~[0m[0m resource "aws_connect_queue" "_127_university_of_wisconsin" {
        [1m[0mid[0m[0m                           = "03103f71-db62-4f61-9432-4bfae356b3e3:454baf80-4c60-46e9-a8dd-ef2c216a39bd"
      [33m~[0m [0m[1m[0minstance_id[0m[0m                  = "03103f71-db62-4f61-9432-4bfae356b3e3" [33m->[0m [0m(known after apply)
        [1m[0mname[0m[0m                         = "127 University of Wisconsin"
      [33m~[0m [0m[1m[0mquick_connect_ids[0m[0m            = [
          [31m-[0m [0m"065fcacb-c2ee-431d-b6b6-ced31c1bdcdb",
          [31m-[0m [0m"942e2461-3f08-4823-a32c-fca2415dcd48",
          [31m-[0m [0m"b65c708e-4ed9-4e45-8553-44b872b08ae0",
        ]
        [1m[0mtags[0m[0m                         = {}
        [90m# (8 unchanged attributes hidden)[0m[0m

        [90m# (1 unchanged block hidden)[0m[0m
    }

[1m  # module.queues.aws_connect_queue._129_banner_alzheimer_s_institute[0m will be updated in-place[0m[0m
[0m  [33m~[0m[0m resource "aws_connect_queue" "_129_banner_alzheimer_s_institute" {
        [1m[0mid[0m[0m                           = "03103f71-db62-4f61-9432-4bfae356b3e3:0ef41f0b-7870-4c55-a793-87f393d5df0c"
      [33m~[0m [0m[1m[0minstance_id[0m[0m                  = "03103f71-db62-4f61-9432-4bfae356b3e3" [33m->[0m [0m(known after apply)
        [1m[0mname[0m[0m                         = "129 Banner Alzheimer's Institute"
      [33m~[0m [0m[1m[0mquick_connect_ids[0m[0m            = [
          [31m-[0m [0m"942e2461-3f08-4823-a32c-fca2415dcd48",
          [31m-[0m [0m"b65c708e-4ed9-4e45-8553-44b872b08ae0",
          [31m-[0m [0m"bcbedba4-9eab-4e82-b123-aa91261904df",
        ]
        [1m[0mtags[0m[0m                         = {}
        [90m# (8 unchanged attributes hidden)[0m[0m

        [90m# (1 unchanged block hidden)[0m[0m
    }

[1m  # module.queues.aws_connect_queue._12_university_of_alabama_birmingham[0m will be updated in-place[0m[0m
[0m  [33m~[0m[0m resource "aws_connect_queue" "_12_university_of_alabama_birmingham" {
        [1m[0mid[0m[0m                           = "03103f71-db62-4f61-9432-4bfae356b3e3:f456fcf5-4209-4962-bc0b-429b7846177a"
      [33m~[0m [0m[1m[0minstance_id[0m[0m                  = "03103f71-db62-4f61-9432-4bfae356b3e3" [33m->[0m [0m(known after apply)
        [1m[0mname[0m[0m                         = "12 University of Alabama Birmingham"
      [33m~[0m [0m[1m[0mquick_connect_ids[0m[0m            = [
          [31m-[0m [0m"942e2461-3f08-4823-a32c-fca2415dcd48",
          [31m-[0m [0m"b65c708e-4ed9-4e45-8553-44b872b08ae0",
          [31m-[0m [0m"bec98f8a-7df7-41d4-a535-877d17913eef",
        ]
        [1m[0mtags[0m[0m                         = {}
        [90m# (8 unchanged attributes hidden)[0m[0m

        [90m# (1 unchanged block hidden)[0m[0m
    }

[1m  # module.queues.aws_connect_queue._130_ohio_state_university[0m will be updated in-place[0m[0m
[0m  [33m~[0m[0m resource "aws_connect_queue" "_130_ohio_state_university" {
        [1m[0mid[0m[0m                           = "03103f71-db62-4f61-9432-4bfae356b3e3:08ab5339-f852-41a0-ad56-7d235e46e28e"
      [33m~[0m [0m[1m[0minstance_id[0m[0m                  = "03103f71-db62-4f61-9432-4bfae356b3e3" [33m->[0m [0m(known after apply)
        [1m[0mname[0m[0m                         = "130 Ohio State University"
      [33m~[0m [0m[1m[0mquick_connect_ids[0m[0m            = [
          [31m-[0m [0m"942e2461-3f08-4823-a32c-fca2415dcd48",
          [31m-[0m [0m"b65c708e-4ed9-4e45-8553-44b872b08ae0",
          [31m-[0m [0m"d4fc7e84-abd3-4f7d-b022-8750cd7b0889",
        ]
        [1m[0mtags[0m[0m                         = {}
        [90m# (8 unchanged attributes hidden)[0m[0m

        [90m# (1 unchanged block hidden)[0m[0m
    }

[1m  # module.queues.aws_connect_queue._137_wake_forest_university[0m will be updated in-place[0m[0m
[0m  [33m~[0m[0m resource "aws_connect_queue" "_137_wake_forest_university" {
        [1m[0mid[0m[0m                           = "03103f71-db62-4f61-9432-4bfae356b3e3:a25cfd6d-9e54-44a3-bf6b-6513659f6364"
      [33m~[0m [0m[1m[0minstance_id[0m[0m                  = "03103f71-db62-4f61-9432-4bfae356b3e3" [33m->[0m [0m(known after apply)
        [1m[0mname[0m[0m                         = "137 Wake Forest University"
      [33m~[0m [0m[1m[0mquick_connect_ids[0m[0m            = [
          [31m-[0m [0m"942e2461-3f08-4823-a32c-fca2415dcd48",
          [31m-[0m [0m"a9a5a088-a4e3-4e8b-92d0-7f726123e995",
          [31m-[0m [0m"b65c708e-4ed9-4e45-8553-44b872b08ae0",
        ]
        [1m[0mtags[0m[0m                         = {}
        [90m# (8 unchanged attributes hidden)[0m[0m

        [90m# (1 unchanged block hidden)[0m[0m
    }

[1m  # module.queues.aws_connect_queue._13_mount_sinai_school_of_medicine[0m will be updated in-place[0m[0m
[0m  [33m~[0m[0m resource "aws_connect_queue" "_13_mount_sinai_school_of_medicine" {
        [1m[0mid[0m[0m                           = "03103f71-db62-4f61-9432-4bfae356b3e3:2bed7b16-1aca-48c8-8693-8143448a4e6a"
      [33m~[0m [0m[1m[0minstance_id[0m[0m                  = "03103f71-db62-4f61-9432-4bfae356b3e3" [33m->[0m [0m(known after apply)
        [1m[0mname[0m[0m                         = "13 Mount Sinai School of Medicine"
      [33m~[0m [0m[1m[0mquick_connect_ids[0m[0m            = [
          [31m-[0m [0m"8a53eb53-5ddd-4e52-9a94-5c5db0472d04",
          [31m-[0m [0m"942e2461-3f08-4823-a32c-fca2415dcd48",
          [31m-[0m [0m"b65c708e-4ed9-4e45-8553-44b872b08ae0",
        ]
        [1m[0mtags[0m[0m                         = {}
        [90m# (8 unchanged attributes hidden)[0m[0m

        [90m# (1 unchanged block hidden)[0m[0m
    }

[1m  # module.queues.aws_connect_queue._140_v_a_puget_sound[0m will be updated in-place[0m[0m
[0m  [33m~[0m[0m resource "aws_connect_queue" "_140_v_a_puget_sound" {
        [1m[0mid[0m[0m                           = "03103f71-db62-4f61-9432-4bfae356b3e3:cf7883bf-c777-4988-a6ae-2985bedb2a14"
      [33m~[0m [0m[1m[0minstance_id[0m[0m                  = "03103f71-db62-4f61-9432-4bfae356b3e3" [33m->[0m [0m(known after apply)
        [1m[0mname[0m[0m                         = "140 V A Puget Sound"
      [33m~[0m [0m[1m[0mquick_connect_ids[0m[0m            = [
          [31m-[0m [0m"8d3671b3-157b-49e0-a8b1-3994fce7c5d6",
          [31m-[0m [0m"942e2461-3f08-4823-a32c-fca2415dcd48",
          [31m-[0m [0m"b65c708e-4ed9-4e45-8553-44b872b08ae0",
        ]
        [1m[0mtags[0m[0m                         = {}
        [90m# (8 unchanged attributes hidden)[0m[0m

        [90m# (1 unchanged block hidden)[0m[0m
    }

[1m  # module.queues.aws_connect_queue._141_rhode_island_hospital[0m will be updated in-place[0m[0m
[0m  [33m~[0m[0m resource "aws_connect_queue" "_141_rhode_island_hospital" {
        [1m[0mid[0m[0m                           = "03103f71-db62-4f61-9432-4bfae356b3e3:3f25d696-9212-468f-95c2-f876483069e9"
      [33m~[0m [0m[1m[0minstance_id[0m[0m                  = "03103f71-db62-4f61-9432-4bfae356b3e3" [33m->[0m [0m(known after apply)
        [1m[0mname[0m[0m                         = "141 Rhode Island Hospital"
      [33m~[0m [0m[1m[0mquick_connect_ids[0m[0m            = [
          [31m-[0m [0m"085a8bc5-e155-4a33-b9d4-a6a4e3c4aa50",
          [31m-[0m [0m"942e2461-3f08-4823-a32c-fca2415dcd48",
          [31m-[0m [0m"b65c708e-4ed9-4e45-8553-44b872b08ae0",
        ]
        [1m[0mtags[0m[0m                         = {}
        [90m# (8 unchanged attributes hidden)[0m[0m

        [90m# (1 unchanged block hidden)[0m[0m
    }

[1m  # module.queues.aws_connect_queue._14_rush_university_medical_center[0m will be updated in-place[0m[0m
[0m  [33m~[0m[0m resource "aws_connect_queue" "_14_rush_university_medical_center" {
        [1m[0mid[0m[0m                           = "03103f71-db62-4f61-9432-4bfae356b3e3:a51a34c6-cfcd-4d0e-bcd0-394a1090e07a"
      [33m~[0m [0m[1m[0minstance_id[0m[0m                  = "03103f71-db62-4f61-9432-4bfae356b3e3" [33m->[0m [0m(known after apply)
        [1m[0mname[0m[0m                         = "14 Rush University Medical Center"
      [33m~[0m [0m[1m[0mquick_connect_ids[0m[0m            = [
          [31m-[0m [0m"942e2461-3f08-4823-a32c-fca2415dcd48",
          [31m-[0m [0m"b65c708e-4ed9-4e45-8553-44b872b08ae0",
          [31m-[0m [0m"eb51f200-39bb-4028-969d-68e5d3564458",
        ]
        [1m[0mtags[0m[0m                         = {}
        [90m# (8 unchanged attributes hidden)[0m[0m

        [90m# (1 unchanged block hidden)[0m[0m
    }

[1m  # module.queues.aws_connect_queue._153_cleveland_clinic_las_vegas[0m will be updated in-place[0m[0m
[0m  [33m~[0m[0m resource "aws_connect_queue" "_153_cleveland_clinic_las_vegas" {
        [1m[0mid[0m[0m                           = "03103f71-db62-4f61-9432-4bfae356b3e3:a3b6de04-cfb3-4ae2-8844-1e1ffb1490b0"
      [33m~[0m [0m[1m[0minstance_id[0m[0m                  = "03103f71-db62-4f61-9432-4bfae356b3e3" [33m->[0m [0m(known after apply)
        [1m[0mname[0m[0m                         = "153 Cleveland Clinic Las Vegas"
      [33m~[0m [0m[1m[0mquick_connect_ids[0m[0m            = [
          [31m-[0m [0m"942e2461-3f08-4823-a32c-fca2415dcd48",
          [31m-[0m [0m"b65c708e-4ed9-4e45-8553-44b872b08ae0",
          [31m-[0m [0m"f27ea444-c14b-43d9-b534-fea148bb65f5",
        ]
        [1m[0mtags[0m[0m                         = {}
        [90m# (8 unchanged attributes hidden)[0m[0m

        [90m# (1 unchanged block hidden)[0m[0m
    }

[1m  # module.queues.aws_connect_queue._155_duke_health_center[0m will be updated in-place[0m[0m
[0m  [33m~[0m[0m resource "aws_connect_queue" "_155_duke_health_center" {
        [1m[0mid[0m[0m                           = "03103f71-db62-4f61-9432-4bfae356b3e3:fefd7def-a09c-4d10-873b-da92560ee447"
      [33m~[0m [0m[1m[0minstance_id[0m[0m                  = "03103f71-db62-4f61-9432-4bfae356b3e3" [33m->[0m [0m(known after apply)
        [1m[0mname[0m[0m                         = "155 Duke Health Center"
      [33m~[0m [0m[1m[0mquick_connect_ids[0m[0m            = [
          [31m-[0m [0m"942e2461-3f08-4823-a32c-fca2415dcd48",
          [31m-[0m [0m"b65c708e-4ed9-4e45-8553-44b872b08ae0",
          [31m-[0m [0m"df934745-a6d0-4dad-8cfd-4feedf4bd061",
        ]
        [1m[0mtags[0m[0m                         = {}
        [90m# (8 unchanged attributes hidden)[0m[0m

        [90m# (1 unchanged block hidden)[0m[0m
    }

[1m  # module.queues.aws_connect_queue._158_central_states_research[0m will be updated in-place[0m[0m
[0m  [33m~[0m[0m resource "aws_connect_queue" "_158_central_states_research" {
        [1m[0mid[0m[0m                           = "03103f71-db62-4f61-9432-4bfae356b3e3:c3463379-3002-48c5-97b6-3614395bc1d4"
      [33m~[0m [0m[1m[0minstance_id[0m[0m                  = "03103f71-db62-4f61-9432-4bfae356b3e3" [33m->[0m [0m(known after apply)
        [1m[0mname[0m[0m                         = "158 Central States Research"
      [33m~[0m [0m[1m[0mquick_connect_ids[0m[0m            = [
          [31m-[0m [0m"61a8ab06-6459-4525-a45d-44f04d4dccfc",
          [31m-[0m [0m"942e2461-3f08-4823-a32c-fca2415dcd48",
          [31m-[0m [0m"b65c708e-4ed9-4e45-8553-44b872b08ae0",
        ]
        [1m[0mtags[0m[0m                         = {}
        [90m# (8 unchanged attributes hidden)[0m[0m

        [90m# (1 unchanged block hidden)[0m[0m
    }

[1m  # module.queues.aws_connect_queue._16_wien_center_for_clinical_research[0m will be updated in-place[0m[0m
[0m  [33m~[0m[0m resource "aws_connect_queue" "_16_wien_center_for_clinical_research" {
        [1m[0mid[0m[0m                           = "03103f71-db62-4f61-9432-4bfae356b3e3:1286d91e-cc20-4125-a93b-709626129e38"
      [33m~[0m [0m[1m[0minstance_id[0m[0m                  = "03103f71-db62-4f61-9432-4bfae356b3e3" [33m->[0m [0m(known after apply)
        [1m[0mname[0m[0m                         = "16 Wien Center for Clinical Research"
      [33m~[0m [0m[1m[0mquick_connect_ids[0m[0m            = [
          [31m-[0m [0m"942e2461-3f08-4823-a32c-fca2415dcd48",
          [31m-[0m [0m"b65c708e-4ed9-4e45-8553-44b872b08ae0",
          [31m-[0m [0m"f4dcdde6-b6d8-478b-a5b8-3c3a17d378f7",
        ]
        [1m[0mtags[0m[0m                         = {}
        [90m# (8 unchanged attributes hidden)[0m[0m

        [90m# (1 unchanged block hidden)[0m[0m
    }

[1m  # module.queues.aws_connect_queue._177_houston_methodist_neurological_institute[0m will be updated in-place[0m[0m
[0m  [33m~[0m[0m resource "aws_connect_queue" "_177_houston_methodist_neurological_institute" {
        [1m[0mid[0m[0m                           = "03103f71-db62-4f61-9432-4bfae356b3e3:2205a38f-2310-4d17-90f8-cd259560be75"
      [33m~[0m [0m[1m[0minstance_id[0m[0m                  = "03103f71-db62-4f61-9432-4bfae356b3e3" [33m->[0m [0m(known after apply)
        [1m[0mname[0m[0m                         = "177 Houston Methodist Neurological Institute"
      [33m~[0m [0m[1m[0mquick_connect_ids[0m[0m            = [
          [31m-[0m [0m"1b2c1a23-bb73-41a3-8e4a-ef02f7f96451",
          [31m-[0m [0m"942e2461-3f08-4823-a32c-fca2415dcd48",
          [31m-[0m [0m"b65c708e-4ed9-4e45-8553-44b872b08ae0",
        ]
        [1m[0mtags[0m[0m                         = {}
        [90m# (8 unchanged attributes hidden)[0m[0m

        [90m# (1 unchanged block hidden)[0m[0m
    }

[1m  # module.queues.aws_connect_queue._18_johns_hopkins_university[0m will be updated in-place[0m[0m
[0m  [33m~[0m[0m resource "aws_connect_queue" "_18_johns_hopkins_university" {
        [1m[0mid[0m[0m                           = "03103f71-db62-4f61-9432-4bfae356b3e3:69dd8d2a-cd61-4cdb-a359-18109abfbe67"
      [33m~[0m [0m[1m[0minstance_id[0m[0m                  = "03103f71-db62-4f61-9432-4bfae356b3e3" [33m->[0m [0m(known after apply)
        [1m[0mname[0m[0m                         = "18 Johns Hopkins University"
      [33m~[0m [0m[1m[0mquick_connect_ids[0m[0m            = [
          [31m-[0m [0m"942e2461-3f08-4823-a32c-fca2415dcd48",
          [31m-[0m [0m"b65c708e-4ed9-4e45-8553-44b872b08ae0",
          [31m-[0m [0m"ca186448-f546-4496-a21a-6712152ee47e",
        ]
        [1m[0mtags[0m[0m                         = {}
        [90m# (8 unchanged attributes hidden)[0m[0m

        [90m# (1 unchanged block hidden)[0m[0m
    }

[1m  # module.queues.aws_connect_queue._190_synexus_clinical_research_orlando[0m will be updated in-place[0m[0m
[0m  [33m~[0m[0m resource "aws_connect_queue" "_190_synexus_clinical_research_orlando" {
        [1m[0mid[0m[0m                           = "03103f71-db62-4f61-9432-4bfae356b3e3:979a8674-f589-44b4-a901-ed63193f8a9b"
      [33m~[0m [0m[1m[0minstance_id[0m[0m                  = "03103f71-db62-4f61-9432-4bfae356b3e3" [33m->[0m [0m(known after apply)
        [1m[0mname[0m[0m                         = "190 Synexus Clinical Research Orlando"
      [33m~[0m [0m[1m[0mquick_connect_ids[0m[0m            = [
          [31m-[0m [0m"942e2461-3f08-4823-a32c-fca2415dcd48",
          [31m-[0m [0m"b65c708e-4ed9-4e45-8553-44b872b08ae0",
          [31m-[0m [0m"c6065f42-ff18-4179-94a7-720390580103",
        ]
        [1m[0mtags[0m[0m                         = {}
        [90m# (8 unchanged attributes hidden)[0m[0m

        [90m# (1 unchanged block hidden)[0m[0m
    }

[1m  # module.queues.aws_connect_queue._191_synexus_clinical_research_the_villages[0m will be updated in-place[0m[0m
[0m  [33m~[0m[0m resource "aws_connect_queue" "_191_synexus_clinical_research_the_villages" {
        [1m[0mid[0m[0m                           = "03103f71-db62-4f61-9432-4bfae356b3e3:cfdd52e7-ba3b-4184-8907-5909851bdbd4"
      [33m~[0m [0m[1m[0minstance_id[0m[0m                  = "03103f71-db62-4f61-9432-4bfae356b3e3" [33m->[0m [0m(known after apply)
        [1m[0mname[0m[0m                         = "191 Synexus Clinical Research The Villages"
      [33m~[0m [0m[1m[0mquick_connect_ids[0m[0m            = [
          [31m-[0m [0m"28a5b4f5-f4bf-464c-91ff-af801e82ca13",
          [31m-[0m [0m"942e2461-3f08-4823-a32c-fca2415dcd48",
          [31m-[0m [0m"b65c708e-4ed9-4e45-8553-44b872b08ae0",
        ]
        [1m[0mtags[0m[0m                         = {}
        [90m# (8 unchanged attributes hidden)[0m[0m

        [90m# (1 unchanged block hidden)[0m[0m
    }

[1m  # module.queues.aws_connect_queue._19_u_s_f_health_byrd_alzheimer_s_institute[0m will be updated in-place[0m[0m
[0m  [33m~[0m[0m resource "aws_connect_queue" "_19_u_s_f_health_byrd_alzheimer_s_institute" {
        [1m[0mid[0m[0m                           = "03103f71-db62-4f61-9432-4bfae356b3e3:6d5cac5d-7030-4a1a-b1a4-dbaa0bf2d099"
      [33m~[0m [0m[1m[0minstance_id[0m[0m                  = "03103f71-db62-4f61-9432-4bfae356b3e3" [33m->[0m [0m(known after apply)
        [1m[0mname[0m[0m                         = "19 U S F Health Byrd Alzheimer’s Institute"
      [33m~[0m [0m[1m[0mquick_connect_ids[0m[0m            = [
          [31m-[0m [0m"8304262b-6ef4-4c48-8c16-36fd5e997c8f",
          [31m-[0m [0m"942e2461-3f08-4823-a32c-fca2415dcd48",
          [31m-[0m [0m"b65c708e-4ed9-4e45-8553-44b872b08ae0",
        ]
        [1m[0mtags[0m[0m                         = {}
        [90m# (8 unchanged attributes hidden)[0m[0m

        [90m# (1 unchanged block hidden)[0m[0m
    }

[1m  # module.queues.aws_connect_queue._22_university_of_pennsylvania[0m will be updated in-place[0m[0m
[0m  [33m~[0m[0m resource "aws_connect_queue" "_22_university_of_pennsylvania" {
        [1m[0mid[0m[0m                           = "03103f71-db62-4f61-9432-4bfae356b3e3:415e8ea1-e201-43b8-9868-28a1b11caf5f"
      [33m~[0m [0m[1m[0minstance_id[0m[0m                  = "03103f71-db62-4f61-9432-4bfae356b3e3" [33m->[0m [0m(known after apply)
        [1m[0mname[0m[0m                         = "22 University of Pennsylvania"
      [33m~[0m [0m[1m[0mquick_connect_ids[0m[0m            = [
          [31m-[0m [0m"34392203-c736-4835-ba21-673de072ec56",
          [31m-[0m [0m"942e2461-3f08-4823-a32c-fca2415dcd48",
          [31m-[0m [0m"b65c708e-4ed9-4e45-8553-44b872b08ae0",
        ]
        [1m[0mtags[0m[0m                         = {}
        [90m# (8 unchanged attributes hidden)[0m[0m

        [90m# (1 unchanged block hidden)[0m[0m
    }

[1m  # module.queues.aws_connect_queue._23_university_of_kentucky_sanders_brown[0m will be updated in-place[0m[0m
[0m  [33m~[0m[0m resource "aws_connect_queue" "_23_university_of_kentucky_sanders_brown" {
        [1m[0mid[0m[0m                           = "03103f71-db62-4f61-9432-4bfae356b3e3:c75f28d1-1f50-48b6-b79b-f57284a716e8"
      [33m~[0m [0m[1m[0minstance_id[0m[0m                  = "03103f71-db62-4f61-9432-4bfae356b3e3" [33m->[0m [0m(known after apply)
        [1m[0mname[0m[0m                         = "23 University of Kentucky Sanders Brown"
      [33m~[0m [0m[1m[0mquick_connect_ids[0m[0m            = [
          [31m-[0m [0m"93ce6f90-c52e-445c-8da4-c73d32023378",
          [31m-[0m [0m"942e2461-3f08-4823-a32c-fca2415dcd48",
          [31m-[0m [0m"b65c708e-4ed9-4e45-8553-44b872b08ae0",
        ]
        [1m[0mtags[0m[0m                         = {}
        [90m# (8 unchanged attributes hidden)[0m[0m

        [90m# (1 unchanged block hidden)[0m[0m
    }

[1m  # module.queues.aws_connect_queue._24_university_of_pittsburgh[0m will be updated in-place[0m[0m
[0m  [33m~[0m[0m resource "aws_connect_queue" "_24_university_of_pittsburgh" {
        [1m[0mid[0m[0m                           = "03103f71-db62-4f61-9432-4bfae356b3e3:138dac5a-5624-4a38-ba3e-284eee19a3e7"
      [33m~[0m [0m[1m[0minstance_id[0m[0m                  = "03103f71-db62-4f61-9432-4bfae356b3e3" [33m->[0m [0m(known after apply)
        [1m[0mname[0m[0m                         = "24 University of Pittsburgh"
      [33m~[0m [0m[1m[0mquick_connect_ids[0m[0m            = [
          [31m-[0m [0m"75dad0ce-7908-48cc-8d4a-fccdb342a82d",
          [31m-[0m [0m"942e2461-3f08-4823-a32c-fca2415dcd48",
          [31m-[0m [0m"b65c708e-4ed9-4e45-8553-44b872b08ae0",
        ]
        [1m[0mtags[0m[0m                         = {}
        [90m# (8 unchanged attributes hidden)[0m[0m

        [90m# (1 unchanged block hidden)[0m[0m
    }

[1m  # module.queues.aws_connect_queue._27_university_of_rochester_medical_center[0m will be updated in-place[0m[0m
[0m  [33m~[0m[0m resource "aws_connect_queue" "_27_university_of_rochester_medical_center" {
        [1m[0mid[0m[0m                           = "03103f71-db62-4f61-9432-4bfae356b3e3:a5f12329-431b-4830-a058-b390752e6a8b"
      [33m~[0m [0m[1m[0minstance_id[0m[0m                  = "03103f71-db62-4f61-9432-4bfae356b3e3" [33m->[0m [0m(known after apply)
        [1m[0mname[0m[0m                         = "27 University of Rochester Medical Center"
      [33m~[0m [0m[1m[0mquick_connect_ids[0m[0m            = [
          [31m-[0m [0m"17e97473-2a53-4038-a730-dde5b2b390fb",
          [31m-[0m [0m"942e2461-3f08-4823-a32c-fca2415dcd48",
          [31m-[0m [0m"b65c708e-4ed9-4e45-8553-44b872b08ae0",
        ]
        [1m[0mtags[0m[0m                         = {}
        [90m# (8 unchanged attributes hidden)[0m[0m

        [90m# (1 unchanged block hidden)[0m[0m
    }

[1m  # module.queues.aws_connect_queue._29_university_of_california_irvine[0m will be updated in-place[0m[0m
[0m  [33m~[0m[0m resource "aws_connect_queue" "_29_university_of_california_irvine" {
        [1m[0mid[0m[0m                           = "03103f71-db62-4f61-9432-4bfae356b3e3:6250976c-6a59-45ff-8350-0cd03b2a3eb2"
      [33m~[0m [0m[1m[0minstance_id[0m[0m                  = "03103f71-db62-4f61-9432-4bfae356b3e3" [33m->[0m [0m(known after apply)
        [1m[0mname[0m[0m                         = "29 University of California Irvine"
      [33m~[0m [0m[1m[0mquick_connect_ids[0m[0m            = [
          [31m-[0m [0m"942e2461-3f08-4823-a32c-fca2415dcd48",
          [31m-[0m [0m"b65c708e-4ed9-4e45-8553-44b872b08ae0",
          [31m-[0m [0m"f8a262cc-c386-4d6d-97d2-c83846828fb2",
        ]
        [1m[0mtags[0m[0m                         = {}
        [90m# (8 unchanged attributes hidden)[0m[0m

        [90m# (1 unchanged block hidden)[0m[0m
    }

[1m  # module.queues.aws_connect_queue._2_oregon_health_science_university[0m will be updated in-place[0m[0m
[0m  [33m~[0m[0m resource "aws_connect_queue" "_2_oregon_health_science_university" {
        [1m[0mid[0m[0m                           = "03103f71-db62-4f61-9432-4bfae356b3e3:04d95838-2c1d-4330-92de-5bdcd1d79033"
      [33m~[0m [0m[1m[0minstance_id[0m[0m                  = "03103f71-db62-4f61-9432-4bfae356b3e3" [33m->[0m [0m(known after apply)
        [1m[0mname[0m[0m                         = "2 Oregon Health & Science University"
      [33m~[0m [0m[1m[0mquick_connect_ids[0m[0m            = [
          [31m-[0m [0m"1e10be14-0afc-4736-98bb-1e1f1505d236",
          [31m-[0m [0m"942e2461-3f08-4823-a32c-fca2415dcd48",
          [31m-[0m [0m"b65c708e-4ed9-4e45-8553-44b872b08ae0",
        ]
        [1m[0mtags[0m[0m                         = {}
        [90m# (8 unchanged attributes hidden)[0m[0m

        [90m# (1 unchanged block hidden)[0m[0m
    }

[1m  # module.queues.aws_connect_queue._303_brain_matters_research[0m will be updated in-place[0m[0m
[0m  [33m~[0m[0m resource "aws_connect_queue" "_303_brain_matters_research" {
        [1m[0mid[0m[0m                           = "03103f71-db62-4f61-9432-4bfae356b3e3:d4f5e287-5994-438f-8fb1-af824eb62035"
      [33m~[0m [0m[1m[0minstance_id[0m[0m                  = "03103f71-db62-4f61-9432-4bfae356b3e3" [33m->[0m [0m(known after apply)
        [1m[0mname[0m[0m                         = "303 Brain Matters Research"
      [33m~[0m [0m[1m[0mquick_connect_ids[0m[0m            = [
          [31m-[0m [0m"4c41a25d-7bf1-4084-83d9-b8f1c769fd12",
          [31m-[0m [0m"942e2461-3f08-4823-a32c-fca2415dcd48",
          [31m-[0m [0m"b65c708e-4ed9-4e45-8553-44b872b08ae0",
        ]
        [1m[0mtags[0m[0m                         = {}
        [90m# (8 unchanged attributes hidden)[0m[0m

        [90m# (1 unchanged block hidden)[0m[0m
    }

[1m  # module.queues.aws_connect_queue._305_vanderbilt_university[0m will be updated in-place[0m[0m
[0m  [33m~[0m[0m resource "aws_connect_queue" "_305_vanderbilt_university" {
        [1m[0mid[0m[0m                           = "03103f71-db62-4f61-9432-4bfae356b3e3:bf076ad4-34fd-4745-9319-aa707b9508d9"
      [33m~[0m [0m[1m[0minstance_id[0m[0m                  = "03103f71-db62-4f61-9432-4bfae356b3e3" [33m->[0m [0m(known after apply)
        [1m[0mname[0m[0m                         = "305 Vanderbilt University"
        [1m[0mtags[0m[0m                         = {}
        [90m# (9 unchanged attributes hidden)[0m[0m

        [90m# (1 unchanged block hidden)[0m[0m
    }

[1m  # module.queues.aws_connect_queue._307_columbus_memory_center[0m will be updated in-place[0m[0m
[0m  [33m~[0m[0m resource "aws_connect_queue" "_307_columbus_memory_center" {
        [1m[0mid[0m[0m                           = "03103f71-db62-4f61-9432-4bfae356b3e3:10f8c313-55b0-4e28-b5ba-b2dc40a57f5c"
      [33m~[0m [0m[1m[0minstance_id[0m[0m                  = "03103f71-db62-4f61-9432-4bfae356b3e3" [33m->[0m [0m(known after apply)
        [1m[0mname[0m[0m                         = "307 Columbus Memory Center"
      [33m~[0m [0m[1m[0mquick_connect_ids[0m[0m            = [
          [31m-[0m [0m"942e2461-3f08-4823-a32c-fca2415dcd48",
          [31m-[0m [0m"b65c708e-4ed9-4e45-8553-44b872b08ae0",
          [31m-[0m [0m"b7c7faa7-0cd5-4301-a1c1-dd6bd8534f3e",
        ]
        [1m[0mtags[0m[0m                         = {}
        [90m# (8 unchanged attributes hidden)[0m[0m

        [90m# (1 unchanged block hidden)[0m[0m
    }

[1m  # module.queues.aws_connect_queue._309_alzheimer_s_research_and_treatment_center[0m will be updated in-place[0m[0m
[0m  [33m~[0m[0m resource "aws_connect_queue" "_309_alzheimer_s_research_and_treatment_center" {
        [1m[0mid[0m[0m                           = "03103f71-db62-4f61-9432-4bfae356b3e3:83c9503a-04d5-448f-8b3a-f2c542895be4"
      [33m~[0m [0m[1m[0minstance_id[0m[0m                  = "03103f71-db62-4f61-9432-4bfae356b3e3" [33m->[0m [0m(known after apply)
        [1m[0mname[0m[0m                         = "309 Alzheimer's Research and Treatment Center"
        [1m[0mtags[0m[0m                         = {}
        [90m# (9 unchanged attributes hidden)[0m[0m

        [90m# (1 unchanged block hidden)[0m[0m
    }

[1m  # module.queues.aws_connect_queue._316_summit_research_network_oregon[0m will be updated in-place[0m[0m
[0m  [33m~[0m[0m resource "aws_connect_queue" "_316_summit_research_network_oregon" {
        [1m[0mid[0m[0m                           = "03103f71-db62-4f61-9432-4bfae356b3e3:0a30c274-3d80-4590-bd89-ff9e53a29087"
      [33m~[0m [0m[1m[0minstance_id[0m[0m                  = "03103f71-db62-4f61-9432-4bfae356b3e3" [33m->[0m [0m(known after apply)
        [1m[0mname[0m[0m                         = "316 Summit Research Network, Oregon"
      [33m~[0m [0m[1m[0mquick_connect_ids[0m[0m            = [
          [31m-[0m [0m"91834fd2-cfb0-4985-a07f-efee80127368",
          [31m-[0m [0m"942e2461-3f08-4823-a32c-fca2415dcd48",
          [31m-[0m [0m"b65c708e-4ed9-4e45-8553-44b872b08ae0",
        ]
        [1m[0mtags[0m[0m                         = {}
        [90m# (8 unchanged attributes hidden)[0m[0m

        [90m# (1 unchanged block hidden)[0m[0m
    }

[1m  # module.queues.aws_connect_queue._319_renstar_medical_research[0m will be updated in-place[0m[0m
[0m  [33m~[0m[0m resource "aws_connect_queue" "_319_renstar_medical_research" {
        [1m[0mid[0m[0m                           = "03103f71-db62-4f61-9432-4bfae356b3e3:5fb204b9-e881-4586-bb9f-a1de600051c0"
      [33m~[0m [0m[1m[0minstance_id[0m[0m                  = "03103f71-db62-4f61-9432-4bfae356b3e3" [33m->[0m [0m(known after apply)
        [1m[0mname[0m[0m                         = "319 Renstar Medical Research"
      [33m~[0m [0m[1m[0mquick_connect_ids[0m[0m            = [
          [31m-[0m [0m"1b677567-db7c-41bf-8a46-aad70a1d313f",
          [31m-[0m [0m"942e2461-3f08-4823-a32c-fca2415dcd48",
          [31m-[0m [0m"b65c708e-4ed9-4e45-8553-44b872b08ae0",
        ]
        [1m[0mtags[0m[0m                         = {}
        [90m# (8 unchanged attributes hidden)[0m[0m

        [90m# (1 unchanged block hidden)[0m[0m
    }

[1m  # module.queues.aws_connect_queue._31_ut_southwestern_dallas[0m will be updated in-place[0m[0m
[0m  [33m~[0m[0m resource "aws_connect_queue" "_31_ut_southwestern_dallas" {
        [1m[0mid[0m[0m                           = "03103f71-db62-4f61-9432-4bfae356b3e3:adfe73b9-a96b-400b-b7e8-c2caf51c1126"
      [33m~[0m [0m[1m[0minstance_id[0m[0m                  = "03103f71-db62-4f61-9432-4bfae356b3e3" [33m->[0m [0m(known after apply)
        [1m[0mname[0m[0m                         = "31 UT Southwestern Dallas"
      [33m~[0m [0m[1m[0mquick_connect_ids[0m[0m            = [
          [31m-[0m [0m"76a23278-c260-4aba-8fcc-3049ace232d6",
          [31m-[0m [0m"942e2461-3f08-4823-a32c-fca2415dcd48",
          [31m-[0m [0m"b65c708e-4ed9-4e45-8553-44b872b08ae0",
        ]
        [1m[0mtags[0m[0m                         = {}
        [90m# (8 unchanged attributes hidden)[0m[0m

        [90m# (1 unchanged block hidden)[0m[0m
    }

[1m  # module.queues.aws_connect_queue._322_hoag_memorial_hospital_presbyterian[0m will be updated in-place[0m[0m
[0m  [33m~[0m[0m resource "aws_connect_queue" "_322_hoag_memorial_hospital_presbyterian" {
        [1m[0mid[0m[0m                           = "03103f71-db62-4f61-9432-4bfae356b3e3:7027ad09-363f-4183-94d2-7e8e7845b841"
      [33m~[0m [0m[1m[0minstance_id[0m[0m                  = "03103f71-db62-4f61-9432-4bfae356b3e3" [33m->[0m [0m(known after apply)
        [1m[0mname[0m[0m                         = "322 Hoag Memorial Hospital Presbyterian"
      [33m~[0m [0m[1m[0mquick_connect_ids[0m[0m            = [
          [31m-[0m [0m"942e2461-3f08-4823-a32c-fca2415dcd48",
          [31m-[0m [0m"b65c708e-4ed9-4e45-8553-44b872b08ae0",
          [31m-[0m [0m"e33a966d-2375-4605-8640-cb4d26136122",
        ]
        [1m[0mtags[0m[0m                         = {}
        [90m# (8 unchanged attributes hidden)[0m[0m

        [90m# (1 unchanged block hidden)[0m[0m
    }

[1m  # module.queues.aws_connect_queue._323_donald_s_marks[0m will be updated in-place[0m[0m
[0m  [33m~[0m[0m resource "aws_connect_queue" "_323_donald_s_marks" {
        [1m[0mid[0m[0m                           = "03103f71-db62-4f61-9432-4bfae356b3e3:c1179ffa-eea9-4c18-abb8-f177d1c8fd59"
      [33m~[0m [0m[1m[0minstance_id[0m[0m                  = "03103f71-db62-4f61-9432-4bfae356b3e3" [33m->[0m [0m(known after apply)
        [1m[0mname[0m[0m                         = "323 Donald S Marks"
      [33m~[0m [0m[1m[0mquick_connect_ids[0m[0m            = [
          [31m-[0m [0m"14eeb07c-177e-4e0c-8d76-ada438ef1514",
          [31m-[0m [0m"942e2461-3f08-4823-a32c-fca2415dcd48",
          [31m-[0m [0m"b65c708e-4ed9-4e45-8553-44b872b08ae0",
        ]
        [1m[0mtags[0m[0m                         = {}
        [90m# (8 unchanged attributes hidden)[0m[0m

        [90m# (1 unchanged block hidden)[0m[0m
    }

[1m  # module.queues.aws_connect_queue._324_sharp_neurocognitive_research_center[0m will be updated in-place[0m[0m
[0m  [33m~[0m[0m resource "aws_connect_queue" "_324_sharp_neurocognitive_research_center" {
        [1m[0mid[0m[0m                           = "03103f71-db62-4f61-9432-4bfae356b3e3:8fae401b-84cf-49c0-a9f1-af6e40258793"
      [33m~[0m [0m[1m[0minstance_id[0m[0m                  = "03103f71-db62-4f61-9432-4bfae356b3e3" [33m->[0m [0m(known after apply)
        [1m[0mname[0m[0m                         = "324 Sharp Neurocognitive Research Center"
      [33m~[0m [0m[1m[0mquick_connect_ids[0m[0m            = [
          [31m-[0m [0m"1ee2e4c7-9773-40e6-865b-20495900065f",
          [31m-[0m [0m"942e2461-3f08-4823-a32c-fca2415dcd48",
          [31m-[0m [0m"b65c708e-4ed9-4e45-8553-44b872b08ae0",
        ]
        [1m[0mtags[0m[0m                         = {}
        [90m# (8 unchanged attributes hidden)[0m[0m

        [90m# (1 unchanged block hidden)[0m[0m
    }

[1m  # module.queues.aws_connect_queue._32_emory_university[0m will be updated in-place[0m[0m
[0m  [33m~[0m[0m resource "aws_connect_queue" "_32_emory_university" {
        [1m[0mid[0m[0m                           = "03103f71-db62-4f61-9432-4bfae356b3e3:fcb72b03-316d-42f8-98e4-0e262aa3d62f"
      [33m~[0m [0m[1m[0minstance_id[0m[0m                  = "03103f71-db62-4f61-9432-4bfae356b3e3" [33m->[0m [0m(known after apply)
        [1m[0mname[0m[0m                         = "32 Emory University"
      [33m~[0m [0m[1m[0mquick_connect_ids[0m[0m            = [
          [31m-[0m [0m"8a7b380b-1f59-4315-a32a-616765eda5c0",
          [31m-[0m [0m"942e2461-3f08-4823-a32c-fca2415dcd48",
          [31m-[0m [0m"b65c708e-4ed9-4e45-8553-44b872b08ae0",
        ]
        [1m[0mtags[0m[0m                         = {}
        [90m# (8 unchanged attributes hidden)[0m[0m

        [90m# (1 unchanged block hidden)[0m[0m
    }

[1m  # module.queues.aws_connect_queue._332_university_of_washington[0m will be updated in-place[0m[0m
[0m  [33m~[0m[0m resource "aws_connect_queue" "_332_university_of_washington" {
        [1m[0mid[0m[0m                           = "03103f71-db62-4f61-9432-4bfae356b3e3:f43a35af-7c67-4770-89ec-dae21ab7eb4b"
      [33m~[0m [0m[1m[0minstance_id[0m[0m                  = "03103f71-db62-4f61-9432-4bfae356b3e3" [33m->[0m [0m(known after apply)
        [1m[0mname[0m[0m                         = "332 University of Washington"
        [1m[0mtags[0m[0m                         = {}
        [90m# (9 unchanged attributes hidden)[0m[0m

        [90m# (1 unchanged block hidden)[0m[0m
    }

[1m  # module.queues.aws_connect_queue._334_university_of_north_texas[0m will be updated in-place[0m[0m
[0m  [33m~[0m[0m resource "aws_connect_queue" "_334_university_of_north_texas" {
        [1m[0mid[0m[0m                           = "03103f71-db62-4f61-9432-4bfae356b3e3:b95bf305-4fd3-45a9-8787-4260b9d8f9e8"
      [33m~[0m [0m[1m[0minstance_id[0m[0m                  = "03103f71-db62-4f61-9432-4bfae356b3e3" [33m->[0m [0m(known after apply)
        [1m[0mname[0m[0m                         = "334 University of North Texas"
        [1m[0mtags[0m[0m                         = {}
        [90m# (9 unchanged attributes hidden)[0m[0m

        [90m# (1 unchanged block hidden)[0m[0m
    }

[1m  # module.queues.aws_connect_queue._334_university_of_texas[0m will be updated in-place[0m[0m
[0m  [33m~[0m[0m resource "aws_connect_queue" "_334_university_of_texas" {
        [1m[0mid[0m[0m                           = "03103f71-db62-4f61-9432-4bfae356b3e3:88b833b2-cfa4-4955-8c9b-2e3f42b7639d"
      [33m~[0m [0m[1m[0minstance_id[0m[0m                  = "03103f71-db62-4f61-9432-4bfae356b3e3" [33m->[0m [0m(known after apply)
        [1m[0mname[0m[0m                         = "334 University of Texas"
      [33m~[0m [0m[1m[0mquick_connect_ids[0m[0m            = [
          [31m-[0m [0m"7bc0f6ac-11dc-4b48-b22f-fd6d504a68d3",
          [31m-[0m [0m"942e2461-3f08-4823-a32c-fca2415dcd48",
          [31m-[0m [0m"b65c708e-4ed9-4e45-8553-44b872b08ae0",
        ]
        [1m[0mtags[0m[0m                         = {}
        [90m# (8 unchanged attributes hidden)[0m[0m

        [90m# (1 unchanged block hidden)[0m[0m
    }

[1m  # module.queues.aws_connect_queue._336_abington_neurological_associates[0m will be updated in-place[0m[0m
[0m  [33m~[0m[0m resource "aws_connect_queue" "_336_abington_neurological_associates" {
        [1m[0mid[0m[0m                           = "03103f71-db62-4f61-9432-4bfae356b3e3:0bb82851-56d1-4d7e-b27e-3ef0f1882e1b"
      [33m~[0m [0m[1m[0minstance_id[0m[0m                  = "03103f71-db62-4f61-9432-4bfae356b3e3" [33m->[0m [0m(known after apply)
        [1m[0mname[0m[0m                         = "336 Abington Neurological Associates"
      [33m~[0m [0m[1m[0mquick_connect_ids[0m[0m            = [
          [31m-[0m [0m"53d6cf37-c931-4801-bba2-dc9038e83ec8",
          [31m-[0m [0m"942e2461-3f08-4823-a32c-fca2415dcd48",
          [31m-[0m [0m"b65c708e-4ed9-4e45-8553-44b872b08ae0",
        ]
        [1m[0mtags[0m[0m                         = {}
        [90m# (8 unchanged attributes hidden)[0m[0m

        [90m# (1 unchanged block hidden)[0m[0m
    }

[1m  # module.queues.aws_connect_queue._33_university_of_kansas[0m will be updated in-place[0m[0m
[0m  [33m~[0m[0m resource "aws_connect_queue" "_33_university_of_kansas" {
        [1m[0mid[0m[0m                           = "03103f71-db62-4f61-9432-4bfae356b3e3:c8deeb8e-9f81-4a51-a558-5554aafad22e"
      [33m~[0m [0m[1m[0minstance_id[0m[0m                  = "03103f71-db62-4f61-9432-4bfae356b3e3" [33m->[0m [0m(known after apply)
        [1m[0mname[0m[0m                         = "33 University of Kansas"
        [1m[0mtags[0m[0m                         = {}
        [90m# (9 unchanged attributes hidden)[0m[0m

        [90m# (1 unchanged block hidden)[0m[0m
    }

[1m  # module.queues.aws_connect_queue._349_cleveland_clinic_lou_ruvo_center[0m will be updated in-place[0m[0m
[0m  [33m~[0m[0m resource "aws_connect_queue" "_349_cleveland_clinic_lou_ruvo_center" {
        [1m[0mid[0m[0m                           = "03103f71-db62-4f61-9432-4bfae356b3e3:b2517285-cc2f-44f9-9b8d-71b646072661"
      [33m~[0m [0m[1m[0minstance_id[0m[0m                  = "03103f71-db62-4f61-9432-4bfae356b3e3" [33m->[0m [0m(known after apply)
        [1m[0mname[0m[0m                         = "349 Cleveland Clinic Lou Ruvo Center"
      [33m~[0m [0m[1m[0mquick_connect_ids[0m[0m            = [
          [31m-[0m [0m"942e2461-3f08-4823-a32c-fca2415dcd48",
          [31m-[0m [0m"a84d1813-ac14-4569-9743-e1702beb7290",
          [31m-[0m [0m"b65c708e-4ed9-4e45-8553-44b872b08ae0",
        ]
        [1m[0mtags[0m[0m                         = {}
        [90m# (8 unchanged attributes hidden)[0m[0m

        [90m# (1 unchanged block hidden)[0m[0m
    }

[1m  # module.queues.aws_connect_queue._356_ahead_a_m_c_research[0m will be updated in-place[0m[0m
[0m  [33m~[0m[0m resource "aws_connect_queue" "_356_ahead_a_m_c_research" {
        [1m[0mid[0m[0m                           = "03103f71-db62-4f61-9432-4bfae356b3e3:653ff0d9-d81a-4baf-a0b4-45b6a71cffed"
      [33m~[0m [0m[1m[0minstance_id[0m[0m                  = "03103f71-db62-4f61-9432-4bfae356b3e3" [33m->[0m [0m(known after apply)
        [1m[0mname[0m[0m                         = "356 AHEAD A M C Research"
      [33m~[0m [0m[1m[0mquick_connect_ids[0m[0m            = [
          [31m-[0m [0m"942e2461-3f08-4823-a32c-fca2415dcd48",
          [31m-[0m [0m"b65c708e-4ed9-4e45-8553-44b872b08ae0",
          [31m-[0m [0m"ef024046-12c6-4c3b-8708-3f87fdfa8707",
        ]
        [1m[0mtags[0m[0m                         = {}
        [90m# (8 unchanged attributes hidden)[0m[0m

        [90m# (1 unchanged block hidden)[0m[0m
    }

[1m  # module.queues.aws_connect_queue._36_mayo_clinic_jacksonville[0m will be updated in-place[0m[0m
[0m  [33m~[0m[0m resource "aws_connect_queue" "_36_mayo_clinic_jacksonville" {
        [1m[0mid[0m[0m                           = "03103f71-db62-4f61-9432-4bfae356b3e3:b92488b0-1e26-4c9d-983a-3a3b1709fb68"
      [33m~[0m [0m[1m[0minstance_id[0m[0m                  = "03103f71-db62-4f61-9432-4bfae356b3e3" [33m->[0m [0m(known after apply)
        [1m[0mname[0m[0m                         = "36 Mayo Clinic Jacksonville"
      [33m~[0m [0m[1m[0mquick_connect_ids[0m[0m            = [
          [31m-[0m [0m"942e2461-3f08-4823-a32c-fca2415dcd48",
          [31m-[0m [0m"b65c708e-4ed9-4e45-8553-44b872b08ae0",
          [31m-[0m [0m"bf9250ca-6510-4e62-8627-342e645077c7",
        ]
        [1m[0mtags[0m[0m                         = {}
        [90m# (8 unchanged attributes hidden)[0m[0m

        [90m# (1 unchanged block hidden)[0m[0m
    }

[1m  # module.queues.aws_connect_queue._370_advanced_memory_research_institute_of_new_jersey[0m will be updated in-place[0m[0m
[0m  [33m~[0m[0m resource "aws_connect_queue" "_370_advanced_memory_research_institute_of_new_jersey" {
        [1m[0mid[0m[0m                           = "03103f71-db62-4f61-9432-4bfae356b3e3:fdbe9bb2-c10e-4cee-9c8b-1b1cee7f5680"
      [33m~[0m [0m[1m[0minstance_id[0m[0m                  = "03103f71-db62-4f61-9432-4bfae356b3e3" [33m->[0m [0m(known after apply)
        [1m[0mname[0m[0m                         = "370 Advanced Memory Research Institute of New Jersey"
      [33m~[0m [0m[1m[0mquick_connect_ids[0m[0m            = [
          [31m-[0m [0m"16fb323f-b31b-4a81-aac5-d33b0517e86a",
          [31m-[0m [0m"942e2461-3f08-4823-a32c-fca2415dcd48",
          [31m-[0m [0m"b65c708e-4ed9-4e45-8553-44b872b08ae0",
        ]
        [1m[0mtags[0m[0m                         = {}
        [90m# (8 unchanged attributes hidden)[0m[0m

        [90m# (1 unchanged block hidden)[0m[0m
    }

[1m  # module.queues.aws_connect_queue._378_keystone_clinical_studies[0m will be updated in-place[0m[0m
[0m  [33m~[0m[0m resource "aws_connect_queue" "_378_keystone_clinical_studies" {
        [1m[0mid[0m[0m                           = "03103f71-db62-4f61-9432-4bfae356b3e3:2efc9a39-5ca9-4c9c-9488-d6940cdd8c31"
      [33m~[0m [0m[1m[0minstance_id[0m[0m                  = "03103f71-db62-4f61-9432-4bfae356b3e3" [33m->[0m [0m(known after apply)
        [1m[0mname[0m[0m                         = "378 Keystone Clinical Studies"
      [33m~[0m [0m[1m[0mquick_connect_ids[0m[0m            = [
          [31m-[0m [0m"942e2461-3f08-4823-a32c-fca2415dcd48",
          [31m-[0m [0m"b65c708e-4ed9-4e45-8553-44b872b08ae0",
          [31m-[0m [0m"c3905fe1-8913-4404-8380-afe40f6c7ecf",
        ]
        [1m[0mtags[0m[0m                         = {}
        [90m# (8 unchanged attributes hidden)[0m[0m

        [90m# (1 unchanged block hidden)[0m[0m
    }

[1m  # module.queues.aws_connect_queue._37_indiana_university_school_of_medicine[0m will be updated in-place[0m[0m
[0m  [33m~[0m[0m resource "aws_connect_queue" "_37_indiana_university_school_of_medicine" {
        [1m[0mid[0m[0m                           = "03103f71-db62-4f61-9432-4bfae356b3e3:a6096c26-3278-4f87-bbc0-7c5cf7506618"
      [33m~[0m [0m[1m[0minstance_id[0m[0m                  = "03103f71-db62-4f61-9432-4bfae356b3e3" [33m->[0m [0m(known after apply)
        [1m[0mname[0m[0m                         = "37 Indiana University School of Medicine"
      [33m~[0m [0m[1m[0mquick_connect_ids[0m[0m            = [
          [31m-[0m [0m"43d0a84b-d875-4903-bfee-bef0b96c863b",
          [31m-[0m [0m"942e2461-3f08-4823-a32c-fca2415dcd48",
          [31m-[0m [0m"b65c708e-4ed9-4e45-8553-44b872b08ae0",
        ]
        [1m[0mtags[0m[0m                         = {}
        [90m# (8 unchanged attributes hidden)[0m[0m

        [90m# (1 unchanged block hidden)[0m[0m
    }

[1m  # module.queues.aws_connect_queue._380_progressive_medical_research[0m will be updated in-place[0m[0m
[0m  [33m~[0m[0m resource "aws_connect_queue" "_380_progressive_medical_research" {
        [1m[0mid[0m[0m                           = "03103f71-db62-4f61-9432-4bfae356b3e3:245d44b2-3465-4191-add7-ec98fac1d1a2"
      [33m~[0m [0m[1m[0minstance_id[0m[0m                  = "03103f71-db62-4f61-9432-4bfae356b3e3" [33m->[0m [0m(known after apply)
        [1m[0mname[0m[0m                         = "380 Progressive Medical Research"
      [33m~[0m [0m[1m[0mquick_connect_ids[0m[0m            = [
          [31m-[0m [0m"869fff57-7ca5-47d7-a219-46dcf138344e",
          [31m-[0m [0m"942e2461-3f08-4823-a32c-fca2415dcd48",
          [31m-[0m [0m"b65c708e-4ed9-4e45-8553-44b872b08ae0",
        ]
        [1m[0mtags[0m[0m                         = {}
        [90m# (8 unchanged attributes hidden)[0m[0m

        [90m# (1 unchanged block hidden)[0m[0m
    }

[1m  # module.queues.aws_connect_queue._381_gonzalez_m_d_and_aswad_m_d[0m will be updated in-place[0m[0m
[0m  [33m~[0m[0m resource "aws_connect_queue" "_381_gonzalez_m_d_and_aswad_m_d" {
        [1m[0mid[0m[0m                           = "03103f71-db62-4f61-9432-4bfae356b3e3:347dc7cb-1248-448b-b8f3-59f1dae723f2"
      [33m~[0m [0m[1m[0minstance_id[0m[0m                  = "03103f71-db62-4f61-9432-4bfae356b3e3" [33m->[0m [0m(known after apply)
        [1m[0mname[0m[0m                         = "381 Gonzalez M D and Aswad M D"
        [1m[0mtags[0m[0m                         = {}
        [90m# (9 unchanged attributes hidden)[0m[0m

        [90m# (1 unchanged block hidden)[0m[0m
    }

[1m  # module.queues.aws_connect_queue._382_charter_research[0m will be updated in-place[0m[0m
[0m  [33m~[0m[0m resource "aws_connect_queue" "_382_charter_research" {
        [1m[0mid[0m[0m                           = "03103f71-db62-4f61-9432-4bfae356b3e3:cc01a6b7-b32c-4305-b797-97d06b8ee9bc"
      [33m~[0m [0m[1m[0minstance_id[0m[0m                  = "03103f71-db62-4f61-9432-4bfae356b3e3" [33m->[0m [0m(known after apply)
        [1m[0mname[0m[0m                         = "382 Charter Research"
      [33m~[0m [0m[1m[0mquick_connect_ids[0m[0m            = [
          [31m-[0m [0m"942e2461-3f08-4823-a32c-fca2415dcd48",
          [31m-[0m [0m"b54cb2d3-e63a-4047-b64f-8a7d1dcba3b9",
          [31m-[0m [0m"b65c708e-4ed9-4e45-8553-44b872b08ae0",
        ]
        [1m[0mtags[0m[0m                         = {}
        [90m# (8 unchanged attributes hidden)[0m[0m

        [90m# (1 unchanged block hidden)[0m[0m
    }

[1m  # module.queues.aws_connect_queue._383_advanced_clinical_research_network[0m will be updated in-place[0m[0m
[0m  [33m~[0m[0m resource "aws_connect_queue" "_383_advanced_clinical_research_network" {
        [1m[0mid[0m[0m                           = "03103f71-db62-4f61-9432-4bfae356b3e3:135e7f50-283d-445e-aeec-d0f3f6956b80"
      [33m~[0m [0m[1m[0minstance_id[0m[0m                  = "03103f71-db62-4f61-9432-4bfae356b3e3" [33m->[0m [0m(known after apply)
        [1m[0mname[0m[0m                         = "383 Advanced Clinical Research Network"
      [33m~[0m [0m[1m[0mquick_connect_ids[0m[0m            = [
          [31m-[0m [0m"1fbef5f4-a936-4f2f-b9af-a6a140d47c4b",
          [31m-[0m [0m"942e2461-3f08-4823-a32c-fca2415dcd48",
          [31m-[0m [0m"b65c708e-4ed9-4e45-8553-44b872b08ae0",
        ]
        [1m[0mtags[0m[0m                         = {}
        [90m# (8 unchanged attributes hidden)[0m[0m

        [90m# (1 unchanged block hidden)[0m[0m
    }

[1m  # module.queues.aws_connect_queue._385_national_clinical_research[0m will be updated in-place[0m[0m
[0m  [33m~[0m[0m resource "aws_connect_queue" "_385_national_clinical_research" {
        [1m[0mid[0m[0m                           = "03103f71-db62-4f61-9432-4bfae356b3e3:04dcfbb4-2ebd-401e-ba5d-a4b2c7adb5ac"
      [33m~[0m [0m[1m[0minstance_id[0m[0m                  = "03103f71-db62-4f61-9432-4bfae356b3e3" [33m->[0m [0m(known after apply)
        [1m[0mname[0m[0m                         = "385 National Clinical Research"
      [33m~[0m [0m[1m[0mquick_connect_ids[0m[0m            = [
          [31m-[0m [0m"2eb618a8-70c3-4ecb-8588-28cb9bcaf988",
          [31m-[0m [0m"942e2461-3f08-4823-a32c-fca2415dcd48",
          [31m-[0m [0m"b65c708e-4ed9-4e45-8553-44b872b08ae0",
        ]
        [1m[0mtags[0m[0m                         = {}
        [90m# (8 unchanged attributes hidden)[0m[0m

        [90m# (1 unchanged block hidden)[0m[0m
    }

[1m  # module.queues.aws_connect_queue._388_eastern_virginia_medical_school[0m will be updated in-place[0m[0m
[0m  [33m~[0m[0m resource "aws_connect_queue" "_388_eastern_virginia_medical_school" {
        [1m[0mid[0m[0m                           = "03103f71-db62-4f61-9432-4bfae356b3e3:c7d299fc-ddec-45ce-8f5c-68a63de6bbb1"
      [33m~[0m [0m[1m[0minstance_id[0m[0m                  = "03103f71-db62-4f61-9432-4bfae356b3e3" [33m->[0m [0m(known after apply)
        [1m[0mname[0m[0m                         = "388 Eastern Virginia Medical School"
        [1m[0mtags[0m[0m                         = {}
        [90m# (9 unchanged attributes hidden)[0m[0m

        [90m# (1 unchanged block hidden)[0m[0m
    }

[1m  # module.queues.aws_connect_queue._389_ralph_h_johnson_med_center[0m will be updated in-place[0m[0m
[0m  [33m~[0m[0m resource "aws_connect_queue" "_389_ralph_h_johnson_med_center" {
        [1m[0mid[0m[0m                           = "03103f71-db62-4f61-9432-4bfae356b3e3:5c9d39d4-de8e-4209-9147-e89f2838f0ab"
      [33m~[0m [0m[1m[0minstance_id[0m[0m                  = "03103f71-db62-4f61-9432-4bfae356b3e3" [33m->[0m [0m(known after apply)
        [1m[0mname[0m[0m                         = "389 Ralph H. Johnson Med Center"
        [1m[0mtags[0m[0m                         = {}
        [90m# (9 unchanged attributes hidden)[0m[0m

        [90m# (1 unchanged block hidden)[0m[0m
    }

[1m  # module.queues.aws_connect_queue._3_university_of_southern_california[0m will be updated in-place[0m[0m
[0m  [33m~[0m[0m resource "aws_connect_queue" "_3_university_of_southern_california" {
        [1m[0mid[0m[0m                           = "03103f71-db62-4f61-9432-4bfae356b3e3:005be438-2a23-42ee-853d-4e2fd9489f26"
      [33m~[0m [0m[1m[0minstance_id[0m[0m                  = "03103f71-db62-4f61-9432-4bfae356b3e3" [33m->[0m [0m(known after apply)
        [1m[0mname[0m[0m                         = "3 University of Southern California"
      [33m~[0m [0m[1m[0mquick_connect_ids[0m[0m            = [
          [31m-[0m [0m"4cc62b82-e061-41ac-badd-8c3420dc2a2a",
          [31m-[0m [0m"942e2461-3f08-4823-a32c-fca2415dcd48",
          [31m-[0m [0m"b65c708e-4ed9-4e45-8553-44b872b08ae0",
        ]
        [1m[0mtags[0m[0m                         = {}
        [90m# (8 unchanged attributes hidden)[0m[0m

        [90m# (1 unchanged block hidden)[0m[0m
    }

[1m  # module.queues.aws_connect_queue._41_yale_university[0m will be updated in-place[0m[0m
[0m  [33m~[0m[0m resource "aws_connect_queue" "_41_yale_university" {
        [1m[0mid[0m[0m                           = "03103f71-db62-4f61-9432-4bfae356b3e3:3a6457dd-c6aa-4bdb-9a83-a48c2403ab49"
      [33m~[0m [0m[1m[0minstance_id[0m[0m                  = "03103f71-db62-4f61-9432-4bfae356b3e3" [33m->[0m [0m(known after apply)
        [1m[0mname[0m[0m                         = "41 Yale University"
      [33m~[0m [0m[1m[0mquick_connect_ids[0m[0m            = [
          [31m-[0m [0m"942e2461-3f08-4823-a32c-fca2415dcd48",
          [31m-[0m [0m"b65c708e-4ed9-4e45-8553-44b872b08ae0",
          [31m-[0m [0m"c8012da7-6d7d-4b12-890a-a029fc7a2fb0",
        ]
        [1m[0mtags[0m[0m                         = {}
        [90m# (8 unchanged attributes hidden)[0m[0m

        [90m# (1 unchanged block hidden)[0m[0m
    }

[1m  # module.queues.aws_connect_queue._67_northwestern_university[0m will be updated in-place[0m[0m
[0m  [33m~[0m[0m resource "aws_connect_queue" "_67_northwestern_university" {
        [1m[0mid[0m[0m                           = "03103f71-db62-4f61-9432-4bfae356b3e3:f12e7427-6a04-4bbf-b12f-aea904301145"
      [33m~[0m [0m[1m[0minstance_id[0m[0m                  = "03103f71-db62-4f61-9432-4bfae356b3e3" [33m->[0m [0m(known after apply)
        [1m[0mname[0m[0m                         = "67 Northwestern University"
      [33m~[0m [0m[1m[0mquick_connect_ids[0m[0m            = [
          [31m-[0m [0m"942e2461-3f08-4823-a32c-fca2415dcd48",
          [31m-[0m [0m"b65c708e-4ed9-4e45-8553-44b872b08ae0",
          [31m-[0m [0m"fdab0775-d8b0-470c-af17-68824a4e975e",
        ]
        [1m[0mtags[0m[0m                         = {}
        [90m# (8 unchanged attributes hidden)[0m[0m

        [90m# (1 unchanged block hidden)[0m[0m
    }

[1m  # module.queues.aws_connect_queue._6_university_of_michigan[0m will be updated in-place[0m[0m
[0m  [33m~[0m[0m resource "aws_connect_queue" "_6_university_of_michigan" {
        [1m[0mid[0m[0m                           = "03103f71-db62-4f61-9432-4bfae356b3e3:44e9bfc7-b1e6-4315-8b55-ffe9c6a9bb81"
      [33m~[0m [0m[1m[0minstance_id[0m[0m                  = "03103f71-db62-4f61-9432-4bfae356b3e3" [33m->[0m [0m(known after apply)
        [1m[0mname[0m[0m                         = "6 University of Michigan"
      [33m~[0m [0m[1m[0mquick_connect_ids[0m[0m            = [
          [31m-[0m [0m"6b332c10-e810-4e64-8fc3-3a3a8f4b7fd6",
          [31m-[0m [0m"942e2461-3f08-4823-a32c-fca2415dcd48",
          [31m-[0m [0m"b65c708e-4ed9-4e45-8553-44b872b08ae0",
        ]
        [1m[0mtags[0m[0m                         = {}
        [90m# (8 unchanged attributes hidden)[0m[0m

        [90m# (1 unchanged block hidden)[0m[0m
    }

[1m  # module.queues.aws_connect_queue._73_university_of_california_san_francisco[0m will be updated in-place[0m[0m
[0m  [33m~[0m[0m resource "aws_connect_queue" "_73_university_of_california_san_francisco" {
        [1m[0mid[0m[0m                           = "03103f71-db62-4f61-9432-4bfae356b3e3:7dfbccac-8d0b-4122-8cf8-8dc53f2b3416"
      [33m~[0m [0m[1m[0minstance_id[0m[0m                  = "03103f71-db62-4f61-9432-4bfae356b3e3" [33m->[0m [0m(known after apply)
        [1m[0mname[0m[0m                         = "73 University of California San Francisco"
      [33m~[0m [0m[1m[0mquick_connect_ids[0m[0m            = [
          [31m-[0m [0m"424c1c9b-03b2-4c3a-b6ec-07055863da4a",
          [31m-[0m [0m"942e2461-3f08-4823-a32c-fca2415dcd48",
          [31m-[0m [0m"b65c708e-4ed9-4e45-8553-44b872b08ae0",
        ]
        [1m[0mtags[0m[0m                         = {}
        [90m# (8 unchanged attributes hidden)[0m[0m

        [90m# (1 unchanged block hidden)[0m[0m
    }

[1m  # module.queues.aws_connect_queue._7_mayo_clinic_rochester[0m will be updated in-place[0m[0m
[0m  [33m~[0m[0m resource "aws_connect_queue" "_7_mayo_clinic_rochester" {
        [1m[0mid[0m[0m                           = "03103f71-db62-4f61-9432-4bfae356b3e3:f932ee58-fd36-4fbc-a578-4f4f45ab2e36"
      [33m~[0m [0m[1m[0minstance_id[0m[0m                  = "03103f71-db62-4f61-9432-4bfae356b3e3" [33m->[0m [0m(known after apply)
        [1m[0mname[0m[0m                         = "7 Mayo Clinic Rochester"
      [33m~[0m [0m[1m[0mquick_connect_ids[0m[0m            = [
          [31m-[0m [0m"942e2461-3f08-4823-a32c-fca2415dcd48",
          [31m-[0m [0m"94721c37-28db-46f1-882f-d492e80f1463",
          [31m-[0m [0m"b65c708e-4ed9-4e45-8553-44b872b08ae0",
        ]
        [1m[0mtags[0m[0m                         = {}
        [90m# (8 unchanged attributes hidden)[0m[0m

        [90m# (1 unchanged block hidden)[0m[0m
    }

[1m  # module.queues.aws_connect_queue._82_georgetown_university[0m will be updated in-place[0m[0m
[0m  [33m~[0m[0m resource "aws_connect_queue" "_82_georgetown_university" {
        [1m[0mid[0m[0m                           = "03103f71-db62-4f61-9432-4bfae356b3e3:20aaa104-a04c-4af5-95b6-0aa105e488e3"
      [33m~[0m [0m[1m[0minstance_id[0m[0m                  = "03103f71-db62-4f61-9432-4bfae356b3e3" [33m->[0m [0m(known after apply)
        [1m[0mname[0m[0m                         = "82 Georgetown University"
        [1m[0mtags[0m[0m                         = {}
        [90m# (9 unchanged attributes hidden)[0m[0m

        [90m# (1 unchanged block hidden)[0m[0m
    }

[1m  # module.queues.aws_connect_queue._941_butler_hospital[0m will be updated in-place[0m[0m
[0m  [33m~[0m[0m resource "aws_connect_queue" "_941_butler_hospital" {
        [1m[0mid[0m[0m                           = "03103f71-db62-4f61-9432-4bfae356b3e3:d7a0e994-46e8-4802-8878-99a014bd3289"
      [33m~[0m [0m[1m[0minstance_id[0m[0m                  = "03103f71-db62-4f61-9432-4bfae356b3e3" [33m->[0m [0m(known after apply)
        [1m[0mname[0m[0m                         = "941 Butler Hospital"
      [33m~[0m [0m[1m[0mquick_connect_ids[0m[0m            = [
          [31m-[0m [0m"942e2461-3f08-4823-a32c-fca2415dcd48",
          [31m-[0m [0m"b65c708e-4ed9-4e45-8553-44b872b08ae0",
          [31m-[0m [0m"de8f6fcf-859c-4fff-8854-4cdfb55446dc",
        ]
        [1m[0mtags[0m[0m                         = {}
        [90m# (8 unchanged attributes hidden)[0m[0m

        [90m# (1 unchanged block hidden)[0m[0m
    }

[1m  # module.queues.aws_connect_queue._94_brigham_and_women[0m will be updated in-place[0m[0m
[0m  [33m~[0m[0m resource "aws_connect_queue" "_94_brigham_and_women" {
        [1m[0mid[0m[0m                           = "03103f71-db62-4f61-9432-4bfae356b3e3:7a19b2bb-61f4-49ee-b340-002e4e4598e4"
      [33m~[0m [0m[1m[0minstance_id[0m[0m                  = "03103f71-db62-4f61-9432-4bfae356b3e3" [33m->[0m [0m(known after apply)
        [1m[0mname[0m[0m                         = "94 Brigham and Women"
      [33m~[0m [0m[1m[0mquick_connect_ids[0m[0m            = [
          [31m-[0m [0m"942e2461-3f08-4823-a32c-fca2415dcd48",
          [31m-[0m [0m"b65c708e-4ed9-4e45-8553-44b872b08ae0",
          [31m-[0m [0m"ffb1e8d6-c710-42bb-a308-7eb03b0d6ec8",
        ]
        [1m[0mtags[0m[0m                         = {}
        [90m# (8 unchanged attributes hidden)[0m[0m

        [90m# (1 unchanged block hidden)[0m[0m
    }

[1m  # module.queues.aws_connect_queue._98_stanford_university[0m will be updated in-place[0m[0m
[0m  [33m~[0m[0m resource "aws_connect_queue" "_98_stanford_university" {
        [1m[0mid[0m[0m                           = "03103f71-db62-4f61-9432-4bfae356b3e3:c61160f7-7522-45c3-afba-9dc8f86e86f6"
      [33m~[0m [0m[1m[0minstance_id[0m[0m                  = "03103f71-db62-4f61-9432-4bfae356b3e3" [33m->[0m [0m(known after apply)
        [1m[0mname[0m[0m                         = "98 Stanford University"
      [33m~[0m [0m[1m[0mquick_connect_ids[0m[0m            = [
          [31m-[0m [0m"913ca4a9-4dde-48ac-ac6e-7e5bbcfa303e",
          [31m-[0m [0m"942e2461-3f08-4823-a32c-fca2415dcd48",
          [31m-[0m [0m"b65c708e-4ed9-4e45-8553-44b872b08ae0",
        ]
        [1m[0mtags[0m[0m                         = {}
        [90m# (8 unchanged attributes hidden)[0m[0m

        [90m# (1 unchanged block hidden)[0m[0m
    }

[1m  # module.queues.aws_connect_queue._99_banner_sun_health_research_institute[0m will be updated in-place[0m[0m
[0m  [33m~[0m[0m resource "aws_connect_queue" "_99_banner_sun_health_research_institute" {
        [1m[0mid[0m[0m                           = "03103f71-db62-4f61-9432-4bfae356b3e3:a2d7d453-0e45-476a-ac84-46f3566f3699"
      [33m~[0m [0m[1m[0minstance_id[0m[0m                  = "03103f71-db62-4f61-9432-4bfae356b3e3" [33m->[0m [0m(known after apply)
        [1m[0mname[0m[0m                         = "99 Banner Sun Health Research Institute"
      [33m~[0m [0m[1m[0mquick_connect_ids[0m[0m            = [
          [31m-[0m [0m"942e2461-3f08-4823-a32c-fca2415dcd48",
          [31m-[0m [0m"b65c708e-4ed9-4e45-8553-44b872b08ae0",
          [31m-[0m [0m"fbbbe68a-f5d1-4acd-9929-7f0950465cd9",
        ]
        [1m[0mtags[0m[0m                         = {}
        [90m# (8 unchanged attributes hidden)[0m[0m

        [90m# (1 unchanged block hidden)[0m[0m
    }

[1m  # module.queues.aws_connect_queue._9_baylor_college_of_medicine[0m will be updated in-place[0m[0m
[0m  [33m~[0m[0m resource "aws_connect_queue" "_9_baylor_college_of_medicine" {
        [1m[0mid[0m[0m                           = "03103f71-db62-4f61-9432-4bfae356b3e3:f5e9c365-9298-49f1-b9b2-ff0cf5b7fa68"
      [33m~[0m [0m[1m[0minstance_id[0m[0m                  = "03103f71-db62-4f61-9432-4bfae356b3e3" [33m->[0m [0m(known after apply)
        [1m[0mname[0m[0m                         = "9 Baylor College of Medicine"
      [33m~[0m [0m[1m[0mquick_connect_ids[0m[0m            = [
          [31m-[0m [0m"942e2461-3f08-4823-a32c-fca2415dcd48",
          [31m-[0m [0m"b65c708e-4ed9-4e45-8553-44b872b08ae0",
          [31m-[0m [0m"c68dc24a-256f-4c3c-a36e-08c0f97be681",
        ]
        [1m[0mtags[0m[0m                         = {}
        [90m# (8 unchanged attributes hidden)[0m[0m

        [90m# (1 unchanged block hidden)[0m[0m
    }

[1m  # module.queues.aws_connect_queue.a_d_a_connect_the_dots_pilot[0m will be updated in-place[0m[0m
[0m  [33m~[0m[0m resource "aws_connect_queue" "a_d_a_connect_the_dots_pilot" {
        [1m[0mid[0m[0m                           = "03103f71-db62-4f61-9432-4bfae356b3e3:72c7a777-c6d2-4331-b950-6dd21f893cfa"
      [33m~[0m [0m[1m[0minstance_id[0m[0m                  = "03103f71-db62-4f61-9432-4bfae356b3e3" [33m->[0m [0m(known after apply)
        [1m[0mname[0m[0m                         = "A D A Connect the Dots Pilot"
      [33m~[0m [0m[1m[0mquick_connect_ids[0m[0m            = [
          [31m-[0m [0m"02d8cd41-a0fd-4b18-8b9d-a10074ae298b",
          [31m-[0m [0m"0bfb8f00-a9ea-41de-a34f-f737545e0506",
          [31m-[0m [0m"15be88bf-298f-49f1-8eb6-69c31ea74696",
          [31m-[0m [0m"26fc5bcf-ce8b-48e8-b950-59313272af35",
          [31m-[0m [0m"3d34ae09-d04d-4971-9467-36b6c9a055e1",
          [31m-[0m [0m"42c0d9b8-b333-4b31-a64e-2f2a1f63a028",
          [31m-[0m [0m"6f6c9fb8-8e30-41f3-8dc0-c1fcb0e6b39a",
          [31m-[0m [0m"6f6cc569-d4b8-414a-b8d9-09391a97d281",
          [31m-[0m [0m"784e73c9-677a-4bc5-a5fc-9b733a058c51",
          [31m-[0m [0m"81bddd69-84d7-4107-abc3-e2cba8e8ea0d",
          [31m-[0m [0m"942e2461-3f08-4823-a32c-fca2415dcd48",
          [31m-[0m [0m"ae21e911-abd7-4999-845d-0ffd6275ed19",
          [31m-[0m [0m"b65c708e-4ed9-4e45-8553-44b872b08ae0",
          [31m-[0m [0m"b7b3d95d-89b8-4a28-8c1b-84ffea4b5d92",
          [31m-[0m [0m"c0bf023a-7603-47be-ad22-f279dff938d3",
          [31m-[0m [0m"d4c40248-c333-4210-a4c1-c5ffef30bcc8",
          [31m-[0m [0m"db3ebb85-02ed-47cc-a3cd-d0a71046c473",
          [31m-[0m [0m"e81afb63-4713-4bd2-8613-09e1e67ab175",
          [31m-[0m [0m"ee3005b7-31ec-490e-9cdc-31353ff0528b",
          [31m-[0m [0m"ff6305a4-f1e6-4b3f-80a6-a695beb34120",
        ]
        [1m[0mtags[0m[0m                         = {}
        [90m# (8 unchanged attributes hidden)[0m[0m

        [90m# (1 unchanged block hidden)[0m[0m
    }

[1m  # module.queues.aws_connect_queue.ada[0m will be updated in-place[0m[0m
[0m  [33m~[0m[0m resource "aws_connect_queue" "ada" {
        [1m[0mid[0m[0m                           = "03103f71-db62-4f61-9432-4bfae356b3e3:60422cc8-319d-4c00-bd92-416a14145f3e"
      [33m~[0m [0m[1m[0minstance_id[0m[0m                  = "03103f71-db62-4f61-9432-4bfae356b3e3" [33m->[0m [0m(known after apply)
        [1m[0mname[0m[0m                         = "ADA"
      [33m~[0m [0m[1m[0mquick_connect_ids[0m[0m            = [
          [31m-[0m [0m"02d8cd41-a0fd-4b18-8b9d-a10074ae298b",
          [31m-[0m [0m"0bfb8f00-a9ea-41de-a34f-f737545e0506",
          [31m-[0m [0m"15be88bf-298f-49f1-8eb6-69c31ea74696",
          [31m-[0m [0m"26fc5bcf-ce8b-48e8-b950-59313272af35",
          [31m-[0m [0m"3d34ae09-d04d-4971-9467-36b6c9a055e1",
          [31m-[0m [0m"42c0d9b8-b333-4b31-a64e-2f2a1f63a028",
          [31m-[0m [0m"6f6c9fb8-8e30-41f3-8dc0-c1fcb0e6b39a",
          [31m-[0m [0m"6f6cc569-d4b8-414a-b8d9-09391a97d281",
          [31m-[0m [0m"784e73c9-677a-4bc5-a5fc-9b733a058c51",
          [31m-[0m [0m"81bddd69-84d7-4107-abc3-e2cba8e8ea0d",
          [31m-[0m [0m"942e2461-3f08-4823-a32c-fca2415dcd48",
          [31m-[0m [0m"ae21e911-abd7-4999-845d-0ffd6275ed19",
          [31m-[0m [0m"b65c708e-4ed9-4e45-8553-44b872b08ae0",
          [31m-[0m [0m"b7b3d95d-89b8-4a28-8c1b-84ffea4b5d92",
          [31m-[0m [0m"c0bf023a-7603-47be-ad22-f279dff938d3",
          [31m-[0m [0m"d4c40248-c333-4210-a4c1-c5ffef30bcc8",
          [31m-[0m [0m"db3ebb85-02ed-47cc-a3cd-d0a71046c473",
          [31m-[0m [0m"e81afb63-4713-4bd2-8613-09e1e67ab175",
          [31m-[0m [0m"ee3005b7-31ec-490e-9cdc-31353ff0528b",
          [31m-[0m [0m"ff6305a4-f1e6-4b3f-80a6-a695beb34120",
        ]
        [1m[0mtags[0m[0m                         = {}
        [90m# (8 unchanged attributes hidden)[0m[0m

        [90m# (1 unchanged block hidden)[0m[0m
    }

[1m  # module.queues.aws_connect_queue.ahead[0m will be updated in-place[0m[0m
[0m  [33m~[0m[0m resource "aws_connect_queue" "ahead" {
        [1m[0mid[0m[0m                           = "03103f71-db62-4f61-9432-4bfae356b3e3:26c3013e-50df-42f2-9622-062de5b0395c"
      [33m~[0m [0m[1m[0minstance_id[0m[0m                  = "03103f71-db62-4f61-9432-4bfae356b3e3" [33m->[0m [0m(known after apply)
        [1m[0mname[0m[0m                         = "AHEAD"
        [1m[0mtags[0m[0m                         = {}
        [90m# (9 unchanged attributes hidden)[0m[0m

        [90m# (1 unchanged block hidden)[0m[0m
    }

[1m  # module.queues.aws_connect_queue.ahead_age_ineligible[0m will be updated in-place[0m[0m
[0m  [33m~[0m[0m resource "aws_connect_queue" "ahead_age_ineligible" {
        [1m[0mid[0m[0m                           = "03103f71-db62-4f61-9432-4bfae356b3e3:c382aa91-7807-4b20-8662-924174d8e220"
      [33m~[0m [0m[1m[0minstance_id[0m[0m                  = "03103f71-db62-4f61-9432-4bfae356b3e3" [33m->[0m [0m(known after apply)
        [1m[0mname[0m[0m                         = "AHEAD-Age Ineligible"
        [1m[0mtags[0m[0m                         = {}
        [90m# (9 unchanged attributes hidden)[0m[0m

        [90m# (1 unchanged block hidden)[0m[0m
    }

[1m  # module.queues.aws_connect_queue.ahead_canada[0m will be updated in-place[0m[0m
[0m  [33m~[0m[0m resource "aws_connect_queue" "ahead_canada" {
        [1m[0mid[0m[0m                           = "03103f71-db62-4f61-9432-4bfae356b3e3:00fc93e6-976c-4181-9877-50a1e6d78fcd"
      [33m~[0m [0m[1m[0minstance_id[0m[0m                  = "03103f71-db62-4f61-9432-4bfae356b3e3" [33m->[0m [0m(known after apply)
        [1m[0mname[0m[0m                         = "AHEAD-Canada"
        [1m[0mtags[0m[0m                         = {}
        [90m# (9 unchanged attributes hidden)[0m[0m

        [90m# (1 unchanged block hidden)[0m[0m
    }

[1m  # module.queues.aws_connect_queue.ahead_distance_ineligible[0m will be updated in-place[0m[0m
[0m  [33m~[0m[0m resource "aws_connect_queue" "ahead_distance_ineligible" {
        [1m[0mid[0m[0m                           = "03103f71-db62-4f61-9432-4bfae356b3e3:01599373-9c61-4755-9b33-326d01ed915c"
      [33m~[0m [0m[1m[0minstance_id[0m[0m                  = "03103f71-db62-4f61-9432-4bfae356b3e3" [33m->[0m [0m(known after apply)
        [1m[0mname[0m[0m                         = "AHEAD-Distance Ineligible"
        [1m[0mtags[0m[0m                         = {}
        [90m# (9 unchanged attributes hidden)[0m[0m

        [90m# (1 unchanged block hidden)[0m[0m
    }

[1m  # module.queues.aws_connect_queue.ahead_incomplete_entry[0m will be updated in-place[0m[0m
[0m  [33m~[0m[0m resource "aws_connect_queue" "ahead_incomplete_entry" {
        [1m[0mid[0m[0m                           = "03103f71-db62-4f61-9432-4bfae356b3e3:4927c77b-66ab-4a85-824c-205cb654c01e"
      [33m~[0m [0m[1m[0minstance_id[0m[0m                  = "03103f71-db62-4f61-9432-4bfae356b3e3" [33m->[0m [0m(known after apply)
        [1m[0mname[0m[0m                         = "AHEAD-Incomplete Entry"
      [33m~[0m [0m[1m[0mquick_connect_ids[0m[0m            = [
          [31m-[0m [0m"065fcacb-c2ee-431d-b6b6-ced31c1bdcdb",
          [31m-[0m [0m"085a8bc5-e155-4a33-b9d4-a6a4e3c4aa50",
          [31m-[0m [0m"0e312629-64a1-4fd4-b429-6fc0a6b872c2",
          [31m-[0m [0m"135be2a5-3084-4218-8577-363db8fa4fc4",
          [31m-[0m [0m"14eeb07c-177e-4e0c-8d76-ada438ef1514",
          [31m-[0m [0m"16fa858d-49aa-4871-9fca-637e392fadeb",
          [31m-[0m [0m"16fb323f-b31b-4a81-aac5-d33b0517e86a",
          [31m-[0m [0m"17e97473-2a53-4038-a730-dde5b2b390fb",
          [31m-[0m [0m"1b2c1a23-bb73-41a3-8e4a-ef02f7f96451",
          [31m-[0m [0m"1b677567-db7c-41bf-8a46-aad70a1d313f",
          [31m-[0m [0m"1e10be14-0afc-4736-98bb-1e1f1505d236",
          [31m-[0m [0m"1ee2e4c7-9773-40e6-865b-20495900065f",
          [31m-[0m [0m"1fbef5f4-a936-4f2f-b9af-a6a140d47c4b",
          [31m-[0m [0m"28a5b4f5-f4bf-464c-91ff-af801e82ca13",
          [31m-[0m [0m"2eb618a8-70c3-4ecb-8588-28cb9bcaf988",
          [31m-[0m [0m"34392203-c736-4835-ba21-673de072ec56",
          [31m-[0m [0m"43d0a84b-d875-4903-bfee-bef0b96c863b",
          [31m-[0m [0m"4c41a25d-7bf1-4084-83d9-b8f1c769fd12",
          [31m-[0m [0m"4cc62b82-e061-41ac-badd-8c3420dc2a2a",
          [31m-[0m [0m"53d6cf37-c931-4801-bba2-dc9038e83ec8",
          [31m-[0m [0m"593b43a3-06ab-4a9f-ae2b-26ccf7e0abbd",
          [31m-[0m [0m"61a8ab06-6459-4525-a45d-44f04d4dccfc",
          [31m-[0m [0m"75dad0ce-7908-48cc-8d4a-fccdb342a82d",
          [31m-[0m [0m"76a23278-c260-4aba-8fcc-3049ace232d6",
          [31m-[0m [0m"7bc0f6ac-11dc-4b48-b22f-fd6d504a68d3",
          [31m-[0m [0m"7c5aafd3-0485-4a6b-be42-fce471f4f443",
          [31m-[0m [0m"8304262b-6ef4-4c48-8c16-36fd5e997c8f",
          [31m-[0m [0m"869fff57-7ca5-47d7-a219-46dcf138344e",
          [31m-[0m [0m"8a53eb53-5ddd-4e52-9a94-5c5db0472d04",
          [31m-[0m [0m"8a7b380b-1f59-4315-a32a-616765eda5c0",
          [31m-[0m [0m"8d3671b3-157b-49e0-a8b1-3994fce7c5d6",
          [31m-[0m [0m"91834fd2-cfb0-4985-a07f-efee80127368",
          [31m-[0m [0m"93ce6f90-c52e-445c-8da4-c73d32023378",
          [31m-[0m [0m"942e2461-3f08-4823-a32c-fca2415dcd48",
          [31m-[0m [0m"9b124cf4-dfbc-4dcf-8e2c-0e87711a8867",
          [31m-[0m [0m"a84d1813-ac14-4569-9743-e1702beb7290",
          [31m-[0m [0m"a9a5a088-a4e3-4e8b-92d0-7f726123e995",
          [31m-[0m [0m"b54cb2d3-e63a-4047-b64f-8a7d1dcba3b9",
          [31m-[0m [0m"b65c708e-4ed9-4e45-8553-44b872b08ae0",
          [31m-[0m [0m"b7c7faa7-0cd5-4301-a1c1-dd6bd8534f3e",
          [31m-[0m [0m"b7fe6fa8-44bc-475f-abdb-6545d059cde6",
          [31m-[0m [0m"bcbedba4-9eab-4e82-b123-aa91261904df",
          [31m-[0m [0m"bec98f8a-7df7-41d4-a535-877d17913eef",
          [31m-[0m [0m"bf9250ca-6510-4e62-8627-342e645077c7",
          [31m-[0m [0m"c3905fe1-8913-4404-8380-afe40f6c7ecf",
          [31m-[0m [0m"c396455c-a83e-4028-bc24-b7fdde3e17b3",
          [31m-[0m [0m"c6065f42-ff18-4179-94a7-720390580103",
          [31m-[0m [0m"c8012da7-6d7d-4b12-890a-a029fc7a2fb0",
          [31m-[0m [0m"ca186448-f546-4496-a21a-6712152ee47e",
          [31m-[0m [0m"ca8f2158-6b54-4efc-bb37-592628e2c453",
          [31m-[0m [0m"d4fc7e84-abd3-4f7d-b022-8750cd7b0889",
          [31m-[0m [0m"d9f1f0ac-35ea-4ec0-b727-7efd198036d3",
          [31m-[0m [0m"df934745-a6d0-4dad-8cfd-4feedf4bd061",
          [31m-[0m [0m"e0af3450-f239-4a95-9b9e-0bc95c5bc44f",
          [31m-[0m [0m"e1650a0f-6a3e-4ecb-8c94-d05345c4f10c",
          [31m-[0m [0m"e33a966d-2375-4605-8640-cb4d26136122",
          [31m-[0m [0m"eb51f200-39bb-4028-969d-68e5d3564458",
          [31m-[0m [0m"ef024046-12c6-4c3b-8708-3f87fdfa8707",
          [31m-[0m [0m"f27ea444-c14b-43d9-b534-fea148bb65f5",
          [31m-[0m [0m"f4dcdde6-b6d8-478b-a5b8-3c3a17d378f7",
          [31m-[0m [0m"f77f0120-d0fd-40d3-a798-39a979044921",
          [31m-[0m [0m"f8a262cc-c386-4d6d-97d2-c83846828fb2",
        ]
        [1m[0mtags[0m[0m                         = {}
        [90m# (8 unchanged attributes hidden)[0m[0m

        [90m# (1 unchanged block hidden)[0m[0m
    }

[1m  # module.queues.aws_connect_queue.ahead_spanish[0m will be updated in-place[0m[0m
[0m  [33m~[0m[0m resource "aws_connect_queue" "ahead_spanish" {
        [1m[0mid[0m[0m                           = "03103f71-db62-4f61-9432-4bfae356b3e3:68ff3116-e949-49dc-947f-9da7381e75c3"
      [33m~[0m [0m[1m[0minstance_id[0m[0m                  = "03103f71-db62-4f61-9432-4bfae356b3e3" [33m->[0m [0m(known after apply)
        [1m[0mname[0m[0m                         = "AHEAD-Spanish"
      [33m~[0m [0m[1m[0mquick_connect_ids[0m[0m            = [
          [31m-[0m [0m"065fcacb-c2ee-431d-b6b6-ced31c1bdcdb",
          [31m-[0m [0m"085a8bc5-e155-4a33-b9d4-a6a4e3c4aa50",
          [31m-[0m [0m"0e312629-64a1-4fd4-b429-6fc0a6b872c2",
          [31m-[0m [0m"135be2a5-3084-4218-8577-363db8fa4fc4",
          [31m-[0m [0m"14eeb07c-177e-4e0c-8d76-ada438ef1514",
          [31m-[0m [0m"16fa858d-49aa-4871-9fca-637e392fadeb",
          [31m-[0m [0m"16fb323f-b31b-4a81-aac5-d33b0517e86a",
          [31m-[0m [0m"17e97473-2a53-4038-a730-dde5b2b390fb",
          [31m-[0m [0m"1b2c1a23-bb73-41a3-8e4a-ef02f7f96451",
          [31m-[0m [0m"1b677567-db7c-41bf-8a46-aad70a1d313f",
          [31m-[0m [0m"1e10be14-0afc-4736-98bb-1e1f1505d236",
          [31m-[0m [0m"1ee2e4c7-9773-40e6-865b-20495900065f",
          [31m-[0m [0m"1fbef5f4-a936-4f2f-b9af-a6a140d47c4b",
          [31m-[0m [0m"28a5b4f5-f4bf-464c-91ff-af801e82ca13",
          [31m-[0m [0m"2eb618a8-70c3-4ecb-8588-28cb9bcaf988",
          [31m-[0m [0m"34392203-c736-4835-ba21-673de072ec56",
          [31m-[0m [0m"43d0a84b-d875-4903-bfee-bef0b96c863b",
          [31m-[0m [0m"4c41a25d-7bf1-4084-83d9-b8f1c769fd12",
          [31m-[0m [0m"4cc62b82-e061-41ac-badd-8c3420dc2a2a",
          [31m-[0m [0m"53d6cf37-c931-4801-bba2-dc9038e83ec8",
          [31m-[0m [0m"593b43a3-06ab-4a9f-ae2b-26ccf7e0abbd",
          [31m-[0m [0m"61a8ab06-6459-4525-a45d-44f04d4dccfc",
          [31m-[0m [0m"75dad0ce-7908-48cc-8d4a-fccdb342a82d",
          [31m-[0m [0m"76a23278-c260-4aba-8fcc-3049ace232d6",
          [31m-[0m [0m"7bc0f6ac-11dc-4b48-b22f-fd6d504a68d3",
          [31m-[0m [0m"7c5aafd3-0485-4a6b-be42-fce471f4f443",
          [31m-[0m [0m"8304262b-6ef4-4c48-8c16-36fd5e997c8f",
          [31m-[0m [0m"869fff57-7ca5-47d7-a219-46dcf138344e",
          [31m-[0m [0m"8a53eb53-5ddd-4e52-9a94-5c5db0472d04",
          [31m-[0m [0m"8a7b380b-1f59-4315-a32a-616765eda5c0",
          [31m-[0m [0m"8d3671b3-157b-49e0-a8b1-3994fce7c5d6",
          [31m-[0m [0m"91834fd2-cfb0-4985-a07f-efee80127368",
          [31m-[0m [0m"93ce6f90-c52e-445c-8da4-c73d32023378",
          [31m-[0m [0m"942e2461-3f08-4823-a32c-fca2415dcd48",
          [31m-[0m [0m"9b124cf4-dfbc-4dcf-8e2c-0e87711a8867",
          [31m-[0m [0m"a84d1813-ac14-4569-9743-e1702beb7290",
          [31m-[0m [0m"a9a5a088-a4e3-4e8b-92d0-7f726123e995",
          [31m-[0m [0m"b54cb2d3-e63a-4047-b64f-8a7d1dcba3b9",
          [31m-[0m [0m"b65c708e-4ed9-4e45-8553-44b872b08ae0",
          [31m-[0m [0m"b7c7faa7-0cd5-4301-a1c1-dd6bd8534f3e",
          [31m-[0m [0m"b7fe6fa8-44bc-475f-abdb-6545d059cde6",
          [31m-[0m [0m"bcbedba4-9eab-4e82-b123-aa91261904df",
          [31m-[0m [0m"bec98f8a-7df7-41d4-a535-877d17913eef",
          [31m-[0m [0m"bf9250ca-6510-4e62-8627-342e645077c7",
          [31m-[0m [0m"c3905fe1-8913-4404-8380-afe40f6c7ecf",
          [31m-[0m [0m"c396455c-a83e-4028-bc24-b7fdde3e17b3",
          [31m-[0m [0m"c6065f42-ff18-4179-94a7-720390580103",
          [31m-[0m [0m"c8012da7-6d7d-4b12-890a-a029fc7a2fb0",
          [31m-[0m [0m"ca186448-f546-4496-a21a-6712152ee47e",
          [31m-[0m [0m"ca8f2158-6b54-4efc-bb37-592628e2c453",
          [31m-[0m [0m"d4fc7e84-abd3-4f7d-b022-8750cd7b0889",
          [31m-[0m [0m"d9f1f0ac-35ea-4ec0-b727-7efd198036d3",
          [31m-[0m [0m"df934745-a6d0-4dad-8cfd-4feedf4bd061",
          [31m-[0m [0m"e0af3450-f239-4a95-9b9e-0bc95c5bc44f",
          [31m-[0m [0m"e1650a0f-6a3e-4ecb-8c94-d05345c4f10c",
          [31m-[0m [0m"e33a966d-2375-4605-8640-cb4d26136122",
          [31m-[0m [0m"eb51f200-39bb-4028-969d-68e5d3564458",
          [31m-[0m [0m"ef024046-12c6-4c3b-8708-3f87fdfa8707",
          [31m-[0m [0m"f27ea444-c14b-43d9-b534-fea148bb65f5",
          [31m-[0m [0m"f4dcdde6-b6d8-478b-a5b8-3c3a17d378f7",
          [31m-[0m [0m"f77f0120-d0fd-40d3-a798-39a979044921",
          [31m-[0m [0m"f8a262cc-c386-4d6d-97d2-c83846828fb2",
        ]
        [1m[0mtags[0m[0m                         = {}
        [90m# (8 unchanged attributes hidden)[0m[0m

        [90m# (1 unchanged block hidden)[0m[0m
    }

[1m  # module.queues.aws_connect_queue.ahead_study_test_number[0m will be updated in-place[0m[0m
[0m  [33m~[0m[0m resource "aws_connect_queue" "ahead_study_test_number" {
        [1m[0mid[0m[0m                           = "03103f71-db62-4f61-9432-4bfae356b3e3:18cfb2a7-b8a2-4dff-a727-1150f720847b"
      [33m~[0m [0m[1m[0minstance_id[0m[0m                  = "03103f71-db62-4f61-9432-4bfae356b3e3" [33m->[0m [0m(known after apply)
        [1m[0mname[0m[0m                         = "AHEAD Study Test Number"
        [1m[0mtags[0m[0m                         = {}
        [90m# (9 unchanged attributes hidden)[0m[0m

        [90m# (1 unchanged block hidden)[0m[0m
    }

[1m  # module.queues.aws_connect_queue.b_m_c_healthnet[0m will be updated in-place[0m[0m
[0m  [33m~[0m[0m resource "aws_connect_queue" "b_m_c_healthnet" {
        [1m[0mid[0m[0m                           = "03103f71-db62-4f61-9432-4bfae356b3e3:b0a098da-f96d-4075-b9b7-507b9cf077ee"
      [33m~[0m [0m[1m[0minstance_id[0m[0m                  = "03103f71-db62-4f61-9432-4bfae356b3e3" [33m->[0m [0m(known after apply)
        [1m[0mname[0m[0m                         = "B M C HealthNet"
      [33m~[0m [0m[1m[0mquick_connect_ids[0m[0m            = [
          [31m-[0m [0m"02d8cd41-a0fd-4b18-8b9d-a10074ae298b",
          [31m-[0m [0m"0bfb8f00-a9ea-41de-a34f-f737545e0506",
          [31m-[0m [0m"15be88bf-298f-49f1-8eb6-69c31ea74696",
          [31m-[0m [0m"26fc5bcf-ce8b-48e8-b950-59313272af35",
          [31m-[0m [0m"3d34ae09-d04d-4971-9467-36b6c9a055e1",
          [31m-[0m [0m"42c0d9b8-b333-4b31-a64e-2f2a1f63a028",
          [31m-[0m [0m"6f6c9fb8-8e30-41f3-8dc0-c1fcb0e6b39a",
          [31m-[0m [0m"6f6cc569-d4b8-414a-b8d9-09391a97d281",
          [31m-[0m [0m"784e73c9-677a-4bc5-a5fc-9b733a058c51",
          [31m-[0m [0m"81bddd69-84d7-4107-abc3-e2cba8e8ea0d",
          [31m-[0m [0m"942e2461-3f08-4823-a32c-fca2415dcd48",
          [31m-[0m [0m"ae21e911-abd7-4999-845d-0ffd6275ed19",
          [31m-[0m [0m"b65c708e-4ed9-4e45-8553-44b872b08ae0",
          [31m-[0m [0m"b7b3d95d-89b8-4a28-8c1b-84ffea4b5d92",
          [31m-[0m [0m"c0bf023a-7603-47be-ad22-f279dff938d3",
          [31m-[0m [0m"d4c40248-c333-4210-a4c1-c5ffef30bcc8",
          [31m-[0m [0m"db3ebb85-02ed-47cc-a3cd-d0a71046c473",
          [31m-[0m [0m"e81afb63-4713-4bd2-8613-09e1e67ab175",
          [31m-[0m [0m"ee3005b7-31ec-490e-9cdc-31353ff0528b",
          [31m-[0m [0m"ff6305a4-f1e6-4b3f-80a6-a695beb34120",
        ]
        [1m[0mtags[0m[0m                         = {}
        [90m# (8 unchanged attributes hidden)[0m[0m

        [90m# (1 unchanged block hidden)[0m[0m
    }

[1m  # module.queues.aws_connect_queue.berry_global[0m will be updated in-place[0m[0m
[0m  [33m~[0m[0m resource "aws_connect_queue" "berry_global" {
        [1m[0mid[0m[0m                           = "03103f71-db62-4f61-9432-4bfae356b3e3:85826c83-d5f3-432a-bc0a-48c484df5d28"
      [33m~[0m [0m[1m[0minstance_id[0m[0m                  = "03103f71-db62-4f61-9432-4bfae356b3e3" [33m->[0m [0m(known after apply)
        [1m[0mname[0m[0m                         = "Berry Global"
      [33m~[0m [0m[1m[0mquick_connect_ids[0m[0m            = [
          [31m-[0m [0m"02d8cd41-a0fd-4b18-8b9d-a10074ae298b",
          [31m-[0m [0m"0bfb8f00-a9ea-41de-a34f-f737545e0506",
          [31m-[0m [0m"15be88bf-298f-49f1-8eb6-69c31ea74696",
          [31m-[0m [0m"26fc5bcf-ce8b-48e8-b950-59313272af35",
          [31m-[0m [0m"3d34ae09-d04d-4971-9467-36b6c9a055e1",
          [31m-[0m [0m"42c0d9b8-b333-4b31-a64e-2f2a1f63a028",
          [31m-[0m [0m"6f6c9fb8-8e30-41f3-8dc0-c1fcb0e6b39a",
          [31m-[0m [0m"6f6cc569-d4b8-414a-b8d9-09391a97d281",
          [31m-[0m [0m"784e73c9-677a-4bc5-a5fc-9b733a058c51",
          [31m-[0m [0m"81bddd69-84d7-4107-abc3-e2cba8e8ea0d",
          [31m-[0m [0m"942e2461-3f08-4823-a32c-fca2415dcd48",
          [31m-[0m [0m"ae21e911-abd7-4999-845d-0ffd6275ed19",
          [31m-[0m [0m"b65c708e-4ed9-4e45-8553-44b872b08ae0",
          [31m-[0m [0m"b7b3d95d-89b8-4a28-8c1b-84ffea4b5d92",
          [31m-[0m [0m"c0bf023a-7603-47be-ad22-f279dff938d3",
          [31m-[0m [0m"d4c40248-c333-4210-a4c1-c5ffef30bcc8",
          [31m-[0m [0m"db3ebb85-02ed-47cc-a3cd-d0a71046c473",
          [31m-[0m [0m"e81afb63-4713-4bd2-8613-09e1e67ab175",
          [31m-[0m [0m"ee3005b7-31ec-490e-9cdc-31353ff0528b",
          [31m-[0m [0m"ff6305a4-f1e6-4b3f-80a6-a695beb34120",
        ]
        [1m[0mtags[0m[0m                         = {}
        [90m# (8 unchanged attributes hidden)[0m[0m

        [90m# (1 unchanged block hidden)[0m[0m
    }

[1m  # module.queues.aws_connect_queue.biotel_care_bio_grtng[0m will be updated in-place[0m[0m
[0m  [33m~[0m[0m resource "aws_connect_queue" "biotel_care_bio_grtng" {
        [1m[0mid[0m[0m                           = "03103f71-db62-4f61-9432-4bfae356b3e3:784e98d1-df70-4158-942b-47b6f372c642"
      [33m~[0m [0m[1m[0minstance_id[0m[0m                  = "03103f71-db62-4f61-9432-4bfae356b3e3" [33m->[0m [0m(known after apply)
        [1m[0mname[0m[0m                         = "BioTel Care (BIO GRTNG)"
      [33m~[0m [0m[1m[0mquick_connect_ids[0m[0m            = [
          [31m-[0m [0m"02d8cd41-a0fd-4b18-8b9d-a10074ae298b",
          [31m-[0m [0m"0bfb8f00-a9ea-41de-a34f-f737545e0506",
          [31m-[0m [0m"15be88bf-298f-49f1-8eb6-69c31ea74696",
          [31m-[0m [0m"26fc5bcf-ce8b-48e8-b950-59313272af35",
          [31m-[0m [0m"3d34ae09-d04d-4971-9467-36b6c9a055e1",
          [31m-[0m [0m"42c0d9b8-b333-4b31-a64e-2f2a1f63a028",
          [31m-[0m [0m"6f6c9fb8-8e30-41f3-8dc0-c1fcb0e6b39a",
          [31m-[0m [0m"6f6cc569-d4b8-414a-b8d9-09391a97d281",
          [31m-[0m [0m"784e73c9-677a-4bc5-a5fc-9b733a058c51",
          [31m-[0m [0m"81bddd69-84d7-4107-abc3-e2cba8e8ea0d",
          [31m-[0m [0m"942e2461-3f08-4823-a32c-fca2415dcd48",
          [31m-[0m [0m"ae21e911-abd7-4999-845d-0ffd6275ed19",
          [31m-[0m [0m"b65c708e-4ed9-4e45-8553-44b872b08ae0",
          [31m-[0m [0m"b7b3d95d-89b8-4a28-8c1b-84ffea4b5d92",
          [31m-[0m [0m"c0bf023a-7603-47be-ad22-f279dff938d3",
          [31m-[0m [0m"d4c40248-c333-4210-a4c1-c5ffef30bcc8",
          [31m-[0m [0m"db3ebb85-02ed-47cc-a3cd-d0a71046c473",
          [31m-[0m [0m"e81afb63-4713-4bd2-8613-09e1e67ab175",
          [31m-[0m [0m"ee3005b7-31ec-490e-9cdc-31353ff0528b",
          [31m-[0m [0m"ff6305a4-f1e6-4b3f-80a6-a695beb34120",
        ]
        [1m[0mtags[0m[0m                         = {}
        [90m# (8 unchanged attributes hidden)[0m[0m

        [90m# (1 unchanged block hidden)[0m[0m
    }

[1m  # module.queues.aws_connect_queue.c_v_s_minuteclinic[0m will be updated in-place[0m[0m
[0m  [33m~[0m[0m resource "aws_connect_queue" "c_v_s_minuteclinic" {
        [1m[0mid[0m[0m                           = "03103f71-db62-4f61-9432-4bfae356b3e3:39b75253-b50c-4dd7-892c-f91d2075a90e"
      [33m~[0m [0m[1m[0minstance_id[0m[0m                  = "03103f71-db62-4f61-9432-4bfae356b3e3" [33m->[0m [0m(known after apply)
        [1m[0mname[0m[0m                         = "C V S MinuteClinic"
      [33m~[0m [0m[1m[0mquick_connect_ids[0m[0m            = [
          [31m-[0m [0m"02d8cd41-a0fd-4b18-8b9d-a10074ae298b",
          [31m-[0m [0m"0bfb8f00-a9ea-41de-a34f-f737545e0506",
          [31m-[0m [0m"15be88bf-298f-49f1-8eb6-69c31ea74696",
          [31m-[0m [0m"26fc5bcf-ce8b-48e8-b950-59313272af35",
          [31m-[0m [0m"3d34ae09-d04d-4971-9467-36b6c9a055e1",
          [31m-[0m [0m"42c0d9b8-b333-4b31-a64e-2f2a1f63a028",
          [31m-[0m [0m"6f6cc569-d4b8-414a-b8d9-09391a97d281",
          [31m-[0m [0m"784e73c9-677a-4bc5-a5fc-9b733a058c51",
          [31m-[0m [0m"81bddd69-84d7-4107-abc3-e2cba8e8ea0d",
          [31m-[0m [0m"942e2461-3f08-4823-a32c-fca2415dcd48",
          [31m-[0m [0m"ae21e911-abd7-4999-845d-0ffd6275ed19",
          [31m-[0m [0m"b65c708e-4ed9-4e45-8553-44b872b08ae0",
          [31m-[0m [0m"b7b3d95d-89b8-4a28-8c1b-84ffea4b5d92",
          [31m-[0m [0m"c0bf023a-7603-47be-ad22-f279dff938d3",
          [31m-[0m [0m"d4c40248-c333-4210-a4c1-c5ffef30bcc8",
          [31m-[0m [0m"db3ebb85-02ed-47cc-a3cd-d0a71046c473",
          [31m-[0m [0m"e81afb63-4713-4bd2-8613-09e1e67ab175",
          [31m-[0m [0m"ee3005b7-31ec-490e-9cdc-31353ff0528b",
          [31m-[0m [0m"ff6305a4-f1e6-4b3f-80a6-a695beb34120",
        ]
        [1m[0mtags[0m[0m                         = {}
        [90m# (8 unchanged attributes hidden)[0m[0m

        [90m# (1 unchanged block hidden)[0m[0m
    }

[1m  # module.queues.aws_connect_queue.cvs_biotel_care_cvs_bio_grtng[0m will be updated in-place[0m[0m
[0m  [33m~[0m[0m resource "aws_connect_queue" "cvs_biotel_care_cvs_bio_grtng" {
        [1m[0mid[0m[0m                           = "03103f71-db62-4f61-9432-4bfae356b3e3:4b888d41-6759-4522-909d-2bc03c7a8c73"
      [33m~[0m [0m[1m[0minstance_id[0m[0m                  = "03103f71-db62-4f61-9432-4bfae356b3e3" [33m->[0m [0m(known after apply)
        [1m[0mname[0m[0m                         = "CVS-BioTel Care (CVS-BIO GRTNG)"
      [33m~[0m [0m[1m[0mquick_connect_ids[0m[0m            = [
          [31m-[0m [0m"0bfb8f00-a9ea-41de-a34f-f737545e0506",
          [31m-[0m [0m"15be88bf-298f-49f1-8eb6-69c31ea74696",
          [31m-[0m [0m"26fc5bcf-ce8b-48e8-b950-59313272af35",
          [31m-[0m [0m"3d34ae09-d04d-4971-9467-36b6c9a055e1",
          [31m-[0m [0m"42c0d9b8-b333-4b31-a64e-2f2a1f63a028",
          [31m-[0m [0m"6f6c9fb8-8e30-41f3-8dc0-c1fcb0e6b39a",
          [31m-[0m [0m"6f6cc569-d4b8-414a-b8d9-09391a97d281",
          [31m-[0m [0m"784e73c9-677a-4bc5-a5fc-9b733a058c51",
          [31m-[0m [0m"81bddd69-84d7-4107-abc3-e2cba8e8ea0d",
          [31m-[0m [0m"942e2461-3f08-4823-a32c-fca2415dcd48",
          [31m-[0m [0m"ae21e911-abd7-4999-845d-0ffd6275ed19",
          [31m-[0m [0m"b65c708e-4ed9-4e45-8553-44b872b08ae0",
          [31m-[0m [0m"b7b3d95d-89b8-4a28-8c1b-84ffea4b5d92",
          [31m-[0m [0m"c0bf023a-7603-47be-ad22-f279dff938d3",
          [31m-[0m [0m"d4c40248-c333-4210-a4c1-c5ffef30bcc8",
          [31m-[0m [0m"db3ebb85-02ed-47cc-a3cd-d0a71046c473",
          [31m-[0m [0m"e81afb63-4713-4bd2-8613-09e1e67ab175",
          [31m-[0m [0m"ee3005b7-31ec-490e-9cdc-31353ff0528b",
          [31m-[0m [0m"ff6305a4-f1e6-4b3f-80a6-a695beb34120",
        ]
        [1m[0mtags[0m[0m                         = {}
        [90m# (8 unchanged attributes hidden)[0m[0m

        [90m# (1 unchanged block hidden)[0m[0m
    }

[1m  # module.queues.aws_connect_queue.dhmc_bariatric[0m will be updated in-place[0m[0m
[0m  [33m~[0m[0m resource "aws_connect_queue" "dhmc_bariatric" {
        [1m[0mid[0m[0m                           = "03103f71-db62-4f61-9432-4bfae356b3e3:72733291-122e-46be-9ab8-1af1153935b2"
      [33m~[0m [0m[1m[0minstance_id[0m[0m                  = "03103f71-db62-4f61-9432-4bfae356b3e3" [33m->[0m [0m(known after apply)
        [1m[0mname[0m[0m                         = "DHMC-Bariatric"
      [33m~[0m [0m[1m[0mquick_connect_ids[0m[0m            = [
          [31m-[0m [0m"0bfb8f00-a9ea-41de-a34f-f737545e0506",
          [31m-[0m [0m"15be88bf-298f-49f1-8eb6-69c31ea74696",
          [31m-[0m [0m"26fc5bcf-ce8b-48e8-b950-59313272af35",
          [31m-[0m [0m"3d34ae09-d04d-4971-9467-36b6c9a055e1",
          [31m-[0m [0m"42c0d9b8-b333-4b31-a64e-2f2a1f63a028",
          [31m-[0m [0m"6f6c9fb8-8e30-41f3-8dc0-c1fcb0e6b39a",
          [31m-[0m [0m"6f6cc569-d4b8-414a-b8d9-09391a97d281",
          [31m-[0m [0m"784e73c9-677a-4bc5-a5fc-9b733a058c51",
          [31m-[0m [0m"81bddd69-84d7-4107-abc3-e2cba8e8ea0d",
          [31m-[0m [0m"942e2461-3f08-4823-a32c-fca2415dcd48",
          [31m-[0m [0m"b65c708e-4ed9-4e45-8553-44b872b08ae0",
          [31m-[0m [0m"b7b3d95d-89b8-4a28-8c1b-84ffea4b5d92",
          [31m-[0m [0m"c0bf023a-7603-47be-ad22-f279dff938d3",
          [31m-[0m [0m"d4c40248-c333-4210-a4c1-c5ffef30bcc8",
          [31m-[0m [0m"e81afb63-4713-4bd2-8613-09e1e67ab175",
          [31m-[0m [0m"ee3005b7-31ec-490e-9cdc-31353ff0528b",
          [31m-[0m [0m"ff6305a4-f1e6-4b3f-80a6-a695beb34120",
        ]
        [1m[0mtags[0m[0m                         = {}
        [90m# (8 unchanged attributes hidden)[0m[0m

        [90m# (1 unchanged block hidden)[0m[0m
    }

[1m  # module.queues.aws_connect_queue.g_m_receptionist[0m will be updated in-place[0m[0m
[0m  [33m~[0m[0m resource "aws_connect_queue" "g_m_receptionist" {
        [1m[0mid[0m[0m                           = "03103f71-db62-4f61-9432-4bfae356b3e3:f489cd2a-c80e-481e-b144-79b5c32dc0a4"
      [33m~[0m [0m[1m[0minstance_id[0m[0m                  = "03103f71-db62-4f61-9432-4bfae356b3e3" [33m->[0m [0m(known after apply)
        [1m[0mname[0m[0m                         = "G M Receptionist"
      [33m~[0m [0m[1m[0mquick_connect_ids[0m[0m            = [
          [31m-[0m [0m"42c0d9b8-b333-4b31-a64e-2f2a1f63a028",
          [31m-[0m [0m"784e73c9-677a-4bc5-a5fc-9b733a058c51",
          [31m-[0m [0m"81bddd69-84d7-4107-abc3-e2cba8e8ea0d",
          [31m-[0m [0m"ff6305a4-f1e6-4b3f-80a6-a695beb34120",
        ]
        [1m[0mtags[0m[0m                         = {}
        [90m# (8 unchanged attributes hidden)[0m[0m

        [90m# (1 unchanged block hidden)[0m[0m
    }

[1m  # module.queues.aws_connect_queue.gm_corporate[0m will be updated in-place[0m[0m
[0m  [33m~[0m[0m resource "aws_connect_queue" "gm_corporate" {
        [1m[0mid[0m[0m                           = "03103f71-db62-4f61-9432-4bfae356b3e3:7295540d-c7bd-4aac-9314-e8cae8f55b03"
      [33m~[0m [0m[1m[0minstance_id[0m[0m                  = "03103f71-db62-4f61-9432-4bfae356b3e3" [33m->[0m [0m(known after apply)
        [1m[0mname[0m[0m                         = "GM Corporate"
      [33m~[0m [0m[1m[0mquick_connect_ids[0m[0m            = [
          [31m-[0m [0m"065fcacb-c2ee-431d-b6b6-ced31c1bdcdb",
          [31m-[0m [0m"0bfb8f00-a9ea-41de-a34f-f737545e0506",
          [31m-[0m [0m"135be2a5-3084-4218-8577-363db8fa4fc4",
          [31m-[0m [0m"1fbef5f4-a936-4f2f-b9af-a6a140d47c4b",
          [31m-[0m [0m"593b43a3-06ab-4a9f-ae2b-26ccf7e0abbd",
          [31m-[0m [0m"784e73c9-677a-4bc5-a5fc-9b733a058c51",
          [31m-[0m [0m"7bc0f6ac-11dc-4b48-b22f-fd6d504a68d3",
          [31m-[0m [0m"7c5aafd3-0485-4a6b-be42-fce471f4f443",
          [31m-[0m [0m"942e2461-3f08-4823-a32c-fca2415dcd48",
          [31m-[0m [0m"9b124cf4-dfbc-4dcf-8e2c-0e87711a8867",
          [31m-[0m [0m"a9a5a088-a4e3-4e8b-92d0-7f726123e995",
          [31m-[0m [0m"b65c708e-4ed9-4e45-8553-44b872b08ae0",
          [31m-[0m [0m"bcbedba4-9eab-4e82-b123-aa91261904df",
          [31m-[0m [0m"ca8f2158-6b54-4efc-bb37-592628e2c453",
          [31m-[0m [0m"ff6305a4-f1e6-4b3f-80a6-a695beb34120",
        ]
        [1m[0mtags[0m[0m                         = {}
        [90m# (8 unchanged attributes hidden)[0m[0m

        [90m# (1 unchanged block hidden)[0m[0m
    }

[1m  # module.queues.aws_connect_queue.gm_test[0m will be updated in-place[0m[0m
[0m  [33m~[0m[0m resource "aws_connect_queue" "gm_test" {
        [1m[0mid[0m[0m                           = "03103f71-db62-4f61-9432-4bfae356b3e3:ffa3699e-407b-4955-99d1-ee1944adc41d"
      [33m~[0m [0m[1m[0minstance_id[0m[0m                  = "03103f71-db62-4f61-9432-4bfae356b3e3" [33m->[0m [0m(known after apply)
        [1m[0mname[0m[0m                         = "GM Test"
      [33m~[0m [0m[1m[0mquick_connect_ids[0m[0m            = [
          [31m-[0m [0m"065fcacb-c2ee-431d-b6b6-ced31c1bdcdb",
          [31m-[0m [0m"53d6cf37-c931-4801-bba2-dc9038e83ec8",
          [31m-[0m [0m"81bddd69-84d7-4107-abc3-e2cba8e8ea0d",
          [31m-[0m [0m"ee3005b7-31ec-490e-9cdc-31353ff0528b",
          [31m-[0m [0m"ffb1e8d6-c710-42bb-a308-7eb03b0d6ec8",
        ]
        [1m[0mtags[0m[0m                         = {}
        [90m# (8 unchanged attributes hidden)[0m[0m

        [90m# (1 unchanged block hidden)[0m[0m
    }

[1m  # module.queues.aws_connect_queue.gm_vvip[0m will be updated in-place[0m[0m
[0m  [33m~[0m[0m resource "aws_connect_queue" "gm_vvip" {
        [1m[0mid[0m[0m                           = "03103f71-db62-4f61-9432-4bfae356b3e3:5639bbd7-5d69-4557-bbf2-b54d14e43649"
      [33m~[0m [0m[1m[0minstance_id[0m[0m                  = "03103f71-db62-4f61-9432-4bfae356b3e3" [33m->[0m [0m(known after apply)
        [1m[0mname[0m[0m                         = "GM VVIP"
      [33m~[0m [0m[1m[0mquick_connect_ids[0m[0m            = [
          [31m-[0m [0m"81bddd69-84d7-4107-abc3-e2cba8e8ea0d",
          [31m-[0m [0m"ff6305a4-f1e6-4b3f-80a6-a695beb34120",
        ]
        [1m[0mtags[0m[0m                         = {}
        [90m# (8 unchanged attributes hidden)[0m[0m

        [90m# (1 unchanged block hidden)[0m[0m
    }

[1m  # module.queues.aws_connect_queue.good_measures_patient_line[0m will be updated in-place[0m[0m
[0m  [33m~[0m[0m resource "aws_connect_queue" "good_measures_patient_line" {
        [1m[0mid[0m[0m                           = "03103f71-db62-4f61-9432-4bfae356b3e3:cd2ef33b-c538-477b-ae72-c494d0fc3943"
      [33m~[0m [0m[1m[0minstance_id[0m[0m                  = "03103f71-db62-4f61-9432-4bfae356b3e3" [33m->[0m [0m(known after apply)
        [1m[0mname[0m[0m                         = "Good Measures Patient Line"
      [33m~[0m [0m[1m[0mquick_connect_ids[0m[0m            = [
          [31m-[0m [0m"02d8cd41-a0fd-4b18-8b9d-a10074ae298b",
          [31m-[0m [0m"0bfb8f00-a9ea-41de-a34f-f737545e0506",
          [31m-[0m [0m"15be88bf-298f-49f1-8eb6-69c31ea74696",
          [31m-[0m [0m"26fc5bcf-ce8b-48e8-b950-59313272af35",
          [31m-[0m [0m"3d34ae09-d04d-4971-9467-36b6c9a055e1",
          [31m-[0m [0m"42c0d9b8-b333-4b31-a64e-2f2a1f63a028",
          [31m-[0m [0m"6f6c9fb8-8e30-41f3-8dc0-c1fcb0e6b39a",
          [31m-[0m [0m"6f6cc569-d4b8-414a-b8d9-09391a97d281",
          [31m-[0m [0m"784e73c9-677a-4bc5-a5fc-9b733a058c51",
          [31m-[0m [0m"81bddd69-84d7-4107-abc3-e2cba8e8ea0d",
          [31m-[0m [0m"942e2461-3f08-4823-a32c-fca2415dcd48",
          [31m-[0m [0m"ae21e911-abd7-4999-845d-0ffd6275ed19",
          [31m-[0m [0m"b65c708e-4ed9-4e45-8553-44b872b08ae0",
          [31m-[0m [0m"b7b3d95d-89b8-4a28-8c1b-84ffea4b5d92",
          [31m-[0m [0m"c0bf023a-7603-47be-ad22-f279dff938d3",
          [31m-[0m [0m"d4c40248-c333-4210-a4c1-c5ffef30bcc8",
          [31m-[0m [0m"db3ebb85-02ed-47cc-a3cd-d0a71046c473",
          [31m-[0m [0m"e81afb63-4713-4bd2-8613-09e1e67ab175",
          [31m-[0m [0m"ee3005b7-31ec-490e-9cdc-31353ff0528b",
          [31m-[0m [0m"ff6305a4-f1e6-4b3f-80a6-a695beb34120",
        ]
        [1m[0mtags[0m[0m                         = {}
        [90m# (8 unchanged attributes hidden)[0m[0m

        [90m# (1 unchanged block hidden)[0m[0m
    }

[1m  # module.queues.aws_connect_queue.great_point_properties[0m will be updated in-place[0m[0m
[0m  [33m~[0m[0m resource "aws_connect_queue" "great_point_properties" {
        [1m[0mid[0m[0m                           = "03103f71-db62-4f61-9432-4bfae356b3e3:3029a709-be3a-456c-a8c0-9eb3eec819c1"
      [33m~[0m [0m[1m[0minstance_id[0m[0m                  = "03103f71-db62-4f61-9432-4bfae356b3e3" [33m->[0m [0m(known after apply)
        [1m[0mname[0m[0m                         = "Great Point Properties"
      [33m~[0m [0m[1m[0mquick_connect_ids[0m[0m            = [
          [31m-[0m [0m"02d8cd41-a0fd-4b18-8b9d-a10074ae298b",
          [31m-[0m [0m"0bfb8f00-a9ea-41de-a34f-f737545e0506",
          [31m-[0m [0m"15be88bf-298f-49f1-8eb6-69c31ea74696",
          [31m-[0m [0m"26fc5bcf-ce8b-48e8-b950-59313272af35",
          [31m-[0m [0m"3d34ae09-d04d-4971-9467-36b6c9a055e1",
          [31m-[0m [0m"42c0d9b8-b333-4b31-a64e-2f2a1f63a028",
          [31m-[0m [0m"593b43a3-06ab-4a9f-ae2b-26ccf7e0abbd",
          [31m-[0m [0m"6f6c9fb8-8e30-41f3-8dc0-c1fcb0e6b39a",
          [31m-[0m [0m"6f6cc569-d4b8-414a-b8d9-09391a97d281",
          [31m-[0m [0m"76a23278-c260-4aba-8fcc-3049ace232d6",
          [31m-[0m [0m"784e73c9-677a-4bc5-a5fc-9b733a058c51",
          [31m-[0m [0m"7bc0f6ac-11dc-4b48-b22f-fd6d504a68d3",
          [31m-[0m [0m"81bddd69-84d7-4107-abc3-e2cba8e8ea0d",
          [31m-[0m [0m"942e2461-3f08-4823-a32c-fca2415dcd48",
          [31m-[0m [0m"ae21e911-abd7-4999-845d-0ffd6275ed19",
          [31m-[0m [0m"b65c708e-4ed9-4e45-8553-44b872b08ae0",
          [31m-[0m [0m"b7b3d95d-89b8-4a28-8c1b-84ffea4b5d92",
          [31m-[0m [0m"c0bf023a-7603-47be-ad22-f279dff938d3",
          [31m-[0m [0m"c3905fe1-8913-4404-8380-afe40f6c7ecf",
          [31m-[0m [0m"d4c40248-c333-4210-a4c1-c5ffef30bcc8",
          [31m-[0m [0m"d9f1f0ac-35ea-4ec0-b727-7efd198036d3",
          [31m-[0m [0m"db3ebb85-02ed-47cc-a3cd-d0a71046c473",
          [31m-[0m [0m"e81afb63-4713-4bd2-8613-09e1e67ab175",
          [31m-[0m [0m"ee3005b7-31ec-490e-9cdc-31353ff0528b",
          [31m-[0m [0m"f77f0120-d0fd-40d3-a798-39a979044921",
          [31m-[0m [0m"ff6305a4-f1e6-4b3f-80a6-a695beb34120",
        ]
        [1m[0mtags[0m[0m                         = {}
        [90m# (8 unchanged attributes hidden)[0m[0m

        [90m# (1 unchanged block hidden)[0m[0m
    }

[1m  # module.queues.aws_connect_queue.healthy_harrison[0m will be updated in-place[0m[0m
[0m  [33m~[0m[0m resource "aws_connect_queue" "healthy_harrison" {
        [1m[0mid[0m[0m                           = "03103f71-db62-4f61-9432-4bfae356b3e3:e8613d08-55ad-4051-9735-0f644d99fe28"
      [33m~[0m [0m[1m[0minstance_id[0m[0m                  = "03103f71-db62-4f61-9432-4bfae356b3e3" [33m->[0m [0m(known after apply)
        [1m[0mname[0m[0m                         = "Healthy Harrison"
      [33m~[0m [0m[1m[0mquick_connect_ids[0m[0m            = [
          [31m-[0m [0m"15be88bf-298f-49f1-8eb6-69c31ea74696",
          [31m-[0m [0m"26fc5bcf-ce8b-48e8-b950-59313272af35",
          [31m-[0m [0m"3d34ae09-d04d-4971-9467-36b6c9a055e1",
          [31m-[0m [0m"42c0d9b8-b333-4b31-a64e-2f2a1f63a028",
          [31m-[0m [0m"6f6c9fb8-8e30-41f3-8dc0-c1fcb0e6b39a",
          [31m-[0m [0m"6f6cc569-d4b8-414a-b8d9-09391a97d281",
          [31m-[0m [0m"784e73c9-677a-4bc5-a5fc-9b733a058c51",
          [31m-[0m [0m"81bddd69-84d7-4107-abc3-e2cba8e8ea0d",
          [31m-[0m [0m"942e2461-3f08-4823-a32c-fca2415dcd48",
          [31m-[0m [0m"ae21e911-abd7-4999-845d-0ffd6275ed19",
          [31m-[0m [0m"b65c708e-4ed9-4e45-8553-44b872b08ae0",
          [31m-[0m [0m"b7b3d95d-89b8-4a28-8c1b-84ffea4b5d92",
          [31m-[0m [0m"c0bf023a-7603-47be-ad22-f279dff938d3",
          [31m-[0m [0m"d4c40248-c333-4210-a4c1-c5ffef30bcc8",
          [31m-[0m [0m"db3ebb85-02ed-47cc-a3cd-d0a71046c473",
          [31m-[0m [0m"e81afb63-4713-4bd2-8613-09e1e67ab175",
          [31m-[0m [0m"ee3005b7-31ec-490e-9cdc-31353ff0528b",
          [31m-[0m [0m"ff6305a4-f1e6-4b3f-80a6-a695beb34120",
        ]
        [1m[0mtags[0m[0m                         = {}
        [90m# (8 unchanged attributes hidden)[0m[0m

        [90m# (1 unchanged block hidden)[0m[0m
    }

[1m  # module.queues.aws_connect_queue.highmark_wholecare_local[0m will be updated in-place[0m[0m
[0m  [33m~[0m[0m resource "aws_connect_queue" "highmark_wholecare_local" {
        [1m[0mid[0m[0m                           = "03103f71-db62-4f61-9432-4bfae356b3e3:57818c5d-cbea-4aa0-90fb-56de3cf6fa8f"
      [33m~[0m [0m[1m[0minstance_id[0m[0m                  = "03103f71-db62-4f61-9432-4bfae356b3e3" [33m->[0m [0m(known after apply)
        [1m[0mname[0m[0m                         = "Highmark Wholecare Local"
      [33m~[0m [0m[1m[0mquick_connect_ids[0m[0m            = [
          [31m-[0m [0m"02d8cd41-a0fd-4b18-8b9d-a10074ae298b",
          [31m-[0m [0m"0bfb8f00-a9ea-41de-a34f-f737545e0506",
          [31m-[0m [0m"13b13c1b-b121-49b9-b6d4-301ec3b8d2e6",
          [31m-[0m [0m"15be88bf-298f-49f1-8eb6-69c31ea74696",
          [31m-[0m [0m"26fc5bcf-ce8b-48e8-b950-59313272af35",
          [31m-[0m [0m"3d34ae09-d04d-4971-9467-36b6c9a055e1",
          [31m-[0m [0m"42c0d9b8-b333-4b31-a64e-2f2a1f63a028",
          [31m-[0m [0m"6f6c9fb8-8e30-41f3-8dc0-c1fcb0e6b39a",
          [31m-[0m [0m"6f6cc569-d4b8-414a-b8d9-09391a97d281",
          [31m-[0m [0m"784e73c9-677a-4bc5-a5fc-9b733a058c51",
          [31m-[0m [0m"81bddd69-84d7-4107-abc3-e2cba8e8ea0d",
          [31m-[0m [0m"8c123839-b4d4-4f27-acca-ab1c825961e4",
          [31m-[0m [0m"942e2461-3f08-4823-a32c-fca2415dcd48",
          [31m-[0m [0m"a7b20d7b-7aea-4bac-becc-94f14aa33d1e",
          [31m-[0m [0m"ae21e911-abd7-4999-845d-0ffd6275ed19",
          [31m-[0m [0m"b65c708e-4ed9-4e45-8553-44b872b08ae0",
          [31m-[0m [0m"b7b3d95d-89b8-4a28-8c1b-84ffea4b5d92",
          [31m-[0m [0m"c0bf023a-7603-47be-ad22-f279dff938d3",
          [31m-[0m [0m"d4c40248-c333-4210-a4c1-c5ffef30bcc8",
          [31m-[0m [0m"db3ebb85-02ed-47cc-a3cd-d0a71046c473",
          [31m-[0m [0m"e81afb63-4713-4bd2-8613-09e1e67ab175",
          [31m-[0m [0m"ee3005b7-31ec-490e-9cdc-31353ff0528b",
          [31m-[0m [0m"ff6305a4-f1e6-4b3f-80a6-a695beb34120",
        ]
        [1m[0mtags[0m[0m                         = {}
        [90m# (8 unchanged attributes hidden)[0m[0m

        [90m# (1 unchanged block hidden)[0m[0m
    }

[1m  # module.queues.aws_connect_queue.highmark_wholecare_toll_free[0m will be updated in-place[0m[0m
[0m  [33m~[0m[0m resource "aws_connect_queue" "highmark_wholecare_toll_free" {
        [1m[0mid[0m[0m                           = "03103f71-db62-4f61-9432-4bfae356b3e3:804dd000-8b8e-46d1-b943-403fb335000a"
      [33m~[0m [0m[1m[0minstance_id[0m[0m                  = "03103f71-db62-4f61-9432-4bfae356b3e3" [33m->[0m [0m(known after apply)
        [1m[0mname[0m[0m                         = "Highmark Wholecare Toll Free"
      [33m~[0m [0m[1m[0mquick_connect_ids[0m[0m            = [
          [31m-[0m [0m"02d8cd41-a0fd-4b18-8b9d-a10074ae298b",
          [31m-[0m [0m"0bfb8f00-a9ea-41de-a34f-f737545e0506",
          [31m-[0m [0m"13b13c1b-b121-49b9-b6d4-301ec3b8d2e6",
          [31m-[0m [0m"15be88bf-298f-49f1-8eb6-69c31ea74696",
          [31m-[0m [0m"26fc5bcf-ce8b-48e8-b950-59313272af35",
          [31m-[0m [0m"3d34ae09-d04d-4971-9467-36b6c9a055e1",
          [31m-[0m [0m"42c0d9b8-b333-4b31-a64e-2f2a1f63a028",
          [31m-[0m [0m"6f6c9fb8-8e30-41f3-8dc0-c1fcb0e6b39a",
          [31m-[0m [0m"6f6cc569-d4b8-414a-b8d9-09391a97d281",
          [31m-[0m [0m"784e73c9-677a-4bc5-a5fc-9b733a058c51",
          [31m-[0m [0m"81bddd69-84d7-4107-abc3-e2cba8e8ea0d",
          [31m-[0m [0m"8c123839-b4d4-4f27-acca-ab1c825961e4",
          [31m-[0m [0m"942e2461-3f08-4823-a32c-fca2415dcd48",
          [31m-[0m [0m"a7b20d7b-7aea-4bac-becc-94f14aa33d1e",
          [31m-[0m [0m"ae21e911-abd7-4999-845d-0ffd6275ed19",
          [31m-[0m [0m"b65c708e-4ed9-4e45-8553-44b872b08ae0",
          [31m-[0m [0m"b7b3d95d-89b8-4a28-8c1b-84ffea4b5d92",
          [31m-[0m [0m"c0bf023a-7603-47be-ad22-f279dff938d3",
          [31m-[0m [0m"d4c40248-c333-4210-a4c1-c5ffef30bcc8",
          [31m-[0m [0m"db3ebb85-02ed-47cc-a3cd-d0a71046c473",
          [31m-[0m [0m"e81afb63-4713-4bd2-8613-09e1e67ab175",
          [31m-[0m [0m"ee3005b7-31ec-490e-9cdc-31353ff0528b",
          [31m-[0m [0m"ff6305a4-f1e6-4b3f-80a6-a695beb34120",
        ]
        [1m[0mtags[0m[0m                         = {}
        [90m# (8 unchanged attributes hidden)[0m[0m

        [90m# (1 unchanged block hidden)[0m[0m
    }

[1m  # module.queues.aws_connect_queue.martins_point[0m will be updated in-place[0m[0m
[0m  [33m~[0m[0m resource "aws_connect_queue" "martins_point" {
        [1m[0mid[0m[0m                           = "03103f71-db62-4f61-9432-4bfae356b3e3:331b4b8d-eb04-4b4e-8a89-a38f7a5cfe20"
      [33m~[0m [0m[1m[0minstance_id[0m[0m                  = "03103f71-db62-4f61-9432-4bfae356b3e3" [33m->[0m [0m(known after apply)
        [1m[0mname[0m[0m                         = "Martins Point"
      [33m~[0m [0m[1m[0mquick_connect_ids[0m[0m            = [
          [31m-[0m [0m"02d8cd41-a0fd-4b18-8b9d-a10074ae298b",
          [31m-[0m [0m"0bfb8f00-a9ea-41de-a34f-f737545e0506",
          [31m-[0m [0m"15be88bf-298f-49f1-8eb6-69c31ea74696",
          [31m-[0m [0m"26fc5bcf-ce8b-48e8-b950-59313272af35",
          [31m-[0m [0m"3d34ae09-d04d-4971-9467-36b6c9a055e1",
          [31m-[0m [0m"42c0d9b8-b333-4b31-a64e-2f2a1f63a028",
          [31m-[0m [0m"6f6c9fb8-8e30-41f3-8dc0-c1fcb0e6b39a",
          [31m-[0m [0m"6f6cc569-d4b8-414a-b8d9-09391a97d281",
          [31m-[0m [0m"784e73c9-677a-4bc5-a5fc-9b733a058c51",
          [31m-[0m [0m"81bddd69-84d7-4107-abc3-e2cba8e8ea0d",
          [31m-[0m [0m"942e2461-3f08-4823-a32c-fca2415dcd48",
          [31m-[0m [0m"9962344d-f6c3-4574-b10d-9362ae84a4f7",
          [31m-[0m [0m"ae21e911-abd7-4999-845d-0ffd6275ed19",
          [31m-[0m [0m"b65c708e-4ed9-4e45-8553-44b872b08ae0",
          [31m-[0m [0m"b7b3d95d-89b8-4a28-8c1b-84ffea4b5d92",
          [31m-[0m [0m"c0bf023a-7603-47be-ad22-f279dff938d3",
          [31m-[0m [0m"d4c40248-c333-4210-a4c1-c5ffef30bcc8",
          [31m-[0m [0m"db3ebb85-02ed-47cc-a3cd-d0a71046c473",
          [31m-[0m [0m"e81afb63-4713-4bd2-8613-09e1e67ab175",
          [31m-[0m [0m"ee3005b7-31ec-490e-9cdc-31353ff0528b",
          [31m-[0m [0m"ff6305a4-f1e6-4b3f-80a6-a695beb34120",
        ]
        [1m[0mtags[0m[0m                         = {}
        [90m# (8 unchanged attributes hidden)[0m[0m

        [90m# (1 unchanged block hidden)[0m[0m
    }

[1m  # module.queues.aws_connect_queue.new_mexico_retiree_healthcare[0m will be updated in-place[0m[0m
[0m  [33m~[0m[0m resource "aws_connect_queue" "new_mexico_retiree_healthcare" {
        [1m[0mid[0m[0m                           = "03103f71-db62-4f61-9432-4bfae356b3e3:35c47d72-9fee-4e8e-8416-28fe64e5e129"
      [33m~[0m [0m[1m[0minstance_id[0m[0m                  = "03103f71-db62-4f61-9432-4bfae356b3e3" [33m->[0m [0m(known after apply)
        [1m[0mname[0m[0m                         = "New Mexico Retiree Healthcare"
      [33m~[0m [0m[1m[0mquick_connect_ids[0m[0m            = [
          [31m-[0m [0m"02d8cd41-a0fd-4b18-8b9d-a10074ae298b",
          [31m-[0m [0m"0bfb8f00-a9ea-41de-a34f-f737545e0506",
          [31m-[0m [0m"15be88bf-298f-49f1-8eb6-69c31ea74696",
          [31m-[0m [0m"26fc5bcf-ce8b-48e8-b950-59313272af35",
          [31m-[0m [0m"3d34ae09-d04d-4971-9467-36b6c9a055e1",
          [31m-[0m [0m"42c0d9b8-b333-4b31-a64e-2f2a1f63a028",
          [31m-[0m [0m"6f6c9fb8-8e30-41f3-8dc0-c1fcb0e6b39a",
          [31m-[0m [0m"6f6cc569-d4b8-414a-b8d9-09391a97d281",
          [31m-[0m [0m"784e73c9-677a-4bc5-a5fc-9b733a058c51",
          [31m-[0m [0m"81bddd69-84d7-4107-abc3-e2cba8e8ea0d",
          [31m-[0m [0m"942e2461-3f08-4823-a32c-fca2415dcd48",
          [31m-[0m [0m"ae21e911-abd7-4999-845d-0ffd6275ed19",
          [31m-[0m [0m"b65c708e-4ed9-4e45-8553-44b872b08ae0",
          [31m-[0m [0m"b7b3d95d-89b8-4a28-8c1b-84ffea4b5d92",
          [31m-[0m [0m"c0bf023a-7603-47be-ad22-f279dff938d3",
          [31m-[0m [0m"d4c40248-c333-4210-a4c1-c5ffef30bcc8",
          [31m-[0m [0m"db3ebb85-02ed-47cc-a3cd-d0a71046c473",
          [31m-[0m [0m"e81afb63-4713-4bd2-8613-09e1e67ab175",
          [31m-[0m [0m"ee3005b7-31ec-490e-9cdc-31353ff0528b",
          [31m-[0m [0m"ff6305a4-f1e6-4b3f-80a6-a695beb34120",
        ]
        [1m[0mtags[0m[0m                         = {}
        [90m# (8 unchanged attributes hidden)[0m[0m

        [90m# (1 unchanged block hidden)[0m[0m
    }

[1m  # module.queues.aws_connect_queue.non_recorded_outbound_queue[0m will be updated in-place[0m[0m
[0m  [33m~[0m[0m resource "aws_connect_queue" "non_recorded_outbound_queue" {
        [1m[0mid[0m[0m                           = "03103f71-db62-4f61-9432-4bfae356b3e3:29f6e6b5-73d5-4855-8cb5-26fc283d3663"
      [33m~[0m [0m[1m[0minstance_id[0m[0m                  = "03103f71-db62-4f61-9432-4bfae356b3e3" [33m->[0m [0m(known after apply)
        [1m[0mname[0m[0m                         = "Non-recorded Outbound Queue"
      [33m~[0m [0m[1m[0mquick_connect_ids[0m[0m            = [
          [31m-[0m [0m"065fcacb-c2ee-431d-b6b6-ced31c1bdcdb",
          [31m-[0m [0m"0bfb8f00-a9ea-41de-a34f-f737545e0506",
          [31m-[0m [0m"135be2a5-3084-4218-8577-363db8fa4fc4",
          [31m-[0m [0m"13b13c1b-b121-49b9-b6d4-301ec3b8d2e6",
          [31m-[0m [0m"15be88bf-298f-49f1-8eb6-69c31ea74696",
          [31m-[0m [0m"1b2c1a23-bb73-41a3-8e4a-ef02f7f96451",
          [31m-[0m [0m"1fbef5f4-a936-4f2f-b9af-a6a140d47c4b",
          [31m-[0m [0m"26ad78d8-84d1-4cc8-9d8d-86a1181092ab",
          [31m-[0m [0m"26fc5bcf-ce8b-48e8-b950-59313272af35",
          [31m-[0m [0m"3d34ae09-d04d-4971-9467-36b6c9a055e1",
          [31m-[0m [0m"42c0d9b8-b333-4b31-a64e-2f2a1f63a028",
          [31m-[0m [0m"43d0a84b-d875-4903-bfee-bef0b96c863b",
          [31m-[0m [0m"53d6cf37-c931-4801-bba2-dc9038e83ec8",
          [31m-[0m [0m"593b43a3-06ab-4a9f-ae2b-26ccf7e0abbd",
          [31m-[0m [0m"6f6cc569-d4b8-414a-b8d9-09391a97d281",
          [31m-[0m [0m"76a23278-c260-4aba-8fcc-3049ace232d6",
          [31m-[0m [0m"784e73c9-677a-4bc5-a5fc-9b733a058c51",
          [31m-[0m [0m"7bc0f6ac-11dc-4b48-b22f-fd6d504a68d3",
          [31m-[0m [0m"7c5aafd3-0485-4a6b-be42-fce471f4f443",
          [31m-[0m [0m"81bddd69-84d7-4107-abc3-e2cba8e8ea0d",
          [31m-[0m [0m"8a7b380b-1f59-4315-a32a-616765eda5c0",
          [31m-[0m [0m"932376e1-8c6f-41bf-af57-b4e7ac5260fa",
          [31m-[0m [0m"942e2461-3f08-4823-a32c-fca2415dcd48",
          [31m-[0m [0m"9962344d-f6c3-4574-b10d-9362ae84a4f7",
          [31m-[0m [0m"9a7d505e-e0e6-4ccd-80a7-ce7699c4d62d",
          [31m-[0m [0m"a9a5a088-a4e3-4e8b-92d0-7f726123e995",
          [31m-[0m [0m"ae21e911-abd7-4999-845d-0ffd6275ed19",
          [31m-[0m [0m"b54cb2d3-e63a-4047-b64f-8a7d1dcba3b9",
          [31m-[0m [0m"b65c708e-4ed9-4e45-8553-44b872b08ae0",
          [31m-[0m [0m"b7b3d95d-89b8-4a28-8c1b-84ffea4b5d92",
          [31m-[0m [0m"b7c7faa7-0cd5-4301-a1c1-dd6bd8534f3e",
          [31m-[0m [0m"b7fe6fa8-44bc-475f-abdb-6545d059cde6",
          [31m-[0m [0m"bcbedba4-9eab-4e82-b123-aa91261904df",
          [31m-[0m [0m"c0bf023a-7603-47be-ad22-f279dff938d3",
          [31m-[0m [0m"c3905fe1-8913-4404-8380-afe40f6c7ecf",
          [31m-[0m [0m"ca8f2158-6b54-4efc-bb37-592628e2c453",
          [31m-[0m [0m"de8f6fcf-859c-4fff-8854-4cdfb55446dc",
          [31m-[0m [0m"e33a966d-2375-4605-8640-cb4d26136122",
          [31m-[0m [0m"e81afb63-4713-4bd2-8613-09e1e67ab175",
          [31m-[0m [0m"ee3005b7-31ec-490e-9cdc-31353ff0528b",
          [31m-[0m [0m"f4dcdde6-b6d8-478b-a5b8-3c3a17d378f7",
          [31m-[0m [0m"fbbbe68a-f5d1-4acd-9929-7f0950465cd9",
          [31m-[0m [0m"ff6305a4-f1e6-4b3f-80a6-a695beb34120",
        ]
        [1m[0mtags[0m[0m                         = {}
        [90m# (7 unchanged attributes hidden)[0m[0m

        [90m# (1 unchanged block hidden)[0m[0m
    }

[1m  # module.queues.aws_connect_queue.on_duo_blue_cross_a_r[0m will be updated in-place[0m[0m
[0m  [33m~[0m[0m resource "aws_connect_queue" "on_duo_blue_cross_a_r" {
        [1m[0mid[0m[0m                           = "03103f71-db62-4f61-9432-4bfae356b3e3:d32a3348-d4b9-44de-b85b-ca291373abdc"
      [33m~[0m [0m[1m[0minstance_id[0m[0m                  = "03103f71-db62-4f61-9432-4bfae356b3e3" [33m->[0m [0m(known after apply)
        [1m[0mname[0m[0m                         = "On Duo Blue Cross A R"
      [33m~[0m [0m[1m[0mquick_connect_ids[0m[0m            = [
          [31m-[0m [0m"02d8cd41-a0fd-4b18-8b9d-a10074ae298b",
          [31m-[0m [0m"0bfb8f00-a9ea-41de-a34f-f737545e0506",
          [31m-[0m [0m"15be88bf-298f-49f1-8eb6-69c31ea74696",
          [31m-[0m [0m"26fc5bcf-ce8b-48e8-b950-59313272af35",
          [31m-[0m [0m"3d34ae09-d04d-4971-9467-36b6c9a055e1",
          [31m-[0m [0m"42c0d9b8-b333-4b31-a64e-2f2a1f63a028",
          [31m-[0m [0m"6f6c9fb8-8e30-41f3-8dc0-c1fcb0e6b39a",
          [31m-[0m [0m"6f6cc569-d4b8-414a-b8d9-09391a97d281",
          [31m-[0m [0m"784e73c9-677a-4bc5-a5fc-9b733a058c51",
          [31m-[0m [0m"81bddd69-84d7-4107-abc3-e2cba8e8ea0d",
          [31m-[0m [0m"942e2461-3f08-4823-a32c-fca2415dcd48",
          [31m-[0m [0m"ae21e911-abd7-4999-845d-0ffd6275ed19",
          [31m-[0m [0m"b65c708e-4ed9-4e45-8553-44b872b08ae0",
          [31m-[0m [0m"b7b3d95d-89b8-4a28-8c1b-84ffea4b5d92",
          [31m-[0m [0m"c0bf023a-7603-47be-ad22-f279dff938d3",
          [31m-[0m [0m"d4c40248-c333-4210-a4c1-c5ffef30bcc8",
          [31m-[0m [0m"db3ebb85-02ed-47cc-a3cd-d0a71046c473",
          [31m-[0m [0m"e81afb63-4713-4bd2-8613-09e1e67ab175",
          [31m-[0m [0m"ee3005b7-31ec-490e-9cdc-31353ff0528b",
          [31m-[0m [0m"ff6305a4-f1e6-4b3f-80a6-a695beb34120",
        ]
        [1m[0mtags[0m[0m                         = {}
        [90m# (8 unchanged attributes hidden)[0m[0m

        [90m# (1 unchanged block hidden)[0m[0m
    }

[1m  # module.queues.aws_connect_queue.on_duo_walgreens[0m will be updated in-place[0m[0m
[0m  [33m~[0m[0m resource "aws_connect_queue" "on_duo_walgreens" {
        [1m[0mid[0m[0m                           = "03103f71-db62-4f61-9432-4bfae356b3e3:46e96ea7-fc48-48bf-822e-72abce78a635"
      [33m~[0m [0m[1m[0minstance_id[0m[0m                  = "03103f71-db62-4f61-9432-4bfae356b3e3" [33m->[0m [0m(known after apply)
        [1m[0mname[0m[0m                         = "On Duo Walgreens"
      [33m~[0m [0m[1m[0mquick_connect_ids[0m[0m            = [
          [31m-[0m [0m"02d8cd41-a0fd-4b18-8b9d-a10074ae298b",
          [31m-[0m [0m"0bfb8f00-a9ea-41de-a34f-f737545e0506",
          [31m-[0m [0m"15be88bf-298f-49f1-8eb6-69c31ea74696",
          [31m-[0m [0m"26fc5bcf-ce8b-48e8-b950-59313272af35",
          [31m-[0m [0m"3d34ae09-d04d-4971-9467-36b6c9a055e1",
          [31m-[0m [0m"42c0d9b8-b333-4b31-a64e-2f2a1f63a028",
          [31m-[0m [0m"6f6c9fb8-8e30-41f3-8dc0-c1fcb0e6b39a",
          [31m-[0m [0m"6f6cc569-d4b8-414a-b8d9-09391a97d281",
          [31m-[0m [0m"784e73c9-677a-4bc5-a5fc-9b733a058c51",
          [31m-[0m [0m"81bddd69-84d7-4107-abc3-e2cba8e8ea0d",
          [31m-[0m [0m"942e2461-3f08-4823-a32c-fca2415dcd48",
          [31m-[0m [0m"ae21e911-abd7-4999-845d-0ffd6275ed19",
          [31m-[0m [0m"b65c708e-4ed9-4e45-8553-44b872b08ae0",
          [31m-[0m [0m"b7b3d95d-89b8-4a28-8c1b-84ffea4b5d92",
          [31m-[0m [0m"c0bf023a-7603-47be-ad22-f279dff938d3",
          [31m-[0m [0m"d4c40248-c333-4210-a4c1-c5ffef30bcc8",
          [31m-[0m [0m"db3ebb85-02ed-47cc-a3cd-d0a71046c473",
          [31m-[0m [0m"e81afb63-4713-4bd2-8613-09e1e67ab175",
          [31m-[0m [0m"ee3005b7-31ec-490e-9cdc-31353ff0528b",
          [31m-[0m [0m"ff6305a4-f1e6-4b3f-80a6-a695beb34120",
        ]
        [1m[0mtags[0m[0m                         = {}
        [90m# (8 unchanged attributes hidden)[0m[0m

        [90m# (1 unchanged block hidden)[0m[0m
    }

[1m  # module.queues.aws_connect_queue.outbound_only[0m will be updated in-place[0m[0m
[0m  [33m~[0m[0m resource "aws_connect_queue" "outbound_only" {
        [1m[0mid[0m[0m                           = "03103f71-db62-4f61-9432-4bfae356b3e3:5260ccff-a57e-40f1-a87f-e11b127661e8"
      [33m~[0m [0m[1m[0minstance_id[0m[0m                  = "03103f71-db62-4f61-9432-4bfae356b3e3" [33m->[0m [0m(known after apply)
        [1m[0mname[0m[0m                         = "Outbound Only"
      [33m~[0m [0m[1m[0mquick_connect_ids[0m[0m            = [
          [31m-[0m [0m"0bfb8f00-a9ea-41de-a34f-f737545e0506",
          [31m-[0m [0m"15be88bf-298f-49f1-8eb6-69c31ea74696",
          [31m-[0m [0m"1b2c1a23-bb73-41a3-8e4a-ef02f7f96451",
          [31m-[0m [0m"26fc5bcf-ce8b-48e8-b950-59313272af35",
          [31m-[0m [0m"3d34ae09-d04d-4971-9467-36b6c9a055e1",
          [31m-[0m [0m"43d0a84b-d875-4903-bfee-bef0b96c863b",
          [31m-[0m [0m"518e29fa-36e5-4a20-b5fd-e50c004f3bac",
          [31m-[0m [0m"593b43a3-06ab-4a9f-ae2b-26ccf7e0abbd",
          [31m-[0m [0m"6f6cc569-d4b8-414a-b8d9-09391a97d281",
          [31m-[0m [0m"76a23278-c260-4aba-8fcc-3049ace232d6",
          [31m-[0m [0m"784e73c9-677a-4bc5-a5fc-9b733a058c51",
          [31m-[0m [0m"81bddd69-84d7-4107-abc3-e2cba8e8ea0d",
          [31m-[0m [0m"942e2461-3f08-4823-a32c-fca2415dcd48",
          [31m-[0m [0m"9a7d505e-e0e6-4ccd-80a7-ce7699c4d62d",
          [31m-[0m [0m"ae21e911-abd7-4999-845d-0ffd6275ed19",
          [31m-[0m [0m"b54cb2d3-e63a-4047-b64f-8a7d1dcba3b9",
          [31m-[0m [0m"b65c708e-4ed9-4e45-8553-44b872b08ae0",
          [31m-[0m [0m"b7b3d95d-89b8-4a28-8c1b-84ffea4b5d92",
          [31m-[0m [0m"b7c7faa7-0cd5-4301-a1c1-dd6bd8534f3e",
          [31m-[0m [0m"c0bf023a-7603-47be-ad22-f279dff938d3",
          [31m-[0m [0m"c3905fe1-8913-4404-8380-afe40f6c7ecf",
          [31m-[0m [0m"de8f6fcf-859c-4fff-8854-4cdfb55446dc",
          [31m-[0m [0m"e33a966d-2375-4605-8640-cb4d26136122",
          [31m-[0m [0m"e81afb63-4713-4bd2-8613-09e1e67ab175",
          [31m-[0m [0m"ee3005b7-31ec-490e-9cdc-31353ff0528b",
          [31m-[0m [0m"fbbbe68a-f5d1-4acd-9929-7f0950465cd9",
          [31m-[0m [0m"ff6305a4-f1e6-4b3f-80a6-a695beb34120",
        ]
        [1m[0mtags[0m[0m                         = {}
        [90m# (8 unchanged attributes hidden)[0m[0m

        [90m# (1 unchanged block hidden)[0m[0m
    }

[1m  # module.queues.aws_connect_queue.presbyterian_centennial_local[0m will be updated in-place[0m[0m
[0m  [33m~[0m[0m resource "aws_connect_queue" "presbyterian_centennial_local" {
        [1m[0mid[0m[0m                           = "03103f71-db62-4f61-9432-4bfae356b3e3:259994da-d5a2-4bbf-8a2f-c6681a9fcb89"
      [33m~[0m [0m[1m[0minstance_id[0m[0m                  = "03103f71-db62-4f61-9432-4bfae356b3e3" [33m->[0m [0m(known after apply)
        [1m[0mname[0m[0m                         = "Presbyterian Centennial Local"
      [33m~[0m [0m[1m[0mquick_connect_ids[0m[0m            = [
          [31m-[0m [0m"02d8cd41-a0fd-4b18-8b9d-a10074ae298b",
          [31m-[0m [0m"0bfb8f00-a9ea-41de-a34f-f737545e0506",
          [31m-[0m [0m"15be88bf-298f-49f1-8eb6-69c31ea74696",
          [31m-[0m [0m"1b2c1a23-bb73-41a3-8e4a-ef02f7f96451",
          [31m-[0m [0m"26fc5bcf-ce8b-48e8-b950-59313272af35",
          [31m-[0m [0m"3d34ae09-d04d-4971-9467-36b6c9a055e1",
          [31m-[0m [0m"42c0d9b8-b333-4b31-a64e-2f2a1f63a028",
          [31m-[0m [0m"6f6c9fb8-8e30-41f3-8dc0-c1fcb0e6b39a",
          [31m-[0m [0m"6f6cc569-d4b8-414a-b8d9-09391a97d281",
          [31m-[0m [0m"784e73c9-677a-4bc5-a5fc-9b733a058c51",
          [31m-[0m [0m"81bddd69-84d7-4107-abc3-e2cba8e8ea0d",
          [31m-[0m [0m"942e2461-3f08-4823-a32c-fca2415dcd48",
          [31m-[0m [0m"ae21e911-abd7-4999-845d-0ffd6275ed19",
          [31m-[0m [0m"b65c708e-4ed9-4e45-8553-44b872b08ae0",
          [31m-[0m [0m"b7b3d95d-89b8-4a28-8c1b-84ffea4b5d92",
          [31m-[0m [0m"c0bf023a-7603-47be-ad22-f279dff938d3",
          [31m-[0m [0m"d4c40248-c333-4210-a4c1-c5ffef30bcc8",
          [31m-[0m [0m"db3ebb85-02ed-47cc-a3cd-d0a71046c473",
          [31m-[0m [0m"e81afb63-4713-4bd2-8613-09e1e67ab175",
          [31m-[0m [0m"ee3005b7-31ec-490e-9cdc-31353ff0528b",
          [31m-[0m [0m"ff6305a4-f1e6-4b3f-80a6-a695beb34120",
        ]
        [1m[0mtags[0m[0m                         = {}
        [90m# (8 unchanged attributes hidden)[0m[0m

        [90m# (1 unchanged block hidden)[0m[0m
    }

[1m  # module.queues.aws_connect_queue.presbyterian_employee[0m will be updated in-place[0m[0m
[0m  [33m~[0m[0m resource "aws_connect_queue" "presbyterian_employee" {
        [1m[0mid[0m[0m                           = "03103f71-db62-4f61-9432-4bfae356b3e3:48aa39cc-5cd8-4fdd-a0d8-92eae7210e61"
      [33m~[0m [0m[1m[0minstance_id[0m[0m                  = "03103f71-db62-4f61-9432-4bfae356b3e3" [33m->[0m [0m(known after apply)
        [1m[0mname[0m[0m                         = "Presbyterian Employee"
      [33m~[0m [0m[1m[0mquick_connect_ids[0m[0m            = [
          [31m-[0m [0m"02d8cd41-a0fd-4b18-8b9d-a10074ae298b",
          [31m-[0m [0m"0bfb8f00-a9ea-41de-a34f-f737545e0506",
          [31m-[0m [0m"15be88bf-298f-49f1-8eb6-69c31ea74696",
          [31m-[0m [0m"26fc5bcf-ce8b-48e8-b950-59313272af35",
          [31m-[0m [0m"3d34ae09-d04d-4971-9467-36b6c9a055e1",
          [31m-[0m [0m"42c0d9b8-b333-4b31-a64e-2f2a1f63a028",
          [31m-[0m [0m"6f6c9fb8-8e30-41f3-8dc0-c1fcb0e6b39a",
          [31m-[0m [0m"6f6cc569-d4b8-414a-b8d9-09391a97d281",
          [31m-[0m [0m"784e73c9-677a-4bc5-a5fc-9b733a058c51",
          [31m-[0m [0m"81bddd69-84d7-4107-abc3-e2cba8e8ea0d",
          [31m-[0m [0m"942e2461-3f08-4823-a32c-fca2415dcd48",
          [31m-[0m [0m"ae21e911-abd7-4999-845d-0ffd6275ed19",
          [31m-[0m [0m"b65c708e-4ed9-4e45-8553-44b872b08ae0",
          [31m-[0m [0m"b7b3d95d-89b8-4a28-8c1b-84ffea4b5d92",
          [31m-[0m [0m"c0bf023a-7603-47be-ad22-f279dff938d3",
          [31m-[0m [0m"d4c40248-c333-4210-a4c1-c5ffef30bcc8",
          [31m-[0m [0m"db3ebb85-02ed-47cc-a3cd-d0a71046c473",
          [31m-[0m [0m"e81afb63-4713-4bd2-8613-09e1e67ab175",
          [31m-[0m [0m"ee3005b7-31ec-490e-9cdc-31353ff0528b",
          [31m-[0m [0m"ff6305a4-f1e6-4b3f-80a6-a695beb34120",
        ]
        [1m[0mtags[0m[0m                         = {}
        [90m# (8 unchanged attributes hidden)[0m[0m

        [90m# (1 unchanged block hidden)[0m[0m
    }

[1m  # module.queues.aws_connect_queue.presbyterian_inbound_referral[0m will be updated in-place[0m[0m
[0m  [33m~[0m[0m resource "aws_connect_queue" "presbyterian_inbound_referral" {
        [1m[0mid[0m[0m                           = "03103f71-db62-4f61-9432-4bfae356b3e3:aa315cea-1cdd-4491-93c1-b4370d837877"
      [33m~[0m [0m[1m[0minstance_id[0m[0m                  = "03103f71-db62-4f61-9432-4bfae356b3e3" [33m->[0m [0m(known after apply)
        [1m[0mname[0m[0m                         = "Presbyterian Inbound Referral"
      [33m~[0m [0m[1m[0mquick_connect_ids[0m[0m            = [
          [31m-[0m [0m"02d8cd41-a0fd-4b18-8b9d-a10074ae298b",
          [31m-[0m [0m"0bfb8f00-a9ea-41de-a34f-f737545e0506",
          [31m-[0m [0m"15be88bf-298f-49f1-8eb6-69c31ea74696",
          [31m-[0m [0m"26fc5bcf-ce8b-48e8-b950-59313272af35",
          [31m-[0m [0m"3d34ae09-d04d-4971-9467-36b6c9a055e1",
          [31m-[0m [0m"42c0d9b8-b333-4b31-a64e-2f2a1f63a028",
          [31m-[0m [0m"6f6c9fb8-8e30-41f3-8dc0-c1fcb0e6b39a",
          [31m-[0m [0m"6f6cc569-d4b8-414a-b8d9-09391a97d281",
          [31m-[0m [0m"81bddd69-84d7-4107-abc3-e2cba8e8ea0d",
          [31m-[0m [0m"942e2461-3f08-4823-a32c-fca2415dcd48",
          [31m-[0m [0m"ae21e911-abd7-4999-845d-0ffd6275ed19",
          [31m-[0m [0m"b65c708e-4ed9-4e45-8553-44b872b08ae0",
          [31m-[0m [0m"b7b3d95d-89b8-4a28-8c1b-84ffea4b5d92",
          [31m-[0m [0m"c0bf023a-7603-47be-ad22-f279dff938d3",
          [31m-[0m [0m"d4c40248-c333-4210-a4c1-c5ffef30bcc8",
          [31m-[0m [0m"db3ebb85-02ed-47cc-a3cd-d0a71046c473",
          [31m-[0m [0m"e81afb63-4713-4bd2-8613-09e1e67ab175",
          [31m-[0m [0m"ee3005b7-31ec-490e-9cdc-31353ff0528b",
          [31m-[0m [0m"ff6305a4-f1e6-4b3f-80a6-a695beb34120",
        ]
        [1m[0mtags[0m[0m                         = {}
        [90m# (8 unchanged attributes hidden)[0m[0m

        [90m# (1 unchanged block hidden)[0m[0m
    }

[1m  # module.queues.aws_connect_queue.presbyterian_toll_free[0m will be updated in-place[0m[0m
[0m  [33m~[0m[0m resource "aws_connect_queue" "presbyterian_toll_free" {
        [1m[0mid[0m[0m                           = "03103f71-db62-4f61-9432-4bfae356b3e3:e9a55994-9d6b-4f4f-a463-f46777f393ce"
      [33m~[0m [0m[1m[0minstance_id[0m[0m                  = "03103f71-db62-4f61-9432-4bfae356b3e3" [33m->[0m [0m(known after apply)
        [1m[0mname[0m[0m                         = "Presbyterian Toll Free"
      [33m~[0m [0m[1m[0mquick_connect_ids[0m[0m            = [
          [31m-[0m [0m"02d8cd41-a0fd-4b18-8b9d-a10074ae298b",
          [31m-[0m [0m"0bfb8f00-a9ea-41de-a34f-f737545e0506",
          [31m-[0m [0m"15be88bf-298f-49f1-8eb6-69c31ea74696",
          [31m-[0m [0m"26fc5bcf-ce8b-48e8-b950-59313272af35",
          [31m-[0m [0m"3d34ae09-d04d-4971-9467-36b6c9a055e1",
          [31m-[0m [0m"42c0d9b8-b333-4b31-a64e-2f2a1f63a028",
          [31m-[0m [0m"6f6cc569-d4b8-414a-b8d9-09391a97d281",
          [31m-[0m [0m"784e73c9-677a-4bc5-a5fc-9b733a058c51",
          [31m-[0m [0m"81bddd69-84d7-4107-abc3-e2cba8e8ea0d",
          [31m-[0m [0m"942e2461-3f08-4823-a32c-fca2415dcd48",
          [31m-[0m [0m"ae21e911-abd7-4999-845d-0ffd6275ed19",
          [31m-[0m [0m"b65c708e-4ed9-4e45-8553-44b872b08ae0",
          [31m-[0m [0m"b7b3d95d-89b8-4a28-8c1b-84ffea4b5d92",
          [31m-[0m [0m"c0bf023a-7603-47be-ad22-f279dff938d3",
          [31m-[0m [0m"d4c40248-c333-4210-a4c1-c5ffef30bcc8",
          [31m-[0m [0m"db3ebb85-02ed-47cc-a3cd-d0a71046c473",
          [31m-[0m [0m"e81afb63-4713-4bd2-8613-09e1e67ab175",
          [31m-[0m [0m"ee3005b7-31ec-490e-9cdc-31353ff0528b",
          [31m-[0m [0m"ff6305a4-f1e6-4b3f-80a6-a695beb34120",
        ]
        [1m[0mtags[0m[0m                         = {}
        [90m# (8 unchanged attributes hidden)[0m[0m

        [90m# (1 unchanged block hidden)[0m[0m
    }

[1m  # module.queues.aws_connect_queue.tufts_direct_together[0m will be updated in-place[0m[0m
[0m  [33m~[0m[0m resource "aws_connect_queue" "tufts_direct_together" {
        [1m[0mid[0m[0m                           = "03103f71-db62-4f61-9432-4bfae356b3e3:b43ff2d9-873c-402d-9761-7f4197178e5d"
      [33m~[0m [0m[1m[0minstance_id[0m[0m                  = "03103f71-db62-4f61-9432-4bfae356b3e3" [33m->[0m [0m(known after apply)
        [1m[0mname[0m[0m                         = "Tufts Direct-Together"
      [33m~[0m [0m[1m[0mquick_connect_ids[0m[0m            = [
          [31m-[0m [0m"02d8cd41-a0fd-4b18-8b9d-a10074ae298b",
          [31m-[0m [0m"0bfb8f00-a9ea-41de-a34f-f737545e0506",
          [31m-[0m [0m"15be88bf-298f-49f1-8eb6-69c31ea74696",
          [31m-[0m [0m"26ad78d8-84d1-4cc8-9d8d-86a1181092ab",
          [31m-[0m [0m"26fc5bcf-ce8b-48e8-b950-59313272af35",
          [31m-[0m [0m"3d34ae09-d04d-4971-9467-36b6c9a055e1",
          [31m-[0m [0m"6f6cc569-d4b8-414a-b8d9-09391a97d281",
          [31m-[0m [0m"784e73c9-677a-4bc5-a5fc-9b733a058c51",
          [31m-[0m [0m"81bddd69-84d7-4107-abc3-e2cba8e8ea0d",
          [31m-[0m [0m"942e2461-3f08-4823-a32c-fca2415dcd48",
          [31m-[0m [0m"ae21e911-abd7-4999-845d-0ffd6275ed19",
          [31m-[0m [0m"b65c708e-4ed9-4e45-8553-44b872b08ae0",
          [31m-[0m [0m"b7b3d95d-89b8-4a28-8c1b-84ffea4b5d92",
          [31m-[0m [0m"c0bf023a-7603-47be-ad22-f279dff938d3",
          [31m-[0m [0m"d4c40248-c333-4210-a4c1-c5ffef30bcc8",
          [31m-[0m [0m"db3ebb85-02ed-47cc-a3cd-d0a71046c473",
          [31m-[0m [0m"e81afb63-4713-4bd2-8613-09e1e67ab175",
          [31m-[0m [0m"ee3005b7-31ec-490e-9cdc-31353ff0528b",
          [31m-[0m [0m"ff6305a4-f1e6-4b3f-80a6-a695beb34120",
        ]
        [1m[0mtags[0m[0m                         = {}
        [90m# (8 unchanged attributes hidden)[0m[0m

        [90m# (1 unchanged block hidden)[0m[0m
    }

[1m  # module.queues.aws_connect_queue.walmart_dpp[0m will be updated in-place[0m[0m
[0m  [33m~[0m[0m resource "aws_connect_queue" "walmart_dpp" {
        [1m[0mid[0m[0m                           = "03103f71-db62-4f61-9432-4bfae356b3e3:530d8911-46a0-4416-a72f-acccc967a049"
      [33m~[0m [0m[1m[0minstance_id[0m[0m                  = "03103f71-db62-4f61-9432-4bfae356b3e3" [33m->[0m [0m(known after apply)
        [1m[0mname[0m[0m                         = "WalMart - DPP"
      [33m~[0m [0m[1m[0mquick_connect_ids[0m[0m            = [
          [31m-[0m [0m"02d8cd41-a0fd-4b18-8b9d-a10074ae298b",
          [31m-[0m [0m"0bfb8f00-a9ea-41de-a34f-f737545e0506",
          [31m-[0m [0m"15be88bf-298f-49f1-8eb6-69c31ea74696",
          [31m-[0m [0m"26fc5bcf-ce8b-48e8-b950-59313272af35",
          [31m-[0m [0m"3d34ae09-d04d-4971-9467-36b6c9a055e1",
          [31m-[0m [0m"6f6cc569-d4b8-414a-b8d9-09391a97d281",
          [31m-[0m [0m"784e73c9-677a-4bc5-a5fc-9b733a058c51",
          [31m-[0m [0m"81bddd69-84d7-4107-abc3-e2cba8e8ea0d",
          [31m-[0m [0m"942e2461-3f08-4823-a32c-fca2415dcd48",
          [31m-[0m [0m"ae21e911-abd7-4999-845d-0ffd6275ed19",
          [31m-[0m [0m"b65c708e-4ed9-4e45-8553-44b872b08ae0",
          [31m-[0m [0m"b7b3d95d-89b8-4a28-8c1b-84ffea4b5d92",
          [31m-[0m [0m"c0bf023a-7603-47be-ad22-f279dff938d3",
          [31m-[0m [0m"d4c40248-c333-4210-a4c1-c5ffef30bcc8",
          [31m-[0m [0m"e81afb63-4713-4bd2-8613-09e1e67ab175",
          [31m-[0m [0m"ee3005b7-31ec-490e-9cdc-31353ff0528b",
          [31m-[0m [0m"ff6305a4-f1e6-4b3f-80a6-a695beb34120",
        ]
        [1m[0mtags[0m[0m                         = {}
        [90m# (8 unchanged attributes hidden)[0m[0m

        [90m# (1 unchanged block hidden)[0m[0m
    }

[1m  # module.queues.aws_connect_queue.wellcare_kentucky_local[0m will be updated in-place[0m[0m
[0m  [33m~[0m[0m resource "aws_connect_queue" "wellcare_kentucky_local" {
        [1m[0mid[0m[0m                           = "03103f71-db62-4f61-9432-4bfae356b3e3:cd1812f4-4beb-467b-a2e2-bb610a62c1ab"
      [33m~[0m [0m[1m[0minstance_id[0m[0m                  = "03103f71-db62-4f61-9432-4bfae356b3e3" [33m->[0m [0m(known after apply)
        [1m[0mname[0m[0m                         = "Wellcare Kentucky Local"
      [33m~[0m [0m[1m[0mquick_connect_ids[0m[0m            = [
          [31m-[0m [0m"02d8cd41-a0fd-4b18-8b9d-a10074ae298b",
          [31m-[0m [0m"0bfb8f00-a9ea-41de-a34f-f737545e0506",
          [31m-[0m [0m"149ec604-7f48-48ed-9124-262532392cfd",
          [31m-[0m [0m"15be88bf-298f-49f1-8eb6-69c31ea74696",
          [31m-[0m [0m"26fc5bcf-ce8b-48e8-b950-59313272af35",
          [31m-[0m [0m"3d34ae09-d04d-4971-9467-36b6c9a055e1",
          [31m-[0m [0m"6f6cc569-d4b8-414a-b8d9-09391a97d281",
          [31m-[0m [0m"784e73c9-677a-4bc5-a5fc-9b733a058c51",
          [31m-[0m [0m"81bddd69-84d7-4107-abc3-e2cba8e8ea0d",
          [31m-[0m [0m"932376e1-8c6f-41bf-af57-b4e7ac5260fa",
          [31m-[0m [0m"942e2461-3f08-4823-a32c-fca2415dcd48",
          [31m-[0m [0m"ae21e911-abd7-4999-845d-0ffd6275ed19",
          [31m-[0m [0m"b65c708e-4ed9-4e45-8553-44b872b08ae0",
          [31m-[0m [0m"b7b3d95d-89b8-4a28-8c1b-84ffea4b5d92",
          [31m-[0m [0m"c0bf023a-7603-47be-ad22-f279dff938d3",
          [31m-[0m [0m"d4c40248-c333-4210-a4c1-c5ffef30bcc8",
          [31m-[0m [0m"db3ebb85-02ed-47cc-a3cd-d0a71046c473",
          [31m-[0m [0m"df863a4d-bd79-4765-9201-eb150a6f4834",
          [31m-[0m [0m"e81afb63-4713-4bd2-8613-09e1e67ab175",
          [31m-[0m [0m"ee3005b7-31ec-490e-9cdc-31353ff0528b",
          [31m-[0m [0m"ff6305a4-f1e6-4b3f-80a6-a695beb34120",
        ]
        [1m[0mtags[0m[0m                         = {}
        [90m# (8 unchanged attributes hidden)[0m[0m

        [90m# (1 unchanged block hidden)[0m[0m
    }

[1m  # module.queues.aws_connect_queue.wellcare_kentucky_toll_free[0m will be updated in-place[0m[0m
[0m  [33m~[0m[0m resource "aws_connect_queue" "wellcare_kentucky_toll_free" {
        [1m[0mid[0m[0m                           = "03103f71-db62-4f61-9432-4bfae356b3e3:1181993e-aa87-49ec-abe9-cd27f6789ac1"
      [33m~[0m [0m[1m[0minstance_id[0m[0m                  = "03103f71-db62-4f61-9432-4bfae356b3e3" [33m->[0m [0m(known after apply)
        [1m[0mname[0m[0m                         = "Wellcare Kentucky Toll Free"
      [33m~[0m [0m[1m[0mquick_connect_ids[0m[0m            = [
          [31m-[0m [0m"02d8cd41-a0fd-4b18-8b9d-a10074ae298b",
          [31m-[0m [0m"0bfb8f00-a9ea-41de-a34f-f737545e0506",
          [31m-[0m [0m"149ec604-7f48-48ed-9124-262532392cfd",
          [31m-[0m [0m"15be88bf-298f-49f1-8eb6-69c31ea74696",
          [31m-[0m [0m"26fc5bcf-ce8b-48e8-b950-59313272af35",
          [31m-[0m [0m"3d34ae09-d04d-4971-9467-36b6c9a055e1",
          [31m-[0m [0m"42c0d9b8-b333-4b31-a64e-2f2a1f63a028",
          [31m-[0m [0m"6f6cc569-d4b8-414a-b8d9-09391a97d281",
          [31m-[0m [0m"784e73c9-677a-4bc5-a5fc-9b733a058c51",
          [31m-[0m [0m"81bddd69-84d7-4107-abc3-e2cba8e8ea0d",
          [31m-[0m [0m"932376e1-8c6f-41bf-af57-b4e7ac5260fa",
          [31m-[0m [0m"942e2461-3f08-4823-a32c-fca2415dcd48",
          [31m-[0m [0m"9a7d505e-e0e6-4ccd-80a7-ce7699c4d62d",
          [31m-[0m [0m"a7b20d7b-7aea-4bac-becc-94f14aa33d1e",
          [31m-[0m [0m"ae21e911-abd7-4999-845d-0ffd6275ed19",
          [31m-[0m [0m"b65c708e-4ed9-4e45-8553-44b872b08ae0",
          [31m-[0m [0m"b7b3d95d-89b8-4a28-8c1b-84ffea4b5d92",
          [31m-[0m [0m"c0bf023a-7603-47be-ad22-f279dff938d3",
          [31m-[0m [0m"d4c40248-c333-4210-a4c1-c5ffef30bcc8",
          [31m-[0m [0m"df863a4d-bd79-4765-9201-eb150a6f4834",
          [31m-[0m [0m"e81afb63-4713-4bd2-8613-09e1e67ab175",
          [31m-[0m [0m"ee3005b7-31ec-490e-9cdc-31353ff0528b",
          [31m-[0m [0m"ff6305a4-f1e6-4b3f-80a6-a695beb34120",
        ]
        [1m[0mtags[0m[0m                         = {}
        [90m# (8 unchanged attributes hidden)[0m[0m

        [90m# (1 unchanged block hidden)[0m[0m
    }

[1m  # module.queues.aws_connect_queue.wellcare_new_jersey_local[0m will be updated in-place[0m[0m
[0m  [33m~[0m[0m resource "aws_connect_queue" "wellcare_new_jersey_local" {
        [1m[0mid[0m[0m                           = "03103f71-db62-4f61-9432-4bfae356b3e3:76855c54-bef5-456c-92f4-dbeabda2c504"
      [33m~[0m [0m[1m[0minstance_id[0m[0m                  = "03103f71-db62-4f61-9432-4bfae356b3e3" [33m->[0m [0m(known after apply)
        [1m[0mname[0m[0m                         = "Wellcare New Jersey Local"
      [33m~[0m [0m[1m[0mquick_connect_ids[0m[0m            = [
          [31m-[0m [0m"02d8cd41-a0fd-4b18-8b9d-a10074ae298b",
          [31m-[0m [0m"0bfb8f00-a9ea-41de-a34f-f737545e0506",
          [31m-[0m [0m"15be88bf-298f-49f1-8eb6-69c31ea74696",
          [31m-[0m [0m"26fc5bcf-ce8b-48e8-b950-59313272af35",
          [31m-[0m [0m"3d34ae09-d04d-4971-9467-36b6c9a055e1",
          [31m-[0m [0m"42c0d9b8-b333-4b31-a64e-2f2a1f63a028",
          [31m-[0m [0m"6f6cc569-d4b8-414a-b8d9-09391a97d281",
          [31m-[0m [0m"784e73c9-677a-4bc5-a5fc-9b733a058c51",
          [31m-[0m [0m"81bddd69-84d7-4107-abc3-e2cba8e8ea0d",
          [31m-[0m [0m"ae21e911-abd7-4999-845d-0ffd6275ed19",
          [31m-[0m [0m"b439f271-adb4-4444-a8ef-de5d180c5541",
          [31m-[0m [0m"b65c708e-4ed9-4e45-8553-44b872b08ae0",
          [31m-[0m [0m"b7b3d95d-89b8-4a28-8c1b-84ffea4b5d92",
          [31m-[0m [0m"c0bf023a-7603-47be-ad22-f279dff938d3",
          [31m-[0m [0m"d4c40248-c333-4210-a4c1-c5ffef30bcc8",
          [31m-[0m [0m"db3ebb85-02ed-47cc-a3cd-d0a71046c473",
          [31m-[0m [0m"e81afb63-4713-4bd2-8613-09e1e67ab175",
          [31m-[0m [0m"ee3005b7-31ec-490e-9cdc-31353ff0528b",
          [31m-[0m [0m"ff6305a4-f1e6-4b3f-80a6-a695beb34120",
        ]
        [1m[0mtags[0m[0m                         = {}
        [90m# (8 unchanged attributes hidden)[0m[0m

        [90m# (1 unchanged block hidden)[0m[0m
    }

[1m  # module.queues.aws_connect_queue.wellcare_new_jersey_toll_free[0m will be updated in-place[0m[0m
[0m  [33m~[0m[0m resource "aws_connect_queue" "wellcare_new_jersey_toll_free" {
        [1m[0mid[0m[0m                           = "03103f71-db62-4f61-9432-4bfae356b3e3:19b60a0c-f394-43cd-8c81-f59a6da40bf0"
      [33m~[0m [0m[1m[0minstance_id[0m[0m                  = "03103f71-db62-4f61-9432-4bfae356b3e3" [33m->[0m [0m(known after apply)
        [1m[0mname[0m[0m                         = "Wellcare New Jersey Toll Free"
      [33m~[0m [0m[1m[0mquick_connect_ids[0m[0m            = [
          [31m-[0m [0m"02d8cd41-a0fd-4b18-8b9d-a10074ae298b",
          [31m-[0m [0m"0bfb8f00-a9ea-41de-a34f-f737545e0506",
          [31m-[0m [0m"149ec604-7f48-48ed-9124-262532392cfd",
          [31m-[0m [0m"15be88bf-298f-49f1-8eb6-69c31ea74696",
          [31m-[0m [0m"26fc5bcf-ce8b-48e8-b950-59313272af35",
          [31m-[0m [0m"3d34ae09-d04d-4971-9467-36b6c9a055e1",
          [31m-[0m [0m"42c0d9b8-b333-4b31-a64e-2f2a1f63a028",
          [31m-[0m [0m"6f6cc569-d4b8-414a-b8d9-09391a97d281",
          [31m-[0m [0m"784e73c9-677a-4bc5-a5fc-9b733a058c51",
          [31m-[0m [0m"81bddd69-84d7-4107-abc3-e2cba8e8ea0d",
          [31m-[0m [0m"942e2461-3f08-4823-a32c-fca2415dcd48",
          [31m-[0m [0m"ae21e911-abd7-4999-845d-0ffd6275ed19",
          [31m-[0m [0m"b65c708e-4ed9-4e45-8553-44b872b08ae0",
          [31m-[0m [0m"b7b3d95d-89b8-4a28-8c1b-84ffea4b5d92",
          [31m-[0m [0m"c0bf023a-7603-47be-ad22-f279dff938d3",
          [31m-[0m [0m"d4c40248-c333-4210-a4c1-c5ffef30bcc8",
          [31m-[0m [0m"db3ebb85-02ed-47cc-a3cd-d0a71046c473",
          [31m-[0m [0m"e81afb63-4713-4bd2-8613-09e1e67ab175",
          [31m-[0m [0m"ee3005b7-31ec-490e-9cdc-31353ff0528b",
          [31m-[0m [0m"ff6305a4-f1e6-4b3f-80a6-a695beb34120",
        ]
        [1m[0mtags[0m[0m                         = {}
        [90m# (8 unchanged attributes hidden)[0m[0m

        [90m# (1 unchanged block hidden)[0m[0m
    }

[1m  # module.queues.aws_connect_queue.wellcare_north_carolina_local[0m will be updated in-place[0m[0m
[0m  [33m~[0m[0m resource "aws_connect_queue" "wellcare_north_carolina_local" {
        [1m[0mid[0m[0m                           = "03103f71-db62-4f61-9432-4bfae356b3e3:7135d36b-3497-464b-8882-22614188ec04"
      [33m~[0m [0m[1m[0minstance_id[0m[0m                  = "03103f71-db62-4f61-9432-4bfae356b3e3" [33m->[0m [0m(known after apply)
        [1m[0mname[0m[0m                         = "Wellcare North Carolina Local"
      [33m~[0m [0m[1m[0mquick_connect_ids[0m[0m            = [
          [31m-[0m [0m"02d8cd41-a0fd-4b18-8b9d-a10074ae298b",
          [31m-[0m [0m"0bfb8f00-a9ea-41de-a34f-f737545e0506",
          [31m-[0m [0m"15be88bf-298f-49f1-8eb6-69c31ea74696",
          [31m-[0m [0m"26fc5bcf-ce8b-48e8-b950-59313272af35",
          [31m-[0m [0m"3d34ae09-d04d-4971-9467-36b6c9a055e1",
          [31m-[0m [0m"42c0d9b8-b333-4b31-a64e-2f2a1f63a028",
          [31m-[0m [0m"6f6c9fb8-8e30-41f3-8dc0-c1fcb0e6b39a",
          [31m-[0m [0m"6f6cc569-d4b8-414a-b8d9-09391a97d281",
          [31m-[0m [0m"784e73c9-677a-4bc5-a5fc-9b733a058c51",
          [31m-[0m [0m"81bddd69-84d7-4107-abc3-e2cba8e8ea0d",
          [31m-[0m [0m"942e2461-3f08-4823-a32c-fca2415dcd48",
          [31m-[0m [0m"9a7d505e-e0e6-4ccd-80a7-ce7699c4d62d",
          [31m-[0m [0m"ae21e911-abd7-4999-845d-0ffd6275ed19",
          [31m-[0m [0m"b65c708e-4ed9-4e45-8553-44b872b08ae0",
          [31m-[0m [0m"b7b3d95d-89b8-4a28-8c1b-84ffea4b5d92",
          [31m-[0m [0m"c0bf023a-7603-47be-ad22-f279dff938d3",
          [31m-[0m [0m"d4c40248-c333-4210-a4c1-c5ffef30bcc8",
          [31m-[0m [0m"db3ebb85-02ed-47cc-a3cd-d0a71046c473",
          [31m-[0m [0m"e81afb63-4713-4bd2-8613-09e1e67ab175",
          [31m-[0m [0m"ee3005b7-31ec-490e-9cdc-31353ff0528b",
          [31m-[0m [0m"ff6305a4-f1e6-4b3f-80a6-a695beb34120",
        ]
        [1m[0mtags[0m[0m                         = {}
        [90m# (8 unchanged attributes hidden)[0m[0m

        [90m# (1 unchanged block hidden)[0m[0m
    }

[1m  # module.queues.aws_connect_queue.wellcare_north_carolina_toll_free[0m will be updated in-place[0m[0m
[0m  [33m~[0m[0m resource "aws_connect_queue" "wellcare_north_carolina_toll_free" {
        [1m[0mid[0m[0m                           = "03103f71-db62-4f61-9432-4bfae356b3e3:1acfde9c-e826-4f9a-985d-6093018a7e68"
      [33m~[0m [0m[1m[0minstance_id[0m[0m                  = "03103f71-db62-4f61-9432-4bfae356b3e3" [33m->[0m [0m(known after apply)
        [1m[0mname[0m[0m                         = "Wellcare North Carolina Toll Free"
      [33m~[0m [0m[1m[0mquick_connect_ids[0m[0m            = [
          [31m-[0m [0m"02d8cd41-a0fd-4b18-8b9d-a10074ae298b",
          [31m-[0m [0m"0bfb8f00-a9ea-41de-a34f-f737545e0506",
          [31m-[0m [0m"15be88bf-298f-49f1-8eb6-69c31ea74696",
          [31m-[0m [0m"26fc5bcf-ce8b-48e8-b950-59313272af35",
          [31m-[0m [0m"3d34ae09-d04d-4971-9467-36b6c9a055e1",
          [31m-[0m [0m"42c0d9b8-b333-4b31-a64e-2f2a1f63a028",
          [31m-[0m [0m"6f6c9fb8-8e30-41f3-8dc0-c1fcb0e6b39a",
          [31m-[0m [0m"6f6cc569-d4b8-414a-b8d9-09391a97d281",
          [31m-[0m [0m"784e73c9-677a-4bc5-a5fc-9b733a058c51",
          [31m-[0m [0m"81bddd69-84d7-4107-abc3-e2cba8e8ea0d",
          [31m-[0m [0m"942e2461-3f08-4823-a32c-fca2415dcd48",
          [31m-[0m [0m"9a7d505e-e0e6-4ccd-80a7-ce7699c4d62d",
          [31m-[0m [0m"ae21e911-abd7-4999-845d-0ffd6275ed19",
          [31m-[0m [0m"b65c708e-4ed9-4e45-8553-44b872b08ae0",
          [31m-[0m [0m"b7b3d95d-89b8-4a28-8c1b-84ffea4b5d92",
          [31m-[0m [0m"c0bf023a-7603-47be-ad22-f279dff938d3",
          [31m-[0m [0m"d4c40248-c333-4210-a4c1-c5ffef30bcc8",
          [31m-[0m [0m"db3ebb85-02ed-47cc-a3cd-d0a71046c473",
          [31m-[0m [0m"e81afb63-4713-4bd2-8613-09e1e67ab175",
          [31m-[0m [0m"ee3005b7-31ec-490e-9cdc-31353ff0528b",
          [31m-[0m [0m"ff6305a4-f1e6-4b3f-80a6-a695beb34120",
        ]
        [1m[0mtags[0m[0m                         = {}
        [90m# (8 unchanged attributes hidden)[0m[0m

        [90m# (1 unchanged block hidden)[0m[0m
    }

[1m  # module.queues.aws_connect_queue.z_default_error_queue[0m will be updated in-place[0m[0m
[0m  [33m~[0m[0m resource "aws_connect_queue" "z_default_error_queue" {
        [1m[0mid[0m[0m                           = "03103f71-db62-4f61-9432-4bfae356b3e3:9d1b092e-90d9-47ba-b607-4cc7fd6c503a"
      [33m~[0m [0m[1m[0minstance_id[0m[0m                  = "03103f71-db62-4f61-9432-4bfae356b3e3" [33m->[0m [0m(known after apply)
        [1m[0mname[0m[0m                         = "Z - Default (Error) Queue"
        [1m[0mtags[0m[0m                         = {}
        [90m# (8 unchanged attributes hidden)[0m[0m

        [90m# (1 unchanged block hidden)[0m[0m
    }

[1m  # module.queues.aws_connect_queue.z_voicemail_queue[0m will be updated in-place[0m[0m
[0m  [33m~[0m[0m resource "aws_connect_queue" "z_voicemail_queue" {
        [1m[0mid[0m[0m                           = "03103f71-db62-4f61-9432-4bfae356b3e3:e95345da-9b32-4714-9a91-b3507e4f4fc6"
      [33m~[0m [0m[1m[0minstance_id[0m[0m                  = "03103f71-db62-4f61-9432-4bfae356b3e3" [33m->[0m [0m(known after apply)
        [1m[0mname[0m[0m                         = "Z - Voicemail Queue"
        [1m[0mtags[0m[0m                         = {}
        [90m# (9 unchanged attributes hidden)[0m[0m

        [90m# (1 unchanged block hidden)[0m[0m
    }

[1m  # module.connect.module.connect.aws_connect_instance.connect[0m must be [1m[31mreplaced[0m[0m
[0m[31m-[0m/[32m+[0m[0m resource "aws_connect_instance" "connect" {
      [33m~[0m [0m[1m[0marn[0m[0m                              = "arn:aws:connect:us-east-1:201706955376:instance/03103f71-db62-4f61-9432-4bfae356b3e3" [33m->[0m [0m(known after apply)
      [33m~[0m [0m[1m[0mcreated_time[0m[0m                     = "2019-07-29T18:55:37Z" [33m->[0m [0m(known after apply)
      [33m~[0m [0m[1m[0mid[0m[0m                               = "03103f71-db62-4f61-9432-4bfae356b3e3" [33m->[0m [0m(known after apply)
      [33m~[0m [0m[1m[0minstance_alias[0m[0m                   = "gm-code-cct" [33m->[0m [0m"gm-code-staging-cct" [31m# forces replacement[0m[0m
      [33m~[0m [0m[1m[0mservice_role[0m[0m                     = "arn:aws:iam::201706955376:role/aws-service-role/connect.amazonaws.com/AWSServiceRoleForAmazonConnect_HBDQRkK8TkflREzD1NkM" [33m->[0m [0m(known after apply)
      [33m~[0m [0m[1m[0mstatus[0m[0m                           = "ACTIVE" [33m->[0m [0m(known after apply)
        [90m# (7 unchanged attributes hidden)[0m[0m

      [31m-[0m [0mtimeouts {}
    }

[1m  # module.connect.module.lambda_functions.aws_cloudwatch_log_group.log_group-AmeliaGatewayAmazonLex[0m will be created[0m[0m
[0m  [32m+[0m[0m resource "aws_cloudwatch_log_group" "log_group-AmeliaGatewayAmazonLex" {
      [32m+[0m [0m[1m[0marn[0m[0m               = (known after apply)
      [32m+[0m [0m[1m[0mid[0m[0m                = (known after apply)
      [32m+[0m [0m[1m[0mname[0m[0m              = "/aws/lambda/AmeliaGatewayAmazonLex-production"
      [32m+[0m [0m[1m[0mretention_in_days[0m[0m = 7
      [32m+[0m [0m[1m[0mtags_all[0m[0m          = (known after apply)
    }

[1m  # module.connect.module.lambda_functions.aws_cloudwatch_log_group.log_group-CancelAppointment[0m will be created[0m[0m
[0m  [32m+[0m[0m resource "aws_cloudwatch_log_group" "log_group-CancelAppointment" {
      [32m+[0m [0m[1m[0marn[0m[0m               = (known after apply)
      [32m+[0m [0m[1m[0mid[0m[0m                = (known after apply)
      [32m+[0m [0m[1m[0mname[0m[0m              = "/aws/lambda/CancelAppointment-production"
      [32m+[0m [0m[1m[0mretention_in_days[0m[0m = 7
      [32m+[0m [0m[1m[0mtags_all[0m[0m          = (known after apply)
    }

[1m  # module.connect.module.lambda_functions.aws_cloudwatch_log_group.log_group-ConfirmAppointment[0m will be created[0m[0m
[0m  [32m+[0m[0m resource "aws_cloudwatch_log_group" "log_group-ConfirmAppointment" {
      [32m+[0m [0m[1m[0marn[0m[0m               = (known after apply)
      [32m+[0m [0m[1m[0mid[0m[0m                = (known after apply)
      [32m+[0m [0m[1m[0mname[0m[0m              = "/aws/lambda/ConfirmAppointment-production"
      [32m+[0m [0m[1m[0mretention_in_days[0m[0m = 7
      [32m+[0m [0m[1m[0mtags_all[0m[0m          = (known after apply)
    }

[1m  # module.connect.module.lambda_functions.aws_cloudwatch_log_group.log_group-DumpEvent[0m will be created[0m[0m
[0m  [32m+[0m[0m resource "aws_cloudwatch_log_group" "log_group-DumpEvent" {
      [32m+[0m [0m[1m[0marn[0m[0m               = (known after apply)
      [32m+[0m [0m[1m[0mid[0m[0m                = (known after apply)
      [32m+[0m [0m[1m[0mname[0m[0m              = "/aws/lambda/DumpEvent-production"
      [32m+[0m [0m[1m[0mretention_in_days[0m[0m = 7
      [32m+[0m [0m[1m[0mtags_all[0m[0m          = (known after apply)
    }

[1m  # module.connect.module.lambda_functions.aws_cloudwatch_log_group.log_group-GetSchedule[0m will be created[0m[0m
[0m  [32m+[0m[0m resource "aws_cloudwatch_log_group" "log_group-GetSchedule" {
      [32m+[0m [0m[1m[0marn[0m[0m               = (known after apply)
      [32m+[0m [0m[1m[0mid[0m[0m                = (known after apply)
      [32m+[0m [0m[1m[0mname[0m[0m              = "/aws/lambda/GetSchedule-production"
      [32m+[0m [0m[1m[0mretention_in_days[0m[0m = 7
      [32m+[0m [0m[1m[0mtags_all[0m[0m          = (known after apply)
    }

[1m  # module.connect.module.lambda_functions.aws_cloudwatch_log_group.log_group-GetScheduleCached[0m will be created[0m[0m
[0m  [32m+[0m[0m resource "aws_cloudwatch_log_group" "log_group-GetScheduleCached" {
      [32m+[0m [0m[1m[0marn[0m[0m               = (known after apply)
      [32m+[0m [0m[1m[0mid[0m[0m                = (known after apply)
      [32m+[0m [0m[1m[0mname[0m[0m              = "/aws/lambda/GetScheduleCached-production"
      [32m+[0m [0m[1m[0mretention_in_days[0m[0m = 7
      [32m+[0m [0m[1m[0mtags_all[0m[0m          = (known after apply)
    }

[1m  # module.connect.module.lambda_functions.aws_cloudwatch_log_group.log_group-NormalizeTimePeriods[0m will be created[0m[0m
[0m  [32m+[0m[0m resource "aws_cloudwatch_log_group" "log_group-NormalizeTimePeriods" {
      [32m+[0m [0m[1m[0marn[0m[0m               = (known after apply)
      [32m+[0m [0m[1m[0mid[0m[0m                = (known after apply)
      [32m+[0m [0m[1m[0mname[0m[0m              = "/aws/lambda/NormalizeTimePeriods-production"
      [32m+[0m [0m[1m[0mretention_in_days[0m[0m = 7
      [32m+[0m [0m[1m[0mtags_all[0m[0m          = (known after apply)
    }

[1m  # module.connect.module.lambda_functions.aws_cloudwatch_log_group.log_group-RecordInteraction[0m will be created[0m[0m
[0m  [32m+[0m[0m resource "aws_cloudwatch_log_group" "log_group-RecordInteraction" {
      [32m+[0m [0m[1m[0marn[0m[0m               = (known after apply)
      [32m+[0m [0m[1m[0mid[0m[0m                = (known after apply)
      [32m+[0m [0m[1m[0mname[0m[0m              = "/aws/lambda/RecordInteraction-production"
      [32m+[0m [0m[1m[0mretention_in_days[0m[0m = 7
      [32m+[0m [0m[1m[0mtags_all[0m[0m          = (known after apply)
    }

[1m  # module.connect.module.lambda_functions.aws_cloudwatch_log_group.log_group-ScheduleAppointment[0m will be created[0m[0m
[0m  [32m+[0m[0m resource "aws_cloudwatch_log_group" "log_group-ScheduleAppointment" {
      [32m+[0m [0m[1m[0marn[0m[0m               = (known after apply)
      [32m+[0m [0m[1m[0mid[0m[0m                = (known after apply)
      [32m+[0m [0m[1m[0mname[0m[0m              = "/aws/lambda/ScheduleAppointment-production"
      [32m+[0m [0m[1m[0mretention_in_days[0m[0m = 7
      [32m+[0m [0m[1m[0mtags_all[0m[0m          = (known after apply)
    }

[1m  # module.connect.module.lambda_functions.aws_cloudwatch_log_group.log_group-checkholiday[0m will be created[0m[0m
[0m  [32m+[0m[0m resource "aws_cloudwatch_log_group" "log_group-checkholiday" {
      [32m+[0m [0m[1m[0marn[0m[0m               = (known after apply)
      [32m+[0m [0m[1m[0mid[0m[0m                = (known after apply)
      [32m+[0m [0m[1m[0mname[0m[0m              = "/aws/lambda/CheckHoliday-production"
      [32m+[0m [0m[1m[0mretention_in_days[0m[0m = 7
      [32m+[0m [0m[1m[0mtags_all[0m[0m          = (known after apply)
    }

[1m  # module.connect.module.lambda_functions.aws_cloudwatch_log_group.log_group-goodmeasures_connect_getnumberinfofunction[0m will be created[0m[0m
[0m  [32m+[0m[0m resource "aws_cloudwatch_log_group" "log_group-goodmeasures_connect_getnumberinfofunction" {
      [32m+[0m [0m[1m[0marn[0m[0m               = (known after apply)
      [32m+[0m [0m[1m[0mid[0m[0m                = (known after apply)
      [32m+[0m [0m[1m[0mname[0m[0m              = "/aws/lambda/GoodMeasures_Connect_GetNumberInfoFunction-production"
      [32m+[0m [0m[1m[0mretention_in_days[0m[0m = 7
      [32m+[0m [0m[1m[0mtags_all[0m[0m          = (known after apply)
    }

[1m  # module.connect.module.lambda_functions.aws_cloudwatch_log_group.log_group-goodmeasures_connect_phonenumberbyextensionfunction[0m will be created[0m[0m
[0m  [32m+[0m[0m resource "aws_cloudwatch_log_group" "log_group-goodmeasures_connect_phonenumberbyextensionfunction" {
      [32m+[0m [0m[1m[0marn[0m[0m               = (known after apply)
      [32m+[0m [0m[1m[0mid[0m[0m                = (known after apply)
      [32m+[0m [0m[1m[0mname[0m[0m              = "/aws/lambda/GoodMeasures_Connect_PhoneNumberByExtensionFunction-production"
      [32m+[0m [0m[1m[0mretention_in_days[0m[0m = 7
      [32m+[0m [0m[1m[0mtags_all[0m[0m          = (known after apply)
    }

[1m  # module.connect.module.lambda_functions.aws_cloudwatch_log_group.log_group-retrieve_contact_information[0m will be created[0m[0m
[0m  [32m+[0m[0m resource "aws_cloudwatch_log_group" "log_group-retrieve_contact_information" {
      [32m+[0m [0m[1m[0marn[0m[0m               = (known after apply)
      [32m+[0m [0m[1m[0mid[0m[0m                = (known after apply)
      [32m+[0m [0m[1m[0mname[0m[0m              = "/aws/lambda/retrieve_contact_information-production"
      [32m+[0m [0m[1m[0mretention_in_days[0m[0m = 7
      [32m+[0m [0m[1m[0mtags_all[0m[0m          = (known after apply)
    }

[1m  # module.connect.module.lambda_functions.aws_cloudwatch_log_group.log_group-retrieve_development_contact_info[0m will be created[0m[0m
[0m  [32m+[0m[0m resource "aws_cloudwatch_log_group" "log_group-retrieve_development_contact_info" {
      [32m+[0m [0m[1m[0marn[0m[0m               = (known after apply)
      [32m+[0m [0m[1m[0mid[0m[0m                = (known after apply)
      [32m+[0m [0m[1m[0mname[0m[0m              = "/aws/lambda/retrieve_development_contact_info-production"
      [32m+[0m [0m[1m[0mretention_in_days[0m[0m = 7
      [32m+[0m [0m[1m[0mtags_all[0m[0m          = (known after apply)
    }

[1m  # module.connect.module.lambda_functions.aws_cloudwatch_log_group.log_group-transcriptcreate_transcription_table_item[0m will be created[0m[0m
[0m  [32m+[0m[0m resource "aws_cloudwatch_log_group" "log_group-transcriptcreate_transcription_table_item" {
      [32m+[0m [0m[1m[0marn[0m[0m               = (known after apply)
      [32m+[0m [0m[1m[0mid[0m[0m                = (known after apply)
      [32m+[0m [0m[1m[0mname[0m[0m              = "/aws/lambda/TranscriptCreate-Transcription-Table-Item-production"
      [32m+[0m [0m[1m[0mretention_in_days[0m[0m = 7
      [32m+[0m [0m[1m[0mtags_all[0m[0m          = (known after apply)
    }

[1m  # module.connect.module.lambda_functions.aws_cloudwatch_log_group.log_group-transcriptionsystem_transcriptionsysdumpstreamtos3[0m will be created[0m[0m
[0m  [32m+[0m[0m resource "aws_cloudwatch_log_group" "log_group-transcriptionsystem_transcriptionsysdumpstreamtos3" {
      [32m+[0m [0m[1m[0marn[0m[0m               = (known after apply)
      [32m+[0m [0m[1m[0mid[0m[0m                = (known after apply)
      [32m+[0m [0m[1m[0mname[0m[0m              = "/aws/lambda/TranscriptionSystem-TranscriptionSysDumpStreamtoS3production"
      [32m+[0m [0m[1m[0mretention_in_days[0m[0m = 7
      [32m+[0m [0m[1m[0mtags_all[0m[0m          = (known after apply)
    }

[1m  # module.connect.module.lambda_functions.aws_cloudwatch_log_group.log_group-transcripttranscription_trigger[0m will be created[0m[0m
[0m  [32m+[0m[0m resource "aws_cloudwatch_log_group" "log_group-transcripttranscription_trigger" {
      [32m+[0m [0m[1m[0marn[0m[0m               = (known after apply)
      [32m+[0m [0m[1m[0mid[0m[0m                = (known after apply)
      [32m+[0m [0m[1m[0mname[0m[0m              = "/aws/lambda/TranscriptTranscription-Trigger-production"
      [32m+[0m [0m[1m[0mretention_in_days[0m[0m = 7
      [32m+[0m [0m[1m[0mtags_all[0m[0m          = (known after apply)
    }

[1m  # module.connect.module.lambda_functions.aws_lambda_function.AmeliaGatewayAmazonLex[0m will be created[0m[0m
[0m  [32m+[0m[0m resource "aws_lambda_function" "AmeliaGatewayAmazonLex" {
      [32m+[0m [0m[1m[0marchitectures[0m[0m                  = (known after apply)
      [32m+[0m [0m[1m[0marn[0m[0m                            = (known after apply)
      [32m+[0m [0m[1m[0mfunction_name[0m[0m                  = "AmeliaGatewayAmazonLex-production"
      [32m+[0m [0m[1m[0mhandler[0m[0m                        = "net.ipsoft.amelia.gateway.aws.lambda.lex.AmeliaGatewayApiLambdaLex::handleRequest"
      [32m+[0m [0m[1m[0mid[0m[0m                             = (known after apply)
      [32m+[0m [0m[1m[0minvoke_arn[0m[0m                     = (known after apply)
      [32m+[0m [0m[1m[0mlast_modified[0m[0m                  = (known after apply)
      [32m+[0m [0m[1m[0mmemory_size[0m[0m                    = 512
      [32m+[0m [0m[1m[0mpackage_type[0m[0m                   = "Zip"
      [32m+[0m [0m[1m[0mpublish[0m[0m                        = false
      [32m+[0m [0m[1m[0mqualified_arn[0m[0m                  = (known after apply)
      [32m+[0m [0m[1m[0mreserved_concurrent_executions[0m[0m = -1
      [32m+[0m [0m[1m[0mrole[0m[0m                           = (known after apply)
      [32m+[0m [0m[1m[0mruntime[0m[0m                        = "java11"
      [32m+[0m [0m[1m[0ms3_bucket[0m[0m                      = "com.goodmeasures.connect-integration-production"
      [32m+[0m [0m[1m[0ms3_key[0m[0m                         = "amelia-lambda-lex-1.0.3.zip"
      [32m+[0m [0m[1m[0msigning_job_arn[0m[0m                = (known after apply)
      [32m+[0m [0m[1m[0msigning_profile_version_arn[0m[0m    = (known after apply)
      [32m+[0m [0m[1m[0msource_code_hash[0m[0m               = (known after apply)
      [32m+[0m [0m[1m[0msource_code_size[0m[0m               = (known after apply)
      [32m+[0m [0m[1m[0mtags[0m[0m                           = {
          [32m+[0m [0m"environment" = "production"
          [32m+[0m [0m"project"     = "connect"
        }
      [32m+[0m [0m[1m[0mtags_all[0m[0m                       = {
          [32m+[0m [0m"environment" = "production"
          [32m+[0m [0m"project"     = "connect"
        }
      [32m+[0m [0m[1m[0mtimeout[0m[0m                        = 3
      [32m+[0m [0m[1m[0mversion[0m[0m                        = (known after apply)

      [32m+[0m [0menvironment {
          [32m+[0m [0m[1m[0mvariables[0m[0m = {
              [32m+[0m [0m"APP_ID"                 = "73f9e308-8cf5-4acb-b199-24d45d90daa2"
              [32m+[0m [0m"APP_SECRET"             = "813c-69fd47a675a1"
              [32m+[0m [0m"DEFAULT_ERROR_MESSAGE"  = "One moment please."
              [32m+[0m [0m"EMPTY_MESSAGE_RESPONSE" = "I'm sorry, can you repeat that?"
              [32m+[0m [0m"ENV"                    = "production"
              [32m+[0m [0m"LEX_CLIENT"             = "AMAZON_CONNECT"
              [32m+[0m [0m"MESSAGING_ENDPOINT"     = "https://goodmeasures.dev.amelia.com/Amelia/gateway/service/awslex/73f9e308-8cf5-4acb-b199-24d45d90daa2/api/messages"
            }
        }

      [32m+[0m [0mtracing_config {
          [32m+[0m [0m[1m[0mmode[0m[0m = (known after apply)
        }
    }

[1m  # module.connect.module.lambda_functions.aws_lambda_function.CancelAppointment[0m will be created[0m[0m
[0m  [32m+[0m[0m resource "aws_lambda_function" "CancelAppointment" {
      [32m+[0m [0m[1m[0marchitectures[0m[0m                  = (known after apply)
      [32m+[0m [0m[1m[0marn[0m[0m                            = (known after apply)
      [32m+[0m [0m[1m[0mfilename[0m[0m                       = "../../compiled/code_integration.zip"
      [32m+[0m [0m[1m[0mfunction_name[0m[0m                  = "CancelAppointment-production"
      [32m+[0m [0m[1m[0mhandler[0m[0m                        = "CodeIntegration.CodeIntegration.cancel_appointment"
      [32m+[0m [0m[1m[0mid[0m[0m                             = (known after apply)
      [32m+[0m [0m[1m[0minvoke_arn[0m[0m                     = (known after apply)
      [32m+[0m [0m[1m[0mlast_modified[0m[0m                  = (known after apply)
      [32m+[0m [0m[1m[0mmemory_size[0m[0m                    = 128
      [32m+[0m [0m[1m[0mpackage_type[0m[0m                   = "Zip"
      [32m+[0m [0m[1m[0mpublish[0m[0m                        = false
      [32m+[0m [0m[1m[0mqualified_arn[0m[0m                  = (known after apply)
      [32m+[0m [0m[1m[0mreserved_concurrent_executions[0m[0m = -1
      [32m+[0m [0m[1m[0mrole[0m[0m                           = (known after apply)
      [32m+[0m [0m[1m[0mruntime[0m[0m                        = "ruby2.7"
      [32m+[0m [0m[1m[0msigning_job_arn[0m[0m                = (known after apply)
      [32m+[0m [0m[1m[0msigning_profile_version_arn[0m[0m    = (known after apply)
      [32m+[0m [0m[1m[0msource_code_hash[0m[0m               = "WiiB7GjjKiAUrISDRCYzioyDKofKTpMqTMDrAOX8vY4="
      [32m+[0m [0m[1m[0msource_code_size[0m[0m               = (known after apply)
      [32m+[0m [0m[1m[0mtags[0m[0m                           = {
          [32m+[0m [0m"environment" = "production"
          [32m+[0m [0m"project"     = "connect"
        }
      [32m+[0m [0m[1m[0mtags_all[0m[0m                       = {
          [32m+[0m [0m"environment" = "production"
          [32m+[0m [0m"project"     = "connect"
        }
      [32m+[0m [0m[1m[0mtimeout[0m[0m                        = 3
      [32m+[0m [0m[1m[0mversion[0m[0m                        = (known after apply)

      [32m+[0m [0menvironment {
          [32m+[0m [0m[1m[0mvariables[0m[0m = {
              [32m+[0m [0m"password" = "D8b2f6bf40c5ee02339ee40e98ad6a17f0fe92009960fac2f73122f73ddf6ce0"
              [32m+[0m [0m"username" = "amelia-api"
            }
        }

      [32m+[0m [0mtracing_config {
          [32m+[0m [0m[1m[0mmode[0m[0m = (known after apply)
        }
    }

[1m  # module.connect.module.lambda_functions.aws_lambda_function.ConfirmAppointment[0m will be created[0m[0m
[0m  [32m+[0m[0m resource "aws_lambda_function" "ConfirmAppointment" {
      [32m+[0m [0m[1m[0marchitectures[0m[0m                  = (known after apply)
      [32m+[0m [0m[1m[0marn[0m[0m                            = (known after apply)
      [32m+[0m [0m[1m[0mfilename[0m[0m                       = "../../compiled/code_integration.zip"
      [32m+[0m [0m[1m[0mfunction_name[0m[0m                  = "ConfirmAppointment-production"
      [32m+[0m [0m[1m[0mhandler[0m[0m                        = "CodeIntegration.CodeIntegration.confirm_appointment"
      [32m+[0m [0m[1m[0mid[0m[0m                             = (known after apply)
      [32m+[0m [0m[1m[0minvoke_arn[0m[0m                     = (known after apply)
      [32m+[0m [0m[1m[0mlast_modified[0m[0m                  = (known after apply)
      [32m+[0m [0m[1m[0mmemory_size[0m[0m                    = 128
      [32m+[0m [0m[1m[0mpackage_type[0m[0m                   = "Zip"
      [32m+[0m [0m[1m[0mpublish[0m[0m                        = false
      [32m+[0m [0m[1m[0mqualified_arn[0m[0m                  = (known after apply)
      [32m+[0m [0m[1m[0mreserved_concurrent_executions[0m[0m = -1
      [32m+[0m [0m[1m[0mrole[0m[0m                           = (known after apply)
      [32m+[0m [0m[1m[0mruntime[0m[0m                        = "ruby2.7"
      [32m+[0m [0m[1m[0msigning_job_arn[0m[0m                = (known after apply)
      [32m+[0m [0m[1m[0msigning_profile_version_arn[0m[0m    = (known after apply)
      [32m+[0m [0m[1m[0msource_code_hash[0m[0m               = "WiiB7GjjKiAUrISDRCYzioyDKofKTpMqTMDrAOX8vY4="
      [32m+[0m [0m[1m[0msource_code_size[0m[0m               = (known after apply)
      [32m+[0m [0m[1m[0mtags[0m[0m                           = {
          [32m+[0m [0m"environment" = "production"
          [32m+[0m [0m"project"     = "connect"
        }
      [32m+[0m [0m[1m[0mtags_all[0m[0m                       = {
          [32m+[0m [0m"environment" = "production"
          [32m+[0m [0m"project"     = "connect"
        }
      [32m+[0m [0m[1m[0mtimeout[0m[0m                        = 3
      [32m+[0m [0m[1m[0mversion[0m[0m                        = (known after apply)

      [32m+[0m [0menvironment {
          [32m+[0m [0m[1m[0mvariables[0m[0m = {
              [32m+[0m [0m"password" = "D8b2f6bf40c5ee02339ee40e98ad6a17f0fe92009960fac2f73122f73ddf6ce0"
              [32m+[0m [0m"username" = "amelia-api"
            }
        }

      [32m+[0m [0mtracing_config {
          [32m+[0m [0m[1m[0mmode[0m[0m = (known after apply)
        }
    }

[1m  # module.connect.module.lambda_functions.aws_lambda_function.DumpEvent[0m will be created[0m[0m
[0m  [32m+[0m[0m resource "aws_lambda_function" "DumpEvent" {
      [32m+[0m [0m[1m[0marchitectures[0m[0m                  = (known after apply)
      [32m+[0m [0m[1m[0marn[0m[0m                            = (known after apply)
      [32m+[0m [0m[1m[0mfilename[0m[0m                       = "../../compiled/code_integration.zip"
      [32m+[0m [0m[1m[0mfunction_name[0m[0m                  = "DumpEvent-production"
      [32m+[0m [0m[1m[0mhandler[0m[0m                        = "CodeIntegration.CodeIntegration.dump_event"
      [32m+[0m [0m[1m[0mid[0m[0m                             = (known after apply)
      [32m+[0m [0m[1m[0minvoke_arn[0m[0m                     = (known after apply)
      [32m+[0m [0m[1m[0mlast_modified[0m[0m                  = (known after apply)
      [32m+[0m [0m[1m[0mmemory_size[0m[0m                    = 128
      [32m+[0m [0m[1m[0mpackage_type[0m[0m                   = "Zip"
      [32m+[0m [0m[1m[0mpublish[0m[0m                        = false
      [32m+[0m [0m[1m[0mqualified_arn[0m[0m                  = (known after apply)
      [32m+[0m [0m[1m[0mreserved_concurrent_executions[0m[0m = -1
      [32m+[0m [0m[1m[0mrole[0m[0m                           = (known after apply)
      [32m+[0m [0m[1m[0mruntime[0m[0m                        = "ruby2.7"
      [32m+[0m [0m[1m[0msigning_job_arn[0m[0m                = (known after apply)
      [32m+[0m [0m[1m[0msigning_profile_version_arn[0m[0m    = (known after apply)
      [32m+[0m [0m[1m[0msource_code_hash[0m[0m               = "WiiB7GjjKiAUrISDRCYzioyDKofKTpMqTMDrAOX8vY4="
      [32m+[0m [0m[1m[0msource_code_size[0m[0m               = (known after apply)
      [32m+[0m [0m[1m[0mtags[0m[0m                           = {
          [32m+[0m [0m"environment" = "production"
          [32m+[0m [0m"project"     = "connect"
        }
      [32m+[0m [0m[1m[0mtags_all[0m[0m                       = {
          [32m+[0m [0m"environment" = "production"
          [32m+[0m [0m"project"     = "connect"
        }
      [32m+[0m [0m[1m[0mtimeout[0m[0m                        = 3
      [32m+[0m [0m[1m[0mversion[0m[0m                        = (known after apply)

      [32m+[0m [0menvironment {
          [32m+[0m [0m[1m[0mvariables[0m[0m = {
              [32m+[0m [0m"password" = "D8b2f6bf40c5ee02339ee40e98ad6a17f0fe92009960fac2f73122f73ddf6ce0"
              [32m+[0m [0m"username" = "amelia-api"
            }
        }

      [32m+[0m [0mtracing_config {
          [32m+[0m [0m[1m[0mmode[0m[0m = (known after apply)
        }
    }

[1m  # module.connect.module.lambda_functions.aws_lambda_function.GetSchedule[0m will be created[0m[0m
[0m  [32m+[0m[0m resource "aws_lambda_function" "GetSchedule" {
      [32m+[0m [0m[1m[0marchitectures[0m[0m                  = (known after apply)
      [32m+[0m [0m[1m[0marn[0m[0m                            = (known after apply)
      [32m+[0m [0m[1m[0mfilename[0m[0m                       = "../../compiled/code_integration.zip"
      [32m+[0m [0m[1m[0mfunction_name[0m[0m                  = "GetSchedule-production"
      [32m+[0m [0m[1m[0mhandler[0m[0m                        = "CodeIntegration.CodeIntegration.get_schedule"
      [32m+[0m [0m[1m[0mid[0m[0m                             = (known after apply)
      [32m+[0m [0m[1m[0minvoke_arn[0m[0m                     = (known after apply)
      [32m+[0m [0m[1m[0mlast_modified[0m[0m                  = (known after apply)
      [32m+[0m [0m[1m[0mmemory_size[0m[0m                    = 128
      [32m+[0m [0m[1m[0mpackage_type[0m[0m                   = "Zip"
      [32m+[0m [0m[1m[0mpublish[0m[0m                        = false
      [32m+[0m [0m[1m[0mqualified_arn[0m[0m                  = (known after apply)
      [32m+[0m [0m[1m[0mreserved_concurrent_executions[0m[0m = -1
      [32m+[0m [0m[1m[0mrole[0m[0m                           = (known after apply)
      [32m+[0m [0m[1m[0mruntime[0m[0m                        = "ruby2.7"
      [32m+[0m [0m[1m[0msigning_job_arn[0m[0m                = (known after apply)
      [32m+[0m [0m[1m[0msigning_profile_version_arn[0m[0m    = (known after apply)
      [32m+[0m [0m[1m[0msource_code_hash[0m[0m               = "WiiB7GjjKiAUrISDRCYzioyDKofKTpMqTMDrAOX8vY4="
      [32m+[0m [0m[1m[0msource_code_size[0m[0m               = (known after apply)
      [32m+[0m [0m[1m[0mtags[0m[0m                           = {
          [32m+[0m [0m"environment" = "production"
          [32m+[0m [0m"project"     = "connect"
        }
      [32m+[0m [0m[1m[0mtags_all[0m[0m                       = {
          [32m+[0m [0m"environment" = "production"
          [32m+[0m [0m"project"     = "connect"
        }
      [32m+[0m [0m[1m[0mtimeout[0m[0m                        = 3
      [32m+[0m [0m[1m[0mversion[0m[0m                        = (known after apply)

      [32m+[0m [0menvironment {
          [32m+[0m [0m[1m[0mvariables[0m[0m = {
              [32m+[0m [0m"password" = "D8b2f6bf40c5ee02339ee40e98ad6a17f0fe92009960fac2f73122f73ddf6ce0"
              [32m+[0m [0m"username" = "amelia-api"
            }
        }

      [32m+[0m [0mtracing_config {
          [32m+[0m [0m[1m[0mmode[0m[0m = (known after apply)
        }
    }

[1m  # module.connect.module.lambda_functions.aws_lambda_function.GetScheduleCached[0m will be created[0m[0m
[0m  [32m+[0m[0m resource "aws_lambda_function" "GetScheduleCached" {
      [32m+[0m [0m[1m[0marchitectures[0m[0m                  = (known after apply)
      [32m+[0m [0m[1m[0marn[0m[0m                            = (known after apply)
      [32m+[0m [0m[1m[0mfilename[0m[0m                       = "../../compiled/code_integration.zip"
      [32m+[0m [0m[1m[0mfunction_name[0m[0m                  = "GetScheduleCached-production"
      [32m+[0m [0m[1m[0mhandler[0m[0m                        = "CodeIntegration.CodeIntegration.get_schedule_cached"
      [32m+[0m [0m[1m[0mid[0m[0m                             = (known after apply)
      [32m+[0m [0m[1m[0minvoke_arn[0m[0m                     = (known after apply)
      [32m+[0m [0m[1m[0mlast_modified[0m[0m                  = (known after apply)
      [32m+[0m [0m[1m[0mmemory_size[0m[0m                    = 128
      [32m+[0m [0m[1m[0mpackage_type[0m[0m                   = "Zip"
      [32m+[0m [0m[1m[0mpublish[0m[0m                        = false
      [32m+[0m [0m[1m[0mqualified_arn[0m[0m                  = (known after apply)
      [32m+[0m [0m[1m[0mreserved_concurrent_executions[0m[0m = -1
      [32m+[0m [0m[1m[0mrole[0m[0m                           = (known after apply)
      [32m+[0m [0m[1m[0mruntime[0m[0m                        = "ruby2.7"
      [32m+[0m [0m[1m[0msigning_job_arn[0m[0m                = (known after apply)
      [32m+[0m [0m[1m[0msigning_profile_version_arn[0m[0m    = (known after apply)
      [32m+[0m [0m[1m[0msource_code_hash[0m[0m               = "WiiB7GjjKiAUrISDRCYzioyDKofKTpMqTMDrAOX8vY4="
      [32m+[0m [0m[1m[0msource_code_size[0m[0m               = (known after apply)
      [32m+[0m [0m[1m[0mtags[0m[0m                           = {
          [32m+[0m [0m"environment" = "production"
          [32m+[0m [0m"project"     = "connect"
        }
      [32m+[0m [0m[1m[0mtags_all[0m[0m                       = {
          [32m+[0m [0m"environment" = "production"
          [32m+[0m [0m"project"     = "connect"
        }
      [32m+[0m [0m[1m[0mtimeout[0m[0m                        = 3
      [32m+[0m [0m[1m[0mversion[0m[0m                        = (known after apply)

      [32m+[0m [0menvironment {
          [32m+[0m [0m[1m[0mvariables[0m[0m = {
              [32m+[0m [0m"password" = "D8b2f6bf40c5ee02339ee40e98ad6a17f0fe92009960fac2f73122f73ddf6ce0"
              [32m+[0m [0m"username" = "amelia-api"
            }
        }

      [32m+[0m [0mtracing_config {
          [32m+[0m [0m[1m[0mmode[0m[0m = (known after apply)
        }
    }

[1m  # module.connect.module.lambda_functions.aws_lambda_function.NormalizeTimePeriods[0m will be created[0m[0m
[0m  [32m+[0m[0m resource "aws_lambda_function" "NormalizeTimePeriods" {
      [32m+[0m [0m[1m[0marchitectures[0m[0m                  = (known after apply)
      [32m+[0m [0m[1m[0marn[0m[0m                            = (known after apply)
      [32m+[0m [0m[1m[0mfilename[0m[0m                       = "../../compiled/code_integration.zip"
      [32m+[0m [0m[1m[0mfunction_name[0m[0m                  = "NormalizeTimePeriods-production"
      [32m+[0m [0m[1m[0mhandler[0m[0m                        = "CodeIntegration.CodeIntegration.normalize_time_periods"
      [32m+[0m [0m[1m[0mid[0m[0m                             = (known after apply)
      [32m+[0m [0m[1m[0minvoke_arn[0m[0m                     = (known after apply)
      [32m+[0m [0m[1m[0mlast_modified[0m[0m                  = (known after apply)
      [32m+[0m [0m[1m[0mmemory_size[0m[0m                    = 128
      [32m+[0m [0m[1m[0mpackage_type[0m[0m                   = "Zip"
      [32m+[0m [0m[1m[0mpublish[0m[0m                        = false
      [32m+[0m [0m[1m[0mqualified_arn[0m[0m                  = (known after apply)
      [32m+[0m [0m[1m[0mreserved_concurrent_executions[0m[0m = -1
      [32m+[0m [0m[1m[0mrole[0m[0m                           = (known after apply)
      [32m+[0m [0m[1m[0mruntime[0m[0m                        = "ruby2.7"
      [32m+[0m [0m[1m[0msigning_job_arn[0m[0m                = (known after apply)
      [32m+[0m [0m[1m[0msigning_profile_version_arn[0m[0m    = (known after apply)
      [32m+[0m [0m[1m[0msource_code_hash[0m[0m               = "WiiB7GjjKiAUrISDRCYzioyDKofKTpMqTMDrAOX8vY4="
      [32m+[0m [0m[1m[0msource_code_size[0m[0m               = (known after apply)
      [32m+[0m [0m[1m[0mtags[0m[0m                           = {
          [32m+[0m [0m"environment" = "production"
          [32m+[0m [0m"project"     = "connect"
        }
      [32m+[0m [0m[1m[0mtags_all[0m[0m                       = {
          [32m+[0m [0m"environment" = "production"
          [32m+[0m [0m"project"     = "connect"
        }
      [32m+[0m [0m[1m[0mtimeout[0m[0m                        = 3
      [32m+[0m [0m[1m[0mversion[0m[0m                        = (known after apply)

      [32m+[0m [0menvironment {
          [32m+[0m [0m[1m[0mvariables[0m[0m = {
              [32m+[0m [0m"password" = "D8b2f6bf40c5ee02339ee40e98ad6a17f0fe92009960fac2f73122f73ddf6ce0"
              [32m+[0m [0m"username" = "amelia-api"
            }
        }

      [32m+[0m [0mtracing_config {
          [32m+[0m [0m[1m[0mmode[0m[0m = (known after apply)
        }
    }

[1m  # module.connect.module.lambda_functions.aws_lambda_function.RecordInteraction[0m will be created[0m[0m
[0m  [32m+[0m[0m resource "aws_lambda_function" "RecordInteraction" {
      [32m+[0m [0m[1m[0marchitectures[0m[0m                  = (known after apply)
      [32m+[0m [0m[1m[0marn[0m[0m                            = (known after apply)
      [32m+[0m [0m[1m[0mfilename[0m[0m                       = "../../compiled/code_integration.zip"
      [32m+[0m [0m[1m[0mfunction_name[0m[0m                  = "RecordInteraction-production"
      [32m+[0m [0m[1m[0mhandler[0m[0m                        = "CodeIntegration.CodeIntegration.record_interaction"
      [32m+[0m [0m[1m[0mid[0m[0m                             = (known after apply)
      [32m+[0m [0m[1m[0minvoke_arn[0m[0m                     = (known after apply)
      [32m+[0m [0m[1m[0mlast_modified[0m[0m                  = (known after apply)
      [32m+[0m [0m[1m[0mmemory_size[0m[0m                    = 128
      [32m+[0m [0m[1m[0mpackage_type[0m[0m                   = "Zip"
      [32m+[0m [0m[1m[0mpublish[0m[0m                        = false
      [32m+[0m [0m[1m[0mqualified_arn[0m[0m                  = (known after apply)
      [32m+[0m [0m[1m[0mreserved_concurrent_executions[0m[0m = -1
      [32m+[0m [0m[1m[0mrole[0m[0m                           = (known after apply)
      [32m+[0m [0m[1m[0mruntime[0m[0m                        = "ruby2.7"
      [32m+[0m [0m[1m[0msigning_job_arn[0m[0m                = (known after apply)
      [32m+[0m [0m[1m[0msigning_profile_version_arn[0m[0m    = (known after apply)
      [32m+[0m [0m[1m[0msource_code_hash[0m[0m               = "WiiB7GjjKiAUrISDRCYzioyDKofKTpMqTMDrAOX8vY4="
      [32m+[0m [0m[1m[0msource_code_size[0m[0m               = (known after apply)
      [32m+[0m [0m[1m[0mtags[0m[0m                           = {
          [32m+[0m [0m"environment" = "production"
          [32m+[0m [0m"project"     = "connect"
        }
      [32m+[0m [0m[1m[0mtags_all[0m[0m                       = {
          [32m+[0m [0m"environment" = "production"
          [32m+[0m [0m"project"     = "connect"
        }
      [32m+[0m [0m[1m[0mtimeout[0m[0m                        = 3
      [32m+[0m [0m[1m[0mversion[0m[0m                        = (known after apply)

      [32m+[0m [0menvironment {
          [32m+[0m [0m[1m[0mvariables[0m[0m = {
              [32m+[0m [0m"password" = "D8b2f6bf40c5ee02339ee40e98ad6a17f0fe92009960fac2f73122f73ddf6ce0"
              [32m+[0m [0m"username" = "amelia-api"
            }
        }

      [32m+[0m [0mtracing_config {
          [32m+[0m [0m[1m[0mmode[0m[0m = (known after apply)
        }
    }

[1m  # module.connect.module.lambda_functions.aws_lambda_function.ScheduleAppointment[0m will be created[0m[0m
[0m  [32m+[0m[0m resource "aws_lambda_function" "ScheduleAppointment" {
      [32m+[0m [0m[1m[0marchitectures[0m[0m                  = (known after apply)
      [32m+[0m [0m[1m[0marn[0m[0m                            = (known after apply)
      [32m+[0m [0m[1m[0mfilename[0m[0m                       = "../../compiled/code_integration.zip"
      [32m+[0m [0m[1m[0mfunction_name[0m[0m                  = "ScheduleAppointment-production"
      [32m+[0m [0m[1m[0mhandler[0m[0m                        = "CodeIntegration.CodeIntegration.schedule_appointment"
      [32m+[0m [0m[1m[0mid[0m[0m                             = (known after apply)
      [32m+[0m [0m[1m[0minvoke_arn[0m[0m                     = (known after apply)
      [32m+[0m [0m[1m[0mlast_modified[0m[0m                  = (known after apply)
      [32m+[0m [0m[1m[0mmemory_size[0m[0m                    = 128
      [32m+[0m [0m[1m[0mpackage_type[0m[0m                   = "Zip"
      [32m+[0m [0m[1m[0mpublish[0m[0m                        = false
      [32m+[0m [0m[1m[0mqualified_arn[0m[0m                  = (known after apply)
      [32m+[0m [0m[1m[0mreserved_concurrent_executions[0m[0m = -1
      [32m+[0m [0m[1m[0mrole[0m[0m                           = (known after apply)
      [32m+[0m [0m[1m[0mruntime[0m[0m                        = "ruby2.7"
      [32m+[0m [0m[1m[0msigning_job_arn[0m[0m                = (known after apply)
      [32m+[0m [0m[1m[0msigning_profile_version_arn[0m[0m    = (known after apply)
      [32m+[0m [0m[1m[0msource_code_hash[0m[0m               = "WiiB7GjjKiAUrISDRCYzioyDKofKTpMqTMDrAOX8vY4="
      [32m+[0m [0m[1m[0msource_code_size[0m[0m               = (known after apply)
      [32m+[0m [0m[1m[0mtags[0m[0m                           = {
          [32m+[0m [0m"environment" = "production"
          [32m+[0m [0m"project"     = "connect"
        }
      [32m+[0m [0m[1m[0mtags_all[0m[0m                       = {
          [32m+[0m [0m"environment" = "production"
          [32m+[0m [0m"project"     = "connect"
        }
      [32m+[0m [0m[1m[0mtimeout[0m[0m                        = 3
      [32m+[0m [0m[1m[0mversion[0m[0m                        = (known after apply)

      [32m+[0m [0menvironment {
          [32m+[0m [0m[1m[0mvariables[0m[0m = {
              [32m+[0m [0m"password" = "D8b2f6bf40c5ee02339ee40e98ad6a17f0fe92009960fac2f73122f73ddf6ce0"
              [32m+[0m [0m"username" = "amelia-api"
            }
        }

      [32m+[0m [0mtracing_config {
          [32m+[0m [0m[1m[0mmode[0m[0m = (known after apply)
        }
    }

[1m  # module.connect.module.lambda_functions.aws_lambda_function.checkholiday[0m will be created[0m[0m
[0m  [32m+[0m[0m resource "aws_lambda_function" "checkholiday" {
      [32m+[0m [0m[1m[0marchitectures[0m[0m                  = (known after apply)
      [32m+[0m [0m[1m[0marn[0m[0m                            = (known after apply)
      [32m+[0m [0m[1m[0mfilename[0m[0m                       = "../../compiled/checkholiday.zip"
      [32m+[0m [0m[1m[0mfunction_name[0m[0m                  = "CheckHoliday-production"
      [32m+[0m [0m[1m[0mhandler[0m[0m                        = "lambda_function.lambda_handler"
      [32m+[0m [0m[1m[0mid[0m[0m                             = (known after apply)
      [32m+[0m [0m[1m[0minvoke_arn[0m[0m                     = (known after apply)
      [32m+[0m [0m[1m[0mlast_modified[0m[0m                  = (known after apply)
      [32m+[0m [0m[1m[0mmemory_size[0m[0m                    = 128
      [32m+[0m [0m[1m[0mpackage_type[0m[0m                   = "Zip"
      [32m+[0m [0m[1m[0mpublish[0m[0m                        = false
      [32m+[0m [0m[1m[0mqualified_arn[0m[0m                  = (known after apply)
      [32m+[0m [0m[1m[0mreserved_concurrent_executions[0m[0m = -1
      [32m+[0m [0m[1m[0mrole[0m[0m                           = (known after apply)
      [32m+[0m [0m[1m[0mruntime[0m[0m                        = "python3.7"
      [32m+[0m [0m[1m[0msigning_job_arn[0m[0m                = (known after apply)
      [32m+[0m [0m[1m[0msigning_profile_version_arn[0m[0m    = (known after apply)
      [32m+[0m [0m[1m[0msource_code_hash[0m[0m               = "tjmQekpCmP1ER0xlSHXKynZXXQ7VSKD52p1qaYwEFgc="
      [32m+[0m [0m[1m[0msource_code_size[0m[0m               = (known after apply)
      [32m+[0m [0m[1m[0mtags[0m[0m                           = {
          [32m+[0m [0m"environment" = "production"
          [32m+[0m [0m"project"     = "connect"
        }
      [32m+[0m [0m[1m[0mtags_all[0m[0m                       = {
          [32m+[0m [0m"environment" = "production"
          [32m+[0m [0m"project"     = "connect"
        }
      [32m+[0m [0m[1m[0mtimeout[0m[0m                        = 3
      [32m+[0m [0m[1m[0mversion[0m[0m                        = (known after apply)

      [32m+[0m [0mtracing_config {
          [32m+[0m [0m[1m[0mmode[0m[0m = (known after apply)
        }
    }

[1m  # module.connect.module.lambda_functions.aws_lambda_function.goodmeasures_connect_getnumberinfofunction[0m will be created[0m[0m
[0m  [32m+[0m[0m resource "aws_lambda_function" "goodmeasures_connect_getnumberinfofunction" {
      [32m+[0m [0m[1m[0marchitectures[0m[0m                  = (known after apply)
      [32m+[0m [0m[1m[0marn[0m[0m                            = (known after apply)
      [32m+[0m [0m[1m[0mfilename[0m[0m                       = "../../compiled/goodmeasures_connect_getnumberinfofunction.zip"
      [32m+[0m [0m[1m[0mfunction_name[0m[0m                  = "GoodMeasures_Connect_GetNumberInfoFunction-production"
      [32m+[0m [0m[1m[0mhandler[0m[0m                        = "lambda_function.lambda_handler"
      [32m+[0m [0m[1m[0mid[0m[0m                             = (known after apply)
      [32m+[0m [0m[1m[0minvoke_arn[0m[0m                     = (known after apply)
      [32m+[0m [0m[1m[0mlast_modified[0m[0m                  = (known after apply)
      [32m+[0m [0m[1m[0mmemory_size[0m[0m                    = 128
      [32m+[0m [0m[1m[0mpackage_type[0m[0m                   = "Zip"
      [32m+[0m [0m[1m[0mpublish[0m[0m                        = false
      [32m+[0m [0m[1m[0mqualified_arn[0m[0m                  = (known after apply)
      [32m+[0m [0m[1m[0mreserved_concurrent_executions[0m[0m = -1
      [32m+[0m [0m[1m[0mrole[0m[0m                           = (known after apply)
      [32m+[0m [0m[1m[0mruntime[0m[0m                        = "python3.7"
      [32m+[0m [0m[1m[0msigning_job_arn[0m[0m                = (known after apply)
      [32m+[0m [0m[1m[0msigning_profile_version_arn[0m[0m    = (known after apply)
      [32m+[0m [0m[1m[0msource_code_hash[0m[0m               = "bT5kWSGXA+HzOpN1CWTEcLY7Bos6L++zhPWya+w1VkI="
      [32m+[0m [0m[1m[0msource_code_size[0m[0m               = (known after apply)
      [32m+[0m [0m[1m[0mtags[0m[0m                           = {
          [32m+[0m [0m"environment" = "production"
          [32m+[0m [0m"project"     = "connect"
        }
      [32m+[0m [0m[1m[0mtags_all[0m[0m                       = {
          [32m+[0m [0m"environment" = "production"
          [32m+[0m [0m"project"     = "connect"
        }
      [32m+[0m [0m[1m[0mtimeout[0m[0m                        = 3
      [32m+[0m [0m[1m[0mversion[0m[0m                        = (known after apply)

      [32m+[0m [0mtracing_config {
          [32m+[0m [0m[1m[0mmode[0m[0m = (known after apply)
        }
    }

[1m  # module.connect.module.lambda_functions.aws_lambda_function.goodmeasures_connect_phonenumberbyextensionfunction[0m will be created[0m[0m
[0m  [32m+[0m[0m resource "aws_lambda_function" "goodmeasures_connect_phonenumberbyextensionfunction" {
      [32m+[0m [0m[1m[0marchitectures[0m[0m                  = (known after apply)
      [32m+[0m [0m[1m[0marn[0m[0m                            = (known after apply)
      [32m+[0m [0m[1m[0mfilename[0m[0m                       = "../../compiled/goodmeasures_connect_phonenumberbyextensionfunction.zip"
      [32m+[0m [0m[1m[0mfunction_name[0m[0m                  = "GoodMeasures_Connect_PhoneNumberByExtensionFunction-production"
      [32m+[0m [0m[1m[0mhandler[0m[0m                        = "lambda_function.lambda_handler"
      [32m+[0m [0m[1m[0mid[0m[0m                             = (known after apply)
      [32m+[0m [0m[1m[0minvoke_arn[0m[0m                     = (known after apply)
      [32m+[0m [0m[1m[0mlast_modified[0m[0m                  = (known after apply)
      [32m+[0m [0m[1m[0mmemory_size[0m[0m                    = 128
      [32m+[0m [0m[1m[0mpackage_type[0m[0m                   = "Zip"
      [32m+[0m [0m[1m[0mpublish[0m[0m                        = false
      [32m+[0m [0m[1m[0mqualified_arn[0m[0m                  = (known after apply)
      [32m+[0m [0m[1m[0mreserved_concurrent_executions[0m[0m = -1
      [32m+[0m [0m[1m[0mrole[0m[0m                           = (known after apply)
      [32m+[0m [0m[1m[0mruntime[0m[0m                        = "python3.7"
      [32m+[0m [0m[1m[0msigning_job_arn[0m[0m                = (known after apply)
      [32m+[0m [0m[1m[0msigning_profile_version_arn[0m[0m    = (known after apply)
      [32m+[0m [0m[1m[0msource_code_hash[0m[0m               = "jeGDSDPolJNAf1HAFtEBPQ8ECIn20s/9G+7T/lTSBOM="
      [32m+[0m [0m[1m[0msource_code_size[0m[0m               = (known after apply)
      [32m+[0m [0m[1m[0mtags[0m[0m                           = {
          [32m+[0m [0m"environment" = "production"
          [32m+[0m [0m"project"     = "connect"
        }
      [32m+[0m [0m[1m[0mtags_all[0m[0m                       = {
          [32m+[0m [0m"environment" = "production"
          [32m+[0m [0m"project"     = "connect"
        }
      [32m+[0m [0m[1m[0mtimeout[0m[0m                        = 3
      [32m+[0m [0m[1m[0mversion[0m[0m                        = (known after apply)

      [32m+[0m [0menvironment {
          [32m+[0m [0m[1m[0mvariables[0m[0m = {
              [32m+[0m [0m"TABLE_NAME" = "GoodMeasures_Connect_ExtensionTable"
            }
        }

      [32m+[0m [0mtracing_config {
          [32m+[0m [0m[1m[0mmode[0m[0m = (known after apply)
        }
    }

[1m  # module.connect.module.lambda_functions.aws_lambda_function.retrieve_contact_information[0m will be created[0m[0m
[0m  [32m+[0m[0m resource "aws_lambda_function" "retrieve_contact_information" {
      [32m+[0m [0m[1m[0marchitectures[0m[0m                  = (known after apply)
      [32m+[0m [0m[1m[0marn[0m[0m                            = (known after apply)
      [32m+[0m [0m[1m[0mfilename[0m[0m                       = "../../compiled/retrieve_contact_information.zip"
      [32m+[0m [0m[1m[0mfunction_name[0m[0m                  = "retrieve_contact_information-production"
      [32m+[0m [0m[1m[0mhandler[0m[0m                        = "get_contact.GetContact.process"
      [32m+[0m [0m[1m[0mid[0m[0m                             = (known after apply)
      [32m+[0m [0m[1m[0minvoke_arn[0m[0m                     = (known after apply)
      [32m+[0m [0m[1m[0mlast_modified[0m[0m                  = (known after apply)
      [32m+[0m [0m[1m[0mmemory_size[0m[0m                    = 128
      [32m+[0m [0m[1m[0mpackage_type[0m[0m                   = "Zip"
      [32m+[0m [0m[1m[0mpublish[0m[0m                        = false
      [32m+[0m [0m[1m[0mqualified_arn[0m[0m                  = (known after apply)
      [32m+[0m [0m[1m[0mreserved_concurrent_executions[0m[0m = -1
      [32m+[0m [0m[1m[0mrole[0m[0m                           = (known after apply)
      [32m+[0m [0m[1m[0mruntime[0m[0m                        = "ruby2.7"
      [32m+[0m [0m[1m[0msigning_job_arn[0m[0m                = (known after apply)
      [32m+[0m [0m[1m[0msigning_profile_version_arn[0m[0m    = (known after apply)
      [32m+[0m [0m[1m[0msource_code_hash[0m[0m               = "eCcG3WNK+Os3x8zPMToBm6Eb96Kn66W/KIm6ydeLnfY="
      [32m+[0m [0m[1m[0msource_code_size[0m[0m               = (known after apply)
      [32m+[0m [0m[1m[0mtags[0m[0m                           = {
          [32m+[0m [0m"environment" = "production"
          [32m+[0m [0m"project"     = "connect"
        }
      [32m+[0m [0m[1m[0mtags_all[0m[0m                       = {
          [32m+[0m [0m"environment" = "production"
          [32m+[0m [0m"project"     = "connect"
        }
      [32m+[0m [0m[1m[0mtimeout[0m[0m                        = 3
      [32m+[0m [0m[1m[0mversion[0m[0m                        = (known after apply)

      [32m+[0m [0mtracing_config {
          [32m+[0m [0m[1m[0mmode[0m[0m = (known after apply)
        }
    }

[1m  # module.connect.module.lambda_functions.aws_lambda_function.retrieve_development_contact_info[0m will be created[0m[0m
[0m  [32m+[0m[0m resource "aws_lambda_function" "retrieve_development_contact_info" {
      [32m+[0m [0m[1m[0marchitectures[0m[0m                  = (known after apply)
      [32m+[0m [0m[1m[0marn[0m[0m                            = (known after apply)
      [32m+[0m [0m[1m[0mfilename[0m[0m                       = "../../compiled/retrieve_development_contact_info.zip"
      [32m+[0m [0m[1m[0mfunction_name[0m[0m                  = "retrieve_development_contact_info-production"
      [32m+[0m [0m[1m[0mhandler[0m[0m                        = "get_contact.GetContact.process"
      [32m+[0m [0m[1m[0mid[0m[0m                             = (known after apply)
      [32m+[0m [0m[1m[0minvoke_arn[0m[0m                     = (known after apply)
      [32m+[0m [0m[1m[0mlast_modified[0m[0m                  = (known after apply)
      [32m+[0m [0m[1m[0mmemory_size[0m[0m                    = 128
      [32m+[0m [0m[1m[0mpackage_type[0m[0m                   = "Zip"
      [32m+[0m [0m[1m[0mpublish[0m[0m                        = false
      [32m+[0m [0m[1m[0mqualified_arn[0m[0m                  = (known after apply)
      [32m+[0m [0m[1m[0mreserved_concurrent_executions[0m[0m = -1
      [32m+[0m [0m[1m[0mrole[0m[0m                           = (known after apply)
      [32m+[0m [0m[1m[0mruntime[0m[0m                        = "ruby2.7"
      [32m+[0m [0m[1m[0msigning_job_arn[0m[0m                = (known after apply)
      [32m+[0m [0m[1m[0msigning_profile_version_arn[0m[0m    = (known after apply)
      [32m+[0m [0m[1m[0msource_code_hash[0m[0m               = "R05KxJLUl2FZyGNjbDabbjdMEmptQTSscTGLt3vLYZU="
      [32m+[0m [0m[1m[0msource_code_size[0m[0m               = (known after apply)
      [32m+[0m [0m[1m[0mtags[0m[0m                           = {
          [32m+[0m [0m"environment" = "production"
          [32m+[0m [0m"project"     = "connect"
        }
      [32m+[0m [0m[1m[0mtags_all[0m[0m                       = {
          [32m+[0m [0m"environment" = "production"
          [32m+[0m [0m"project"     = "connect"
        }
      [32m+[0m [0m[1m[0mtimeout[0m[0m                        = 3
      [32m+[0m [0m[1m[0mversion[0m[0m                        = (known after apply)

      [32m+[0m [0mtracing_config {
          [32m+[0m [0m[1m[0mmode[0m[0m = (known after apply)
        }
    }

[1m  # module.connect.module.lambda_functions.aws_lambda_function.transcriptcreate_transcription_table_item[0m will be created[0m[0m
[0m  [32m+[0m[0m resource "aws_lambda_function" "transcriptcreate_transcription_table_item" {
      [32m+[0m [0m[1m[0marchitectures[0m[0m                  = (known after apply)
      [32m+[0m [0m[1m[0marn[0m[0m                            = (known after apply)
      [32m+[0m [0m[1m[0mfilename[0m[0m                       = "../../compiled/transcriptcreate_transcription_table_item.zip"
      [32m+[0m [0m[1m[0mfunction_name[0m[0m                  = "TranscriptCreate-Transcription-Table-Item-production"
      [32m+[0m [0m[1m[0mhandler[0m[0m                        = "index.lambda_handler"
      [32m+[0m [0m[1m[0mid[0m[0m                             = (known after apply)
      [32m+[0m [0m[1m[0minvoke_arn[0m[0m                     = (known after apply)
      [32m+[0m [0m[1m[0mlast_modified[0m[0m                  = (known after apply)
      [32m+[0m [0m[1m[0mmemory_size[0m[0m                    = 128
      [32m+[0m [0m[1m[0mpackage_type[0m[0m                   = "Zip"
      [32m+[0m [0m[1m[0mpublish[0m[0m                        = false
      [32m+[0m [0m[1m[0mqualified_arn[0m[0m                  = (known after apply)
      [32m+[0m [0m[1m[0mreserved_concurrent_executions[0m[0m = -1
      [32m+[0m [0m[1m[0mrole[0m[0m                           = (known after apply)
      [32m+[0m [0m[1m[0mruntime[0m[0m                        = "python3.7"
      [32m+[0m [0m[1m[0msigning_job_arn[0m[0m                = (known after apply)
      [32m+[0m [0m[1m[0msigning_profile_version_arn[0m[0m    = (known after apply)
      [32m+[0m [0m[1m[0msource_code_hash[0m[0m               = "uM2R+/yaVECFXLrospnGFPksrePnaJtn9Tapk6YnpdU="
      [32m+[0m [0m[1m[0msource_code_size[0m[0m               = (known after apply)
      [32m+[0m [0m[1m[0mtags[0m[0m                           = {
          [32m+[0m [0m"environment" = "production"
          [32m+[0m [0m"project"     = "connect"
        }
      [32m+[0m [0m[1m[0mtags_all[0m[0m                       = {
          [32m+[0m [0m"environment" = "production"
          [32m+[0m [0m"project"     = "connect"
        }
      [32m+[0m [0m[1m[0mtimeout[0m[0m                        = 3
      [32m+[0m [0m[1m[0mversion[0m[0m                        = (known after apply)

      [32m+[0m [0menvironment {
          [32m+[0m [0m[1m[0mvariables[0m[0m = {
              [32m+[0m [0m"DynamoDB_Region" = "us-east-1"
              [32m+[0m [0m"Table_Name"      = "TranscriptionData"
            }
        }

      [32m+[0m [0mtracing_config {
          [32m+[0m [0m[1m[0mmode[0m[0m = (known after apply)
        }
    }

[1m  # module.connect.module.lambda_functions.aws_lambda_function.transcriptionsystem_transcriptionsysdumpstreamtos3[0m will be created[0m[0m
[0m  [32m+[0m[0m resource "aws_lambda_function" "transcriptionsystem_transcriptionsysdumpstreamtos3" {
      [32m+[0m [0m[1m[0marchitectures[0m[0m                  = (known after apply)
      [32m+[0m [0m[1m[0marn[0m[0m                            = (known after apply)
      [32m+[0m [0m[1m[0mfunction_name[0m[0m                  = "TranscriptionSystem-TranscriptionSysDumpStreamtoS3-production"
      [32m+[0m [0m[1m[0mhandler[0m[0m                        = "com.amazonaws.kvstranscribestreaming.KVSTranscribeStreamingLambda::handleRequest"
      [32m+[0m [0m[1m[0mid[0m[0m                             = (known after apply)
      [32m+[0m [0m[1m[0minvoke_arn[0m[0m                     = (known after apply)
      [32m+[0m [0m[1m[0mlast_modified[0m[0m                  = (known after apply)
      [32m+[0m [0m[1m[0mmemory_size[0m[0m                    = 512
      [32m+[0m [0m[1m[0mpackage_type[0m[0m                   = "Zip"
      [32m+[0m [0m[1m[0mpublish[0m[0m                        = false
      [32m+[0m [0m[1m[0mqualified_arn[0m[0m                  = (known after apply)
      [32m+[0m [0m[1m[0mreserved_concurrent_executions[0m[0m = -1
      [32m+[0m [0m[1m[0mrole[0m[0m                           = (known after apply)
      [32m+[0m [0m[1m[0mruntime[0m[0m                        = "java11"
      [32m+[0m [0m[1m[0ms3_bucket[0m[0m                      = "com.goodmeasures.connect-integration-production"
      [32m+[0m [0m[1m[0ms3_key[0m[0m                         = "transcriptionsystem_transcriptionsysdumpstreamtos3.zip"
      [32m+[0m [0m[1m[0msigning_job_arn[0m[0m                = (known after apply)
      [32m+[0m [0m[1m[0msigning_profile_version_arn[0m[0m    = (known after apply)
      [32m+[0m [0m[1m[0msource_code_hash[0m[0m               = (known after apply)
      [32m+[0m [0m[1m[0msource_code_size[0m[0m               = (known after apply)
      [32m+[0m [0m[1m[0mtags[0m[0m                           = {
          [32m+[0m [0m"environment" = "production"
          [32m+[0m [0m"project"     = "connect"
        }
      [32m+[0m [0m[1m[0mtags_all[0m[0m                       = {
          [32m+[0m [0m"environment" = "production"
          [32m+[0m [0m"project"     = "connect"
        }
      [32m+[0m [0m[1m[0mtimeout[0m[0m                        = 300
      [32m+[0m [0m[1m[0mversion[0m[0m                        = (known after apply)

      [32m+[0m [0menvironment {
          [32m+[0m [0m[1m[0mvariables[0m[0m = {
              [32m+[0m [0m"APP_REGION"                  = "us-east-1"
              [32m+[0m [0m"CONSOLE_LOG_TRANSCRIPT_FLAG" = "FALSE"
              [32m+[0m [0m"RECORDINGS_BUCKET_NAME"      = "transcription-call-audio"
              [32m+[0m [0m"RECORDINGS_KEY_PREFIX"       = "Transcript"
              [32m+[0m [0m"RECORDINGS_PUBLIC_READ_ACL"  = "FALSE"
              [32m+[0m [0m"TRANSCRIBE_REGION"           = "us-east-1"
            }
        }

      [32m+[0m [0mtracing_config {
          [32m+[0m [0m[1m[0mmode[0m[0m = (known after apply)
        }
    }

[1m  # module.connect.module.lambda_functions.aws_lambda_function.transcripttranscription_trigger[0m will be created[0m[0m
[0m  [32m+[0m[0m resource "aws_lambda_function" "transcripttranscription_trigger" {
      [32m+[0m [0m[1m[0marchitectures[0m[0m                  = (known after apply)
      [32m+[0m [0m[1m[0marn[0m[0m                            = (known after apply)
      [32m+[0m [0m[1m[0mfilename[0m[0m                       = "../../compiled/transcripttranscription_trigger.zip"
      [32m+[0m [0m[1m[0mfunction_name[0m[0m                  = "TranscriptTranscription-Trigger-production"
      [32m+[0m [0m[1m[0mhandler[0m[0m                        = "index.handler"
      [32m+[0m [0m[1m[0mid[0m[0m                             = (known after apply)
      [32m+[0m [0m[1m[0minvoke_arn[0m[0m                     = (known after apply)
      [32m+[0m [0m[1m[0mlast_modified[0m[0m                  = (known after apply)
      [32m+[0m [0m[1m[0mmemory_size[0m[0m                    = 128
      [32m+[0m [0m[1m[0mpackage_type[0m[0m                   = "Zip"
      [32m+[0m [0m[1m[0mpublish[0m[0m                        = false
      [32m+[0m [0m[1m[0mqualified_arn[0m[0m                  = (known after apply)
      [32m+[0m [0m[1m[0mreserved_concurrent_executions[0m[0m = -1
      [32m+[0m [0m[1m[0mrole[0m[0m                           = (known after apply)
      [32m+[0m [0m[1m[0mruntime[0m[0m                        = "nodejs14.x"
      [32m+[0m [0m[1m[0msigning_job_arn[0m[0m                = (known after apply)
      [32m+[0m [0m[1m[0msigning_profile_version_arn[0m[0m    = (known after apply)
      [32m+[0m [0m[1m[0msource_code_hash[0m[0m               = "efX4rempWhGwLuUSiTiL7XqfhPgxrNBfPsWZVgvQUrU="
      [32m+[0m [0m[1m[0msource_code_size[0m[0m               = (known after apply)
      [32m+[0m [0m[1m[0mtags[0m[0m                           = {
          [32m+[0m [0m"environment" = "production"
          [32m+[0m [0m"project"     = "connect"
        }
      [32m+[0m [0m[1m[0mtags_all[0m[0m                       = {
          [32m+[0m [0m"environment" = "production"
          [32m+[0m [0m"project"     = "connect"
        }
      [32m+[0m [0m[1m[0mtimeout[0m[0m                        = 3
      [32m+[0m [0m[1m[0mversion[0m[0m                        = (known after apply)

      [32m+[0m [0menvironment {
          [32m+[0m [0m[1m[0mvariables[0m[0m = (known after apply)
        }

      [32m+[0m [0mtracing_config {
          [32m+[0m [0m[1m[0mmode[0m[0m = (known after apply)
        }
    }

[1m  # module.connect.module.lambda_functions.aws_lambda_permission.AmeliaGatewayAmazonLex[0m will be created[0m[0m
[0m  [32m+[0m[0m resource "aws_lambda_permission" "AmeliaGatewayAmazonLex" {
      [32m+[0m [0m[1m[0maction[0m[0m        = "lambda:InvokeFunction"
      [32m+[0m [0m[1m[0mfunction_name[0m[0m = "AmeliaGatewayAmazonLex-production"
      [32m+[0m [0m[1m[0mid[0m[0m            = (known after apply)
      [32m+[0m [0m[1m[0mprincipal[0m[0m     = "lex.amazonaws.com"
      [32m+[0m [0m[1m[0mstatement_id[0m[0m  = "AllowExecutionFromLex-production"
    }

[1m  # module.connect.module.lex.aws_cloudwatch_log_group.log_group-amelia_lex_bot[0m will be created[0m[0m
[0m  [32m+[0m[0m resource "aws_cloudwatch_log_group" "log_group-amelia_lex_bot" {
      [32m+[0m [0m[1m[0marn[0m[0m               = (known after apply)
      [32m+[0m [0m[1m[0mid[0m[0m                = (known after apply)
      [32m+[0m [0m[1m[0mname[0m[0m              = "/aws/lex/amelia_lex_bot-production"
      [32m+[0m [0m[1m[0mretention_in_days[0m[0m = 7
      [32m+[0m [0m[1m[0mtags_all[0m[0m          = (known after apply)
    }

[1m  # module.connect.module.lex.aws_lex_bot.amelia_lex_bot[0m will be created[0m[0m
[0m  [32m+[0m[0m resource "aws_lex_bot" "amelia_lex_bot" {
      [32m+[0m [0m[1m[0marn[0m[0m                             = (known after apply)
      [32m+[0m [0m[1m[0mchecksum[0m[0m                        = (known after apply)
      [32m+[0m [0m[1m[0mchild_directed[0m[0m                  = false
      [32m+[0m [0m[1m[0mcreate_version[0m[0m                  = false
      [32m+[0m [0m[1m[0mcreated_date[0m[0m                    = (known after apply)
      [32m+[0m [0m[1m[0mdetect_sentiment[0m[0m                = false
      [32m+[0m [0m[1m[0menable_model_improvements[0m[0m       = false
      [32m+[0m [0m[1m[0mfailure_reason[0m[0m                  = (known after apply)
      [32m+[0m [0m[1m[0mid[0m[0m                              = (known after apply)
      [32m+[0m [0m[1m[0midle_session_ttl_in_seconds[0m[0m     = 300
      [32m+[0m [0m[1m[0mlast_updated_date[0m[0m               = (known after apply)
      [32m+[0m [0m[1m[0mlocale[0m[0m                          = "en-US"
      [32m+[0m [0m[1m[0mname[0m[0m                            = "AmeliaLexBot_production"
      [32m+[0m [0m[1m[0mnlu_intent_confidence_threshold[0m[0m = 0
      [32m+[0m [0m[1m[0mprocess_behavior[0m[0m                = "BUILD"
      [32m+[0m [0m[1m[0mstatus[0m[0m                          = (known after apply)
      [32m+[0m [0m[1m[0mversion[0m[0m                         = (known after apply)
      [32m+[0m [0m[1m[0mvoice_id[0m[0m                        = "Joanna"

      [32m+[0m [0mabort_statement {
          [32m+[0m [0mmessage {
              [32m+[0m [0m[1m[0mcontent[0m[0m      = "Sorry, I am not able to assist at this time."
              [32m+[0m [0m[1m[0mcontent_type[0m[0m = "PlainText"
            }
        }

      [32m+[0m [0mclarification_prompt {
          [32m+[0m [0m[1m[0mmax_attempts[0m[0m = 2

          [32m+[0m [0mmessage {
              [32m+[0m [0m[1m[0mcontent[0m[0m      = "I didn't understand you, what would you like to do?"
              [32m+[0m [0m[1m[0mcontent_type[0m[0m = "PlainText"
            }
        }

      [32m+[0m [0mintent {
          [32m+[0m [0m[1m[0mintent_name[0m[0m    = "CatchallIntent_production"
          [32m+[0m [0m[1m[0mintent_version[0m[0m = "$LATEST"
        }
      [32m+[0m [0mintent {
          [32m+[0m [0m[1m[0mintent_name[0m[0m    = "WelcomeIntent_production"
          [32m+[0m [0m[1m[0mintent_version[0m[0m = "$LATEST"
        }
    }

[1m  # module.connect.module.lex.aws_lex_bot.wait_bot[0m will be created[0m[0m
[0m  [32m+[0m[0m resource "aws_lex_bot" "wait_bot" {
      [32m+[0m [0m[1m[0marn[0m[0m                             = (known after apply)
      [32m+[0m [0m[1m[0mchecksum[0m[0m                        = (known after apply)
      [32m+[0m [0m[1m[0mchild_directed[0m[0m                  = false
      [32m+[0m [0m[1m[0mcreate_version[0m[0m                  = false
      [32m+[0m [0m[1m[0mcreated_date[0m[0m                    = (known after apply)
      [32m+[0m [0m[1m[0mdetect_sentiment[0m[0m                = false
      [32m+[0m [0m[1m[0menable_model_improvements[0m[0m       = false
      [32m+[0m [0m[1m[0mfailure_reason[0m[0m                  = (known after apply)
      [32m+[0m [0m[1m[0mid[0m[0m                              = (known after apply)
      [32m+[0m [0m[1m[0midle_session_ttl_in_seconds[0m[0m     = 300
      [32m+[0m [0m[1m[0mlast_updated_date[0m[0m               = (known after apply)
      [32m+[0m [0m[1m[0mlocale[0m[0m                          = "en-US"
      [32m+[0m [0m[1m[0mname[0m[0m                            = "wait_bot"
      [32m+[0m [0m[1m[0mnlu_intent_confidence_threshold[0m[0m = 0
      [32m+[0m [0m[1m[0mprocess_behavior[0m[0m                = "BUILD"
      [32m+[0m [0m[1m[0mstatus[0m[0m                          = (known after apply)
      [32m+[0m [0m[1m[0mversion[0m[0m                         = (known after apply)
      [32m+[0m [0m[1m[0mvoice_id[0m[0m                        = "Joanna"

      [32m+[0m [0mabort_statement {
          [32m+[0m [0mmessage {
              [32m+[0m [0m[1m[0mcontent[0m[0m      = "Aborting"
              [32m+[0m [0m[1m[0mcontent_type[0m[0m = "PlainText"
            }
        }

      [32m+[0m [0mclarification_prompt {
          [32m+[0m [0m[1m[0mmax_attempts[0m[0m = 5

          [32m+[0m [0mmessage {
              [32m+[0m [0m[1m[0mcontent[0m[0m      = "<speak>I'm still waiting<break time='10s'/><break time='10s'/><break time='10s'/><break time='10s'/><break time='10s'/><break time='10s'/><break time='10s'/><break time='10s'/></speak>"
              [32m+[0m [0m[1m[0mcontent_type[0m[0m = "SSML"
            }
        }

      [32m+[0m [0mintent {
          [32m+[0m [0m[1m[0mintent_name[0m[0m    = "customer_returned_intent"
          [32m+[0m [0m[1m[0mintent_version[0m[0m = "$LATEST"
        }
      [32m+[0m [0mintent {
          [32m+[0m [0m[1m[0mintent_name[0m[0m    = "fallback_intent"
          [32m+[0m [0m[1m[0mintent_version[0m[0m = "$LATEST"
        }
    }

[1m  # module.connect.module.lex.aws_lex_bot.who_am_i_bot[0m will be created[0m[0m
[0m  [32m+[0m[0m resource "aws_lex_bot" "who_am_i_bot" {
      [32m+[0m [0m[1m[0marn[0m[0m                             = (known after apply)
      [32m+[0m [0m[1m[0mchecksum[0m[0m                        = (known after apply)
      [32m+[0m [0m[1m[0mchild_directed[0m[0m                  = false
      [32m+[0m [0m[1m[0mcreate_version[0m[0m                  = false
      [32m+[0m [0m[1m[0mcreated_date[0m[0m                    = (known after apply)
      [32m+[0m [0m[1m[0mdetect_sentiment[0m[0m                = false
      [32m+[0m [0m[1m[0menable_model_improvements[0m[0m       = false
      [32m+[0m [0m[1m[0mfailure_reason[0m[0m                  = (known after apply)
      [32m+[0m [0m[1m[0mid[0m[0m                              = (known after apply)
      [32m+[0m [0m[1m[0midle_session_ttl_in_seconds[0m[0m     = 300
      [32m+[0m [0m[1m[0mlast_updated_date[0m[0m               = (known after apply)
      [32m+[0m [0m[1m[0mlocale[0m[0m                          = "en-US"
      [32m+[0m [0m[1m[0mname[0m[0m                            = "who_am_i_bot"
      [32m+[0m [0m[1m[0mnlu_intent_confidence_threshold[0m[0m = 0
      [32m+[0m [0m[1m[0mprocess_behavior[0m[0m                = "BUILD"
      [32m+[0m [0m[1m[0mstatus[0m[0m                          = (known after apply)
      [32m+[0m [0m[1m[0mversion[0m[0m                         = (known after apply)
      [32m+[0m [0m[1m[0mvoice_id[0m[0m                        = "Joanna"

      [32m+[0m [0mabort_statement {
          [32m+[0m [0mmessage {
              [32m+[0m [0m[1m[0mcontent[0m[0m      = "Sorry, I am not able to assist at this time."
              [32m+[0m [0m[1m[0mcontent_type[0m[0m = "PlainText"
            }
        }

      [32m+[0m [0mclarification_prompt {
          [32m+[0m [0m[1m[0mmax_attempts[0m[0m = 2

          [32m+[0m [0mmessage {
              [32m+[0m [0m[1m[0mcontent[0m[0m      = "Please say one of 'the patient', 'voicemail', 'someone else' "
              [32m+[0m [0m[1m[0mcontent_type[0m[0m = "PlainText"
            }
        }

      [32m+[0m [0mintent {
          [32m+[0m [0m[1m[0mintent_name[0m[0m    = "non_patient_intent"
          [32m+[0m [0m[1m[0mintent_version[0m[0m = "$LATEST"
        }
      [32m+[0m [0mintent {
          [32m+[0m [0m[1m[0mintent_name[0m[0m    = "patient_intent"
          [32m+[0m [0m[1m[0mintent_version[0m[0m = "$LATEST"
        }
      [32m+[0m [0mintent {
          [32m+[0m [0m[1m[0mintent_name[0m[0m    = "voicemail_intent"
          [32m+[0m [0m[1m[0mintent_version[0m[0m = "$LATEST"
        }
    }

[1m  # module.connect.module.lex.aws_lex_bot.yes_no_bot[0m will be created[0m[0m
[0m  [32m+[0m[0m resource "aws_lex_bot" "yes_no_bot" {
      [32m+[0m [0m[1m[0marn[0m[0m                             = (known after apply)
      [32m+[0m [0m[1m[0mchecksum[0m[0m                        = (known after apply)
      [32m+[0m [0m[1m[0mchild_directed[0m[0m                  = false
      [32m+[0m [0m[1m[0mcreate_version[0m[0m                  = false
      [32m+[0m [0m[1m[0mcreated_date[0m[0m                    = (known after apply)
      [32m+[0m [0m[1m[0mdetect_sentiment[0m[0m                = false
      [32m+[0m [0m[1m[0menable_model_improvements[0m[0m       = false
      [32m+[0m [0m[1m[0mfailure_reason[0m[0m                  = (known after apply)
      [32m+[0m [0m[1m[0mid[0m[0m                              = (known after apply)
      [32m+[0m [0m[1m[0midle_session_ttl_in_seconds[0m[0m     = 300
      [32m+[0m [0m[1m[0mlast_updated_date[0m[0m               = (known after apply)
      [32m+[0m [0m[1m[0mlocale[0m[0m                          = "en-US"
      [32m+[0m [0m[1m[0mname[0m[0m                            = "yes_no_bot"
      [32m+[0m [0m[1m[0mnlu_intent_confidence_threshold[0m[0m = 0
      [32m+[0m [0m[1m[0mprocess_behavior[0m[0m                = "BUILD"
      [32m+[0m [0m[1m[0mstatus[0m[0m                          = (known after apply)
      [32m+[0m [0m[1m[0mversion[0m[0m                         = (known after apply)
      [32m+[0m [0m[1m[0mvoice_id[0m[0m                        = "Joanna"

      [32m+[0m [0mabort_statement {
          [32m+[0m [0mmessage {
              [32m+[0m [0m[1m[0mcontent[0m[0m      = "I'm only a bot, let me transfer you to a human."
              [32m+[0m [0m[1m[0mcontent_type[0m[0m = "PlainText"
            }
        }

      [32m+[0m [0mclarification_prompt {
          [32m+[0m [0m[1m[0mmax_attempts[0m[0m = 3

          [32m+[0m [0mmessage {
              [32m+[0m [0m[1m[0mcontent[0m[0m      = "Please say either yes or no"
              [32m+[0m [0m[1m[0mcontent_type[0m[0m = "PlainText"
            }
        }

      [32m+[0m [0mintent {
          [32m+[0m [0m[1m[0mintent_name[0m[0m    = "no_intent"
          [32m+[0m [0m[1m[0mintent_version[0m[0m = "$LATEST"
        }
      [32m+[0m [0mintent {
          [32m+[0m [0m[1m[0mintent_name[0m[0m    = "repeat_intent"
          [32m+[0m [0m[1m[0mintent_version[0m[0m = "$LATEST"
        }
      [32m+[0m [0mintent {
          [32m+[0m [0m[1m[0mintent_name[0m[0m    = "wait_intent"
          [32m+[0m [0m[1m[0mintent_version[0m[0m = "$LATEST"
        }
      [32m+[0m [0mintent {
          [32m+[0m [0m[1m[0mintent_name[0m[0m    = "yes_intent"
          [32m+[0m [0m[1m[0mintent_version[0m[0m = "$LATEST"
        }
    }

[1m  # module.connect.module.lex.aws_lex_bot.yes_no_with_preference_bot[0m will be created[0m[0m
[0m  [32m+[0m[0m resource "aws_lex_bot" "yes_no_with_preference_bot" {
      [32m+[0m [0m[1m[0marn[0m[0m                             = (known after apply)
      [32m+[0m [0m[1m[0mchecksum[0m[0m                        = (known after apply)
      [32m+[0m [0m[1m[0mchild_directed[0m[0m                  = false
      [32m+[0m [0m[1m[0mcreate_version[0m[0m                  = false
      [32m+[0m [0m[1m[0mcreated_date[0m[0m                    = (known after apply)
      [32m+[0m [0m[1m[0mdetect_sentiment[0m[0m                = false
      [32m+[0m [0m[1m[0menable_model_improvements[0m[0m       = false
      [32m+[0m [0m[1m[0mfailure_reason[0m[0m                  = (known after apply)
      [32m+[0m [0m[1m[0mid[0m[0m                              = (known after apply)
      [32m+[0m [0m[1m[0midle_session_ttl_in_seconds[0m[0m     = 300
      [32m+[0m [0m[1m[0mlast_updated_date[0m[0m               = (known after apply)
      [32m+[0m [0m[1m[0mlocale[0m[0m                          = "en-US"
      [32m+[0m [0m[1m[0mname[0m[0m                            = "yes_no_with_preference_bot"
      [32m+[0m [0m[1m[0mnlu_intent_confidence_threshold[0m[0m = 0
      [32m+[0m [0m[1m[0mprocess_behavior[0m[0m                = "BUILD"
      [32m+[0m [0m[1m[0mstatus[0m[0m                          = (known after apply)
      [32m+[0m [0m[1m[0mversion[0m[0m                         = (known after apply)
      [32m+[0m [0m[1m[0mvoice_id[0m[0m                        = "Joanna"

      [32m+[0m [0mabort_statement {
          [32m+[0m [0mmessage {
              [32m+[0m [0m[1m[0mcontent[0m[0m      = "Abort path"
              [32m+[0m [0m[1m[0mcontent_type[0m[0m = "PlainText"
            }
        }

      [32m+[0m [0mclarification_prompt {
          [32m+[0m [0m[1m[0mmax_attempts[0m[0m = 5

          [32m+[0m [0mmessage {
              [32m+[0m [0m[1m[0mcontent[0m[0m      = "please say either yes or no, or tell us when you would prefer"
              [32m+[0m [0m[1m[0mcontent_type[0m[0m = "PlainText"
            }
        }

      [32m+[0m [0mintent {
          [32m+[0m [0m[1m[0mintent_name[0m[0m    = "indicate_preference_intent"
          [32m+[0m [0m[1m[0mintent_version[0m[0m = "$LATEST"
        }
      [32m+[0m [0mintent {
          [32m+[0m [0m[1m[0mintent_name[0m[0m    = "no_intent"
          [32m+[0m [0m[1m[0mintent_version[0m[0m = "$LATEST"
        }
      [32m+[0m [0mintent {
          [32m+[0m [0m[1m[0mintent_name[0m[0m    = "repeat_intent"
          [32m+[0m [0m[1m[0mintent_version[0m[0m = "$LATEST"
        }
      [32m+[0m [0mintent {
          [32m+[0m [0m[1m[0mintent_name[0m[0m    = "wait_intent"
          [32m+[0m [0m[1m[0mintent_version[0m[0m = "$LATEST"
        }
      [32m+[0m [0mintent {
          [32m+[0m [0m[1m[0mintent_name[0m[0m    = "yes_intent"
          [32m+[0m [0m[1m[0mintent_version[0m[0m = "$LATEST"
        }
    }

[1m  # module.connect.module.lex.aws_lex_bot_alias.amelia_lex_bot[0m will be created[0m[0m
[0m  [32m+[0m[0m resource "aws_lex_bot_alias" "amelia_lex_bot" {
      [32m+[0m [0m[1m[0marn[0m[0m               = (known after apply)
      [32m+[0m [0m[1m[0mbot_name[0m[0m          = "AmeliaLexBot_production"
      [32m+[0m [0m[1m[0mbot_version[0m[0m       = "$LATEST"
      [32m+[0m [0m[1m[0mchecksum[0m[0m          = (known after apply)
      [32m+[0m [0m[1m[0mcreated_date[0m[0m      = (known after apply)
      [32m+[0m [0m[1m[0mid[0m[0m                = (known after apply)
      [32m+[0m [0m[1m[0mlast_updated_date[0m[0m = (known after apply)
      [32m+[0m [0m[1m[0mname[0m[0m              = "amelia_lex_bot"

      [32m+[0m [0mconversation_logs {
          [32m+[0m [0m[1m[0miam_role_arn[0m[0m = "arn:aws:iam::201706955376:role/allow-lex-logging"

          [32m+[0m [0mlog_settings {
              [32m+[0m [0m[1m[0mdestination[0m[0m     = "CLOUDWATCH_LOGS"
              [32m+[0m [0m[1m[0mlog_type[0m[0m        = "TEXT"
              [32m+[0m [0m[1m[0mresource_arn[0m[0m    = (known after apply)
              [32m+[0m [0m[1m[0mresource_prefix[0m[0m = (known after apply)
            }
        }
    }

[1m  # module.connect.module.lex.aws_lex_intent.between_intent[0m will be created[0m[0m
[0m  [32m+[0m[0m resource "aws_lex_intent" "between_intent" {
      [32m+[0m [0m[1m[0marn[0m[0m               = (known after apply)
      [32m+[0m [0m[1m[0mchecksum[0m[0m          = (known after apply)
      [32m+[0m [0m[1m[0mcreate_version[0m[0m    = false
      [32m+[0m [0m[1m[0mcreated_date[0m[0m      = (known after apply)
      [32m+[0m [0m[1m[0mid[0m[0m                = (known after apply)
      [32m+[0m [0m[1m[0mlast_updated_date[0m[0m = (known after apply)
      [32m+[0m [0m[1m[0mname[0m[0m              = "between_intent"
      [32m+[0m [0m[1m[0msample_utterances[0m[0m = [
          [32m+[0m [0m"between {StartTime} and {EndTime}",
        ]
      [32m+[0m [0m[1m[0mversion[0m[0m           = (known after apply)

      [32m+[0m [0mfulfillment_activity {
          [32m+[0m [0m[1m[0mtype[0m[0m = "ReturnIntent"
        }

      [32m+[0m [0mslot {
          [32m+[0m [0m[1m[0mdescription[0m[0m       = "preferred-time-of-day"
          [32m+[0m [0m[1m[0mname[0m[0m              = "EndTime"
          [32m+[0m [0m[1m[0mpriority[0m[0m          = 1
          [32m+[0m [0m[1m[0msample_utterances[0m[0m = []
          [32m+[0m [0m[1m[0mslot_constraint[0m[0m   = "Required"
          [32m+[0m [0m[1m[0mslot_type[0m[0m         = "AMAZON.TIME"
        }
      [32m+[0m [0mslot {
          [32m+[0m [0m[1m[0mdescription[0m[0m       = "preferred-time-of-day"
          [32m+[0m [0m[1m[0mname[0m[0m              = "StartTime"
          [32m+[0m [0m[1m[0mpriority[0m[0m          = 1
          [32m+[0m [0m[1m[0msample_utterances[0m[0m = []
          [32m+[0m [0m[1m[0mslot_constraint[0m[0m   = "Required"
          [32m+[0m [0m[1m[0mslot_type[0m[0m         = "AMAZON.TIME"
        }
    }

[1m  # module.connect.module.lex.aws_lex_intent.catchall_intent[0m will be created[0m[0m
[0m  [32m+[0m[0m resource "aws_lex_intent" "catchall_intent" {
      [32m+[0m [0m[1m[0marn[0m[0m                     = (known after apply)
      [32m+[0m [0m[1m[0mchecksum[0m[0m                = (known after apply)
      [32m+[0m [0m[1m[0mcreate_version[0m[0m          = false
      [32m+[0m [0m[1m[0mcreated_date[0m[0m            = (known after apply)
      [32m+[0m [0m[1m[0mid[0m[0m                      = (known after apply)
      [32m+[0m [0m[1m[0mlast_updated_date[0m[0m       = (known after apply)
      [32m+[0m [0m[1m[0mname[0m[0m                    = "CatchallIntent_production"
      [32m+[0m [0m[1m[0mparent_intent_signature[0m[0m = "AMAZON.FallbackIntent"
      [32m+[0m [0m[1m[0mversion[0m[0m                 = (known after apply)

      [32m+[0m [0mfulfillment_activity {
          [32m+[0m [0m[1m[0mtype[0m[0m = "CodeHook"

          [32m+[0m [0mcode_hook {
              [32m+[0m [0m[1m[0mmessage_version[0m[0m = "1.0"
              [32m+[0m [0m[1m[0muri[0m[0m             = (known after apply)
            }
        }
    }

[1m  # module.connect.module.lex.aws_lex_intent.customer_returned_intent[0m will be created[0m[0m
[0m  [32m+[0m[0m resource "aws_lex_intent" "customer_returned_intent" {
      [32m+[0m [0m[1m[0marn[0m[0m               = (known after apply)
      [32m+[0m [0m[1m[0mchecksum[0m[0m          = (known after apply)
      [32m+[0m [0m[1m[0mcreate_version[0m[0m    = false
      [32m+[0m [0m[1m[0mcreated_date[0m[0m      = (known after apply)
      [32m+[0m [0m[1m[0mid[0m[0m                = (known after apply)
      [32m+[0m [0m[1m[0mlast_updated_date[0m[0m = (known after apply)
      [32m+[0m [0m[1m[0mname[0m[0m              = "customer_returned_intent"
      [32m+[0m [0m[1m[0msample_utterances[0m[0m = [
          [32m+[0m [0m"back",
          [32m+[0m [0m"i'm back",
          [32m+[0m [0m"ok",
          [32m+[0m [0m"ok now",
          [32m+[0m [0m"ready",
        ]
      [32m+[0m [0m[1m[0mversion[0m[0m           = (known after apply)

      [32m+[0m [0mfulfillment_activity {
          [32m+[0m [0m[1m[0mtype[0m[0m = "ReturnIntent"
        }
    }

[1m  # module.connect.module.lex.aws_lex_intent.fallback_intent[0m will be created[0m[0m
[0m  [32m+[0m[0m resource "aws_lex_intent" "fallback_intent" {
      [32m+[0m [0m[1m[0marn[0m[0m                     = (known after apply)
      [32m+[0m [0m[1m[0mchecksum[0m[0m                = (known after apply)
      [32m+[0m [0m[1m[0mcreate_version[0m[0m          = false
      [32m+[0m [0m[1m[0mcreated_date[0m[0m            = (known after apply)
      [32m+[0m [0m[1m[0mid[0m[0m                      = (known after apply)
      [32m+[0m [0m[1m[0mlast_updated_date[0m[0m       = (known after apply)
      [32m+[0m [0m[1m[0mname[0m[0m                    = "fallback_intent"
      [32m+[0m [0m[1m[0mparent_intent_signature[0m[0m = "AMAZON.FallbackIntent"
      [32m+[0m [0m[1m[0mversion[0m[0m                 = (known after apply)

      [32m+[0m [0mfulfillment_activity {
          [32m+[0m [0m[1m[0mtype[0m[0m = "ReturnIntent"
        }
    }

[1m  # module.connect.module.lex.aws_lex_intent.indicate_preference_intent[0m will be created[0m[0m
[0m  [32m+[0m[0m resource "aws_lex_intent" "indicate_preference_intent" {
      [32m+[0m [0m[1m[0marn[0m[0m               = (known after apply)
      [32m+[0m [0m[1m[0mchecksum[0m[0m          = (known after apply)
      [32m+[0m [0m[1m[0mcreate_version[0m[0m    = false
      [32m+[0m [0m[1m[0mcreated_date[0m[0m      = (known after apply)
      [32m+[0m [0m[1m[0mid[0m[0m                = (known after apply)
      [32m+[0m [0m[1m[0mlast_updated_date[0m[0m = (known after apply)
      [32m+[0m [0m[1m[0mname[0m[0m              = "indicate_preference_intent"
      [32m+[0m [0m[1m[0msample_utterances[0m[0m = [
          [32m+[0m [0m"I would prefer a different time",
          [32m+[0m [0m"I would prefer an {TimeOfDay}",
          [32m+[0m [0m"I would prefer around {TimeOfDay}",
          [32m+[0m [0m"I would prefer in the {TimeOfDay}",
          [32m+[0m [0m"I would prefer {TimeOfDay}",
          [32m+[0m [0m"I'd like a different time",
          [32m+[0m [0m"I'd prefer {TimeOfDay}",
          [32m+[0m [0m"actually i'd prefer around {TimeOfDay}",
          [32m+[0m [0m"do you have something around {TimeOfDay}",
          [32m+[0m [0m"do you have something in the {TimeOfDay}",
          [32m+[0m [0m"i'd prefer around {TimeOfDay}",
          [32m+[0m [0m"no I would prefer a different time",
          [32m+[0m [0m"no I would prefer {TimeOfDay}",
          [32m+[0m [0m"no I'd prefer {TimeOfDay}",
        ]
      [32m+[0m [0m[1m[0mversion[0m[0m           = (known after apply)

      [32m+[0m [0mfulfillment_activity {
          [32m+[0m [0m[1m[0mtype[0m[0m = "ReturnIntent"
        }

      [32m+[0m [0mslot {
          [32m+[0m [0m[1m[0mdescription[0m[0m       = "preferred-time-of-day"
          [32m+[0m [0m[1m[0mname[0m[0m              = "TimeOfDay"
          [32m+[0m [0m[1m[0mpriority[0m[0m          = 2
          [32m+[0m [0m[1m[0msample_utterances[0m[0m = [
              [32m+[0m [0m"do you have something in the {TimeOfDay}",
              [32m+[0m [0m"do you have something around {TimeOfDay}",
              [32m+[0m [0m"around {TimeOfDay}",
              [32m+[0m [0m"in the {TimeOfDay}",
              [32m+[0m [0m"i'd prefer around {TimeOfDay}",
              [32m+[0m [0m"i'd prefer in the {TimeOfDay}",
              [32m+[0m [0m"actually i'd prefer around {TimeOfDay}",
            ]
          [32m+[0m [0m[1m[0mslot_constraint[0m[0m   = "Required"
          [32m+[0m [0m[1m[0mslot_type[0m[0m         = "AMAZON.TIME"

          [32m+[0m [0mvalue_elicitation_prompt {
              [32m+[0m [0m[1m[0mmax_attempts[0m[0m = 1

              [32m+[0m [0mmessage {
                  [32m+[0m [0m[1m[0mcontent[0m[0m      = "Tell me if you prefer morning, afternoons or evenings?"
                  [32m+[0m [0m[1m[0mcontent_type[0m[0m = "PlainText"
                }
            }
        }
    }

[1m  # module.connect.module.lex.aws_lex_intent.no_intent[0m will be created[0m[0m
[0m  [32m+[0m[0m resource "aws_lex_intent" "no_intent" {
      [32m+[0m [0m[1m[0marn[0m[0m               = (known after apply)
      [32m+[0m [0m[1m[0mchecksum[0m[0m          = (known after apply)
      [32m+[0m [0m[1m[0mcreate_version[0m[0m    = false
      [32m+[0m [0m[1m[0mcreated_date[0m[0m      = (known after apply)
      [32m+[0m [0m[1m[0mid[0m[0m                = (known after apply)
      [32m+[0m [0m[1m[0mlast_updated_date[0m[0m = (known after apply)
      [32m+[0m [0m[1m[0mname[0m[0m              = "no_intent"
      [32m+[0m [0m[1m[0msample_utterances[0m[0m = [
          [32m+[0m [0m"I can't",
          [32m+[0m [0m"I have another appointment",
          [32m+[0m [0m"negatory",
          [32m+[0m [0m"no",
          [32m+[0m [0m"no I can't",
          [32m+[0m [0m"no I can't make that",
          [32m+[0m [0m"no I'm busy",
          [32m+[0m [0m"no it does not",
          [32m+[0m [0m"no it doesn't",
          [32m+[0m [0m"no thank you",
          [32m+[0m [0m"no thanks",
          [32m+[0m [0m"nope",
        ]
      [32m+[0m [0m[1m[0mversion[0m[0m           = (known after apply)

      [32m+[0m [0mfulfillment_activity {
          [32m+[0m [0m[1m[0mtype[0m[0m = "ReturnIntent"
        }
    }

[1m  # module.connect.module.lex.aws_lex_intent.non_patient_intent[0m will be created[0m[0m
[0m  [32m+[0m[0m resource "aws_lex_intent" "non_patient_intent" {
      [32m+[0m [0m[1m[0marn[0m[0m               = (known after apply)
      [32m+[0m [0m[1m[0mchecksum[0m[0m          = (known after apply)
      [32m+[0m [0m[1m[0mcreate_version[0m[0m    = false
      [32m+[0m [0m[1m[0mcreated_date[0m[0m      = (known after apply)
      [32m+[0m [0m[1m[0mid[0m[0m                = (known after apply)
      [32m+[0m [0m[1m[0mlast_updated_date[0m[0m = (known after apply)
      [32m+[0m [0m[1m[0mname[0m[0m              = "non_patient_intent"
      [32m+[0m [0m[1m[0msample_utterances[0m[0m = [
          [32m+[0m [0m"someone else",
          [32m+[0m [0m"the husband",
        ]
      [32m+[0m [0m[1m[0mversion[0m[0m           = (known after apply)

      [32m+[0m [0mfulfillment_activity {
          [32m+[0m [0m[1m[0mtype[0m[0m = "ReturnIntent"
        }
    }

[1m  # module.connect.module.lex.aws_lex_intent.patient_intent[0m will be created[0m[0m
[0m  [32m+[0m[0m resource "aws_lex_intent" "patient_intent" {
      [32m+[0m [0m[1m[0marn[0m[0m               = (known after apply)
      [32m+[0m [0m[1m[0mchecksum[0m[0m          = (known after apply)
      [32m+[0m [0m[1m[0mcreate_version[0m[0m    = false
      [32m+[0m [0m[1m[0mcreated_date[0m[0m      = (known after apply)
      [32m+[0m [0m[1m[0mid[0m[0m                = (known after apply)
      [32m+[0m [0m[1m[0mlast_updated_date[0m[0m = (known after apply)
      [32m+[0m [0m[1m[0mname[0m[0m              = "patient_intent"
      [32m+[0m [0m[1m[0msample_utterances[0m[0m = [
          [32m+[0m [0m"im the patient",
          [32m+[0m [0m"its me",
          [32m+[0m [0m"patient",
          [32m+[0m [0m"the patient",
        ]
      [32m+[0m [0m[1m[0mversion[0m[0m           = (known after apply)

      [32m+[0m [0mfulfillment_activity {
          [32m+[0m [0m[1m[0mtype[0m[0m = "ReturnIntent"
        }
    }

[1m  # module.connect.module.lex.aws_lex_intent.repeat_intent[0m will be created[0m[0m
[0m  [32m+[0m[0m resource "aws_lex_intent" "repeat_intent" {
      [32m+[0m [0m[1m[0marn[0m[0m               = (known after apply)
      [32m+[0m [0m[1m[0mchecksum[0m[0m          = (known after apply)
      [32m+[0m [0m[1m[0mcreate_version[0m[0m    = false
      [32m+[0m [0m[1m[0mcreated_date[0m[0m      = (known after apply)
      [32m+[0m [0m[1m[0mid[0m[0m                = (known after apply)
      [32m+[0m [0m[1m[0mlast_updated_date[0m[0m = (known after apply)
      [32m+[0m [0m[1m[0mname[0m[0m              = "repeat_intent"
      [32m+[0m [0m[1m[0msample_utterances[0m[0m = [
          [32m+[0m [0m"can you repeat that",
          [32m+[0m [0m"repeat",
          [32m+[0m [0m"sorry i didn't hear you",
          [32m+[0m [0m"what",
          [32m+[0m [0m"what did you say",
          [32m+[0m [0m"what was that",
        ]
      [32m+[0m [0m[1m[0mversion[0m[0m           = (known after apply)

      [32m+[0m [0mfulfillment_activity {
          [32m+[0m [0m[1m[0mtype[0m[0m = "ReturnIntent"
        }
    }

[1m  # module.connect.module.lex.aws_lex_intent.voicemail_intent[0m will be created[0m[0m
[0m  [32m+[0m[0m resource "aws_lex_intent" "voicemail_intent" {
      [32m+[0m [0m[1m[0marn[0m[0m               = (known after apply)
      [32m+[0m [0m[1m[0mchecksum[0m[0m          = (known after apply)
      [32m+[0m [0m[1m[0mcreate_version[0m[0m    = false
      [32m+[0m [0m[1m[0mcreated_date[0m[0m      = (known after apply)
      [32m+[0m [0m[1m[0mid[0m[0m                = (known after apply)
      [32m+[0m [0m[1m[0mlast_updated_date[0m[0m = (known after apply)
      [32m+[0m [0m[1m[0mname[0m[0m              = "voicemail_intent"
      [32m+[0m [0m[1m[0msample_utterances[0m[0m = [
          [32m+[0m [0m"answering machine",
          [32m+[0m [0m"im an answering machine",
          [32m+[0m [0m"voicemail",
        ]
      [32m+[0m [0m[1m[0mversion[0m[0m           = (known after apply)

      [32m+[0m [0mfulfillment_activity {
          [32m+[0m [0m[1m[0mtype[0m[0m = "ReturnIntent"
        }
    }

[1m  # module.connect.module.lex.aws_lex_intent.wait_intent[0m will be created[0m[0m
[0m  [32m+[0m[0m resource "aws_lex_intent" "wait_intent" {
      [32m+[0m [0m[1m[0marn[0m[0m               = (known after apply)
      [32m+[0m [0m[1m[0mchecksum[0m[0m          = (known after apply)
      [32m+[0m [0m[1m[0mcreate_version[0m[0m    = false
      [32m+[0m [0m[1m[0mcreated_date[0m[0m      = (known after apply)
      [32m+[0m [0m[1m[0mid[0m[0m                = (known after apply)
      [32m+[0m [0m[1m[0mlast_updated_date[0m[0m = (known after apply)
      [32m+[0m [0m[1m[0mname[0m[0m              = "wait_intent"
      [32m+[0m [0m[1m[0msample_utterances[0m[0m = [
          [32m+[0m [0m"can you hold for a second",
          [32m+[0m [0m"can you please wait a sec",
          [32m+[0m [0m"can you please wait a second",
          [32m+[0m [0m"can you wait a sec",
          [32m+[0m [0m"can you wait a second",
          [32m+[0m [0m"hold on",
          [32m+[0m [0m"i'm looking",
          [32m+[0m [0m"just a sec",
          [32m+[0m [0m"just a second",
          [32m+[0m [0m"please wait a minute",
          [32m+[0m [0m"wait a minute",
        ]
      [32m+[0m [0m[1m[0mversion[0m[0m           = (known after apply)

      [32m+[0m [0mfulfillment_activity {
          [32m+[0m [0m[1m[0mtype[0m[0m = "ReturnIntent"
        }
    }

[1m  # module.connect.module.lex.aws_lex_intent.welcome_intent[0m will be created[0m[0m
[0m  [32m+[0m[0m resource "aws_lex_intent" "welcome_intent" {
      [32m+[0m [0m[1m[0marn[0m[0m               = (known after apply)
      [32m+[0m [0m[1m[0mchecksum[0m[0m          = (known after apply)
      [32m+[0m [0m[1m[0mcreate_version[0m[0m    = false
      [32m+[0m [0m[1m[0mcreated_date[0m[0m      = (known after apply)
      [32m+[0m [0m[1m[0mid[0m[0m                = (known after apply)
      [32m+[0m [0m[1m[0mlast_updated_date[0m[0m = (known after apply)
      [32m+[0m [0m[1m[0mname[0m[0m              = "WelcomeIntent_production"
      [32m+[0m [0m[1m[0msample_utterances[0m[0m = [
          [32m+[0m [0m"Hello",
        ]
      [32m+[0m [0m[1m[0mversion[0m[0m           = (known after apply)

      [32m+[0m [0mfulfillment_activity {
          [32m+[0m [0m[1m[0mtype[0m[0m = "CodeHook"

          [32m+[0m [0mcode_hook {
              [32m+[0m [0m[1m[0mmessage_version[0m[0m = "1.0"
              [32m+[0m [0m[1m[0muri[0m[0m             = (known after apply)
            }
        }
    }

[1m  # module.connect.module.lex.aws_lex_intent.yes_intent[0m will be created[0m[0m
[0m  [32m+[0m[0m resource "aws_lex_intent" "yes_intent" {
      [32m+[0m [0m[1m[0marn[0m[0m               = (known after apply)
      [32m+[0m [0m[1m[0mchecksum[0m[0m          = (known after apply)
      [32m+[0m [0m[1m[0mcreate_version[0m[0m    = false
      [32m+[0m [0m[1m[0mcreated_date[0m[0m      = (known after apply)
      [32m+[0m [0m[1m[0mid[0m[0m                = (known after apply)
      [32m+[0m [0m[1m[0mlast_updated_date[0m[0m = (known after apply)
      [32m+[0m [0m[1m[0mname[0m[0m              = "yes_intent"
      [32m+[0m [0m[1m[0msample_utterances[0m[0m = [
          [32m+[0m [0m"ABSOLUTELY",
          [32m+[0m [0m"ALRIGHT",
          [32m+[0m [0m"ALRIGHTY",
          [32m+[0m [0m"AYE AYE",
          [32m+[0m [0m"DEFINITELY",
          [32m+[0m [0m"GLADLY",
          [32m+[0m [0m"NO PROBLEM",
          [32m+[0m [0m"OF COURSE",
          [32m+[0m [0m"OKAY",
          [32m+[0m [0m"ROGER",
          [32m+[0m [0m"SOUNDS GOOD",
          [32m+[0m [0m"TOTALLY",
          [32m+[0m [0m"WILL DO",
          [32m+[0m [0m"YA",
          [32m+[0m [0m"YEA",
          [32m+[0m [0m"YEAH",
          [32m+[0m [0m"YEE",
          [32m+[0m [0m"YEP",
          [32m+[0m [0m"YES",
          [32m+[0m [0m"YESSIR",
          [32m+[0m [0m"YOU BET",
          [32m+[0m [0m"YUP",
          [32m+[0m [0m"ah yes",
          [32m+[0m [0m"fine by me",
          [32m+[0m [0m"sure",
          [32m+[0m [0m"sure fine",
          [32m+[0m [0m"that works",
          [32m+[0m [0m"yes I can",
          [32m+[0m [0m"yes it does",
          [32m+[0m [0m"yes please",
          [32m+[0m [0m"yes that works",
          [32m+[0m [0m"yes you are",
        ]
      [32m+[0m [0m[1m[0mversion[0m[0m           = (known after apply)

      [32m+[0m [0mfulfillment_activity {
          [32m+[0m [0m[1m[0mtype[0m[0m = "ReturnIntent"
        }
    }

[1m  # module.connect.module.lex.aws_lex_slot_type.period_of_day[0m will be created[0m[0m
[0m  [32m+[0m[0m resource "aws_lex_slot_type" "period_of_day" {
      [32m+[0m [0m[1m[0mchecksum[0m[0m                 = (known after apply)
      [32m+[0m [0m[1m[0mcreate_version[0m[0m           = false
      [32m+[0m [0m[1m[0mcreated_date[0m[0m             = (known after apply)
      [32m+[0m [0m[1m[0mid[0m[0m                       = (known after apply)
      [32m+[0m [0m[1m[0mlast_updated_date[0m[0m        = (known after apply)
      [32m+[0m [0m[1m[0mname[0m[0m                     = "PeriodOfDay"
      [32m+[0m [0m[1m[0mvalue_selection_strategy[0m[0m = "ORIGINAL_VALUE"
      [32m+[0m [0m[1m[0mversion[0m[0m                  = (known after apply)

      [32m+[0m [0menumeration_value {
          [32m+[0m [0m[1m[0msynonyms[0m[0m = [
              [32m+[0m [0m"Lirium",
              [32m+[0m [0m"Martagon",
            ]
          [32m+[0m [0m[1m[0mvalue[0m[0m    = "lilies"
        }
    }

[1m  # module.connect.module.connect.module.bot_associations.aws_connect_bot_association.amelia_lex_bot[0m will be created[0m[0m
[0m  [32m+[0m[0m resource "aws_connect_bot_association" "amelia_lex_bot" {
      [32m+[0m [0m[1m[0mid[0m[0m          = (known after apply)
      [32m+[0m [0m[1m[0minstance_id[0m[0m = (known after apply)

      [32m+[0m [0mlex_bot {
          [32m+[0m [0m[1m[0mlex_region[0m[0m = "us-east-1"
          [32m+[0m [0m[1m[0mname[0m[0m       = "AmeliaLexBot_production"
        }
    }

[1m  # module.connect.module.connect.module.bot_associations.aws_connect_bot_association.preference_bot[0m will be created[0m[0m
[0m  [32m+[0m[0m resource "aws_connect_bot_association" "preference_bot" {
      [32m+[0m [0m[1m[0mid[0m[0m          = (known after apply)
      [32m+[0m [0m[1m[0minstance_id[0m[0m = (known after apply)

      [32m+[0m [0mlex_bot {
          [32m+[0m [0m[1m[0mlex_region[0m[0m = "us-east-1"
          [32m+[0m [0m[1m[0mname[0m[0m       = "yes_no_with_preference_bot"
        }
    }

[1m  # module.connect.module.connect.module.bot_associations.aws_connect_bot_association.wait_bot[0m will be created[0m[0m
[0m  [32m+[0m[0m resource "aws_connect_bot_association" "wait_bot" {
      [32m+[0m [0m[1m[0mid[0m[0m          = (known after apply)
      [32m+[0m [0m[1m[0minstance_id[0m[0m = (known after apply)

      [32m+[0m [0mlex_bot {
          [32m+[0m [0m[1m[0mlex_region[0m[0m = "us-east-1"
          [32m+[0m [0m[1m[0mname[0m[0m       = "wait_bot"
        }
    }

[1m  # module.connect.module.connect.module.bot_associations.aws_connect_bot_association.who_am_i_bot[0m will be created[0m[0m
[0m  [32m+[0m[0m resource "aws_connect_bot_association" "who_am_i_bot" {
      [32m+[0m [0m[1m[0mid[0m[0m          = (known after apply)
      [32m+[0m [0m[1m[0minstance_id[0m[0m = (known after apply)

      [32m+[0m [0mlex_bot {
          [32m+[0m [0m[1m[0mlex_region[0m[0m = "us-east-1"
          [32m+[0m [0m[1m[0mname[0m[0m       = "who_am_i_bot"
        }
    }

[1m  # module.connect.module.connect.module.bot_associations.aws_connect_bot_association.yes_no_bot[0m will be created[0m[0m
[0m  [32m+[0m[0m resource "aws_connect_bot_association" "yes_no_bot" {
      [32m+[0m [0m[1m[0mid[0m[0m          = (known after apply)
      [32m+[0m [0m[1m[0minstance_id[0m[0m = (known after apply)

      [32m+[0m [0mlex_bot {
          [32m+[0m [0m[1m[0mlex_region[0m[0m = "us-east-1"
          [32m+[0m [0m[1m[0mname[0m[0m       = "yes_no_bot"
        }
    }

[1m  # module.connect.module.connect.module.hours_of_operations.aws_connect_hours_of_operation.ahead_study[0m will be updated in-place[0m[0m
[0m  [33m~[0m[0m resource "aws_connect_hours_of_operation" "ahead_study" {
      [31m-[0m [0m[1m[0mdescription[0m[0m            = "Mon-Fri (8am - 8pm EST)" [90m->[0m [0m[90mnull[0m[0m
        [1m[0mid[0m[0m                     = "03103f71-db62-4f61-9432-4bfae356b3e3:a5e8980e-99e5-4c93-9518-9bc780b69b9b"
      [33m~[0m [0m[1m[0minstance_id[0m[0m            = "03103f71-db62-4f61-9432-4bfae356b3e3" [33m->[0m [0m(known after apply)
        [1m[0mname[0m[0m                   = "AHEAD Study"
      [33m~[0m [0m[1m[0mtags[0m[0m                   = {
          [32m+[0m [0m"environment" = "production"
          [32m+[0m [0m"project"     = "connect"
        }
        [90m# (5 unchanged attributes hidden)[0m[0m

        [90m# (5 unchanged blocks hidden)[0m[0m
    }

[1m  # module.connect.module.connect.module.hours_of_operations.aws_connect_hours_of_operation.basic_hours[0m will be updated in-place[0m[0m
[0m  [33m~[0m[0m resource "aws_connect_hours_of_operation" "basic_hours" {
        [1m[0mid[0m[0m                     = "03103f71-db62-4f61-9432-4bfae356b3e3:bba1df47-9043-4a16-96e0-47cc68239ed5"
      [33m~[0m [0m[1m[0minstance_id[0m[0m            = "03103f71-db62-4f61-9432-4bfae356b3e3" [33m->[0m [0m(known after apply)
        [1m[0mname[0m[0m                   = "Basic Hours"
        [1m[0mtags[0m[0m                   = {}
        [90m# (5 unchanged attributes hidden)[0m[0m

        [90m# (7 unchanged blocks hidden)[0m[0m
    }

[1m  # module.connect.module.connect.module.hours_of_operations.aws_connect_hours_of_operation.biotel_care[0m will be updated in-place[0m[0m
[0m  [33m~[0m[0m resource "aws_connect_hours_of_operation" "biotel_care" {
      [31m-[0m [0m[1m[0mdescription[0m[0m            = "M-F 9AM - 9PM Close Sat and Sun" [90m->[0m [0m[90mnull[0m[0m
        [1m[0mid[0m[0m                     = "03103f71-db62-4f61-9432-4bfae356b3e3:b85d5493-1bf0-45b5-91ee-b7f237faf4ad"
      [33m~[0m [0m[1m[0minstance_id[0m[0m            = "03103f71-db62-4f61-9432-4bfae356b3e3" [33m->[0m [0m(known after apply)
        [1m[0mname[0m[0m                   = "BioTel Care"
      [33m~[0m [0m[1m[0mtags[0m[0m                   = {
          [32m+[0m [0m"environment" = "production"
          [32m+[0m [0m"project"     = "connect"
        }
        [90m# (5 unchanged attributes hidden)[0m[0m

        [90m# (5 unchanged blocks hidden)[0m[0m
    }

[1m  # module.connect.module.connect.module.hours_of_operations.aws_connect_hours_of_operation.good_measures[0m will be updated in-place[0m[0m
[0m  [33m~[0m[0m resource "aws_connect_hours_of_operation" "good_measures" {
      [31m-[0m [0m[1m[0mdescription[0m[0m            = "M - F 8AM - 9PM. Sat 9AM - 5PM Sun 9AM - 1PM" [90m->[0m [0m[90mnull[0m[0m
        [1m[0mid[0m[0m                     = "03103f71-db62-4f61-9432-4bfae356b3e3:09b889fb-0661-4b2d-b963-282aee6488ea"
      [33m~[0m [0m[1m[0minstance_id[0m[0m            = "03103f71-db62-4f61-9432-4bfae356b3e3" [33m->[0m [0m(known after apply)
        [1m[0mname[0m[0m                   = "Good Measures"
      [33m~[0m [0m[1m[0mtags[0m[0m                   = {
          [32m+[0m [0m"environment" = "production"
          [32m+[0m [0m"project"     = "connect"
        }
        [90m# (5 unchanged attributes hidden)[0m[0m

        [90m# (7 unchanged blocks hidden)[0m[0m
    }

[1m  # module.connect.module.connect.module.hours_of_operations.aws_connect_hours_of_operation.good_measures_corporate[0m will be updated in-place[0m[0m
[0m  [33m~[0m[0m resource "aws_connect_hours_of_operation" "good_measures_corporate" {
      [31m-[0m [0m[1m[0mdescription[0m[0m            = "M - F 9AM- 5PM Close Sat & Sun" [90m->[0m [0m[90mnull[0m[0m
        [1m[0mid[0m[0m                     = "03103f71-db62-4f61-9432-4bfae356b3e3:9b2a969a-717a-4738-a18b-42ec5ebf781e"
      [33m~[0m [0m[1m[0minstance_id[0m[0m            = "03103f71-db62-4f61-9432-4bfae356b3e3" [33m->[0m [0m(known after apply)
        [1m[0mname[0m[0m                   = "Good Measures Corporate"
      [33m~[0m [0m[1m[0mtags[0m[0m                   = {
          [32m+[0m [0m"environment" = "production"
          [32m+[0m [0m"project"     = "connect"
        }
        [90m# (5 unchanged attributes hidden)[0m[0m

        [90m# (5 unchanged blocks hidden)[0m[0m
    }

[1m  # module.connect.module.connect.module.hours_of_operations.aws_connect_hours_of_operation.onduo_walgreens[0m will be updated in-place[0m[0m
[0m  [33m~[0m[0m resource "aws_connect_hours_of_operation" "onduo_walgreens" {
      [31m-[0m [0m[1m[0mdescription[0m[0m            = "M - F 8AM - 9PM. Sat 9AM - 5PM Sun 9AM - 1PM" [90m->[0m [0m[90mnull[0m[0m
        [1m[0mid[0m[0m                     = "03103f71-db62-4f61-9432-4bfae356b3e3:7adced9f-6f29-4cf1-89af-846a00d03164"
      [33m~[0m [0m[1m[0minstance_id[0m[0m            = "03103f71-db62-4f61-9432-4bfae356b3e3" [33m->[0m [0m(known after apply)
        [1m[0mname[0m[0m                   = "Onduo Walgreens"
      [33m~[0m [0m[1m[0mtags[0m[0m                   = {
          [32m+[0m [0m"environment" = "production"
          [32m+[0m [0m"project"     = "connect"
        }
        [90m# (5 unchanged attributes hidden)[0m[0m

        [90m# (7 unchanged blocks hidden)[0m[0m
    }

[1m  # module.connect.module.connect.module.lambda_function_associations.aws_connect_lambda_function_association.CancelAppointment[0m will be created[0m[0m
[0m  [32m+[0m[0m resource "aws_connect_lambda_function_association" "CancelAppointment" {
      [32m+[0m [0m[1m[0mfunction_arn[0m[0m = (known after apply)
      [32m+[0m [0m[1m[0mid[0m[0m           = (known after apply)
      [32m+[0m [0m[1m[0minstance_id[0m[0m  = (known after apply)
    }

[1m  # module.connect.module.connect.module.lambda_function_associations.aws_connect_lambda_function_association.ConfirmAppointment[0m will be created[0m[0m
[0m  [32m+[0m[0m resource "aws_connect_lambda_function_association" "ConfirmAppointment" {
      [32m+[0m [0m[1m[0mfunction_arn[0m[0m = (known after apply)
      [32m+[0m [0m[1m[0mid[0m[0m           = (known after apply)
      [32m+[0m [0m[1m[0minstance_id[0m[0m  = (known after apply)
    }

[1m  # module.connect.module.connect.module.lambda_function_associations.aws_connect_lambda_function_association.DumpEvent[0m will be created[0m[0m
[0m  [32m+[0m[0m resource "aws_connect_lambda_function_association" "DumpEvent" {
      [32m+[0m [0m[1m[0mfunction_arn[0m[0m = (known after apply)
      [32m+[0m [0m[1m[0mid[0m[0m           = (known after apply)
      [32m+[0m [0m[1m[0minstance_id[0m[0m  = (known after apply)
    }

[1m  # module.connect.module.connect.module.lambda_function_associations.aws_connect_lambda_function_association.GetSchedule[0m will be created[0m[0m
[0m  [32m+[0m[0m resource "aws_connect_lambda_function_association" "GetSchedule" {
      [32m+[0m [0m[1m[0mfunction_arn[0m[0m = (known after apply)
      [32m+[0m [0m[1m[0mid[0m[0m           = (known after apply)
      [32m+[0m [0m[1m[0minstance_id[0m[0m  = (known after apply)
    }

[1m  # module.connect.module.connect.module.lambda_function_associations.aws_connect_lambda_function_association.GetScheduleCached[0m will be created[0m[0m
[0m  [32m+[0m[0m resource "aws_connect_lambda_function_association" "GetScheduleCached" {
      [32m+[0m [0m[1m[0mfunction_arn[0m[0m = (known after apply)
      [32m+[0m [0m[1m[0mid[0m[0m           = (known after apply)
      [32m+[0m [0m[1m[0minstance_id[0m[0m  = (known after apply)
    }

[1m  # module.connect.module.connect.module.lambda_function_associations.aws_connect_lambda_function_association.NormalizeTimePeriods[0m will be created[0m[0m
[0m  [32m+[0m[0m resource "aws_connect_lambda_function_association" "NormalizeTimePeriods" {
      [32m+[0m [0m[1m[0mfunction_arn[0m[0m = (known after apply)
      [32m+[0m [0m[1m[0mid[0m[0m           = (known after apply)
      [32m+[0m [0m[1m[0minstance_id[0m[0m  = (known after apply)
    }

[1m  # module.connect.module.connect.module.lambda_function_associations.aws_connect_lambda_function_association.RecordInteraction[0m will be created[0m[0m
[0m  [32m+[0m[0m resource "aws_connect_lambda_function_association" "RecordInteraction" {
      [32m+[0m [0m[1m[0mfunction_arn[0m[0m = (known after apply)
      [32m+[0m [0m[1m[0mid[0m[0m           = (known after apply)
      [32m+[0m [0m[1m[0minstance_id[0m[0m  = (known after apply)
    }

[1m  # module.connect.module.connect.module.lambda_function_associations.aws_connect_lambda_function_association.ScheduleAppointment[0m will be created[0m[0m
[0m  [32m+[0m[0m resource "aws_connect_lambda_function_association" "ScheduleAppointment" {
      [32m+[0m [0m[1m[0mfunction_arn[0m[0m = (known after apply)
      [32m+[0m [0m[1m[0mid[0m[0m           = (known after apply)
      [32m+[0m [0m[1m[0minstance_id[0m[0m  = (known after apply)
    }

[1m  # module.connect.module.connect.module.lambda_function_associations.aws_connect_lambda_function_association.checkholiday[0m will be created[0m[0m
[0m  [32m+[0m[0m resource "aws_connect_lambda_function_association" "checkholiday" {
      [32m+[0m [0m[1m[0mfunction_arn[0m[0m = (known after apply)
      [32m+[0m [0m[1m[0mid[0m[0m           = (known after apply)
      [32m+[0m [0m[1m[0minstance_id[0m[0m  = (known after apply)
    }

[1m  # module.connect.module.connect.module.lambda_function_associations.aws_connect_lambda_function_association.goodmeasures_connect_getnumberinfofunction[0m will be created[0m[0m
[0m  [32m+[0m[0m resource "aws_connect_lambda_function_association" "goodmeasures_connect_getnumberinfofunction" {
      [32m+[0m [0m[1m[0mfunction_arn[0m[0m = (known after apply)
      [32m+[0m [0m[1m[0mid[0m[0m           = (known after apply)
      [32m+[0m [0m[1m[0minstance_id[0m[0m  = (known after apply)
    }

[1m  # module.connect.module.connect.module.lambda_function_associations.aws_connect_lambda_function_association.goodmeasures_connect_phonenumberbyextensionfunction[0m will be created[0m[0m
[0m  [32m+[0m[0m resource "aws_connect_lambda_function_association" "goodmeasures_connect_phonenumberbyextensionfunction" {
      [32m+[0m [0m[1m[0mfunction_arn[0m[0m = (known after apply)
      [32m+[0m [0m[1m[0mid[0m[0m           = (known after apply)
      [32m+[0m [0m[1m[0minstance_id[0m[0m  = (known after apply)
    }

[1m  # module.connect.module.connect.module.lambda_function_associations.aws_connect_lambda_function_association.retrieve_contact_information[0m will be created[0m[0m
[0m  [32m+[0m[0m resource "aws_connect_lambda_function_association" "retrieve_contact_information" {
      [32m+[0m [0m[1m[0mfunction_arn[0m[0m = (known after apply)
      [32m+[0m [0m[1m[0mid[0m[0m           = (known after apply)
      [32m+[0m [0m[1m[0minstance_id[0m[0m  = (known after apply)
    }

[1m  # module.connect.module.connect.module.lambda_function_associations.aws_connect_lambda_function_association.retrieve_development_contact_info[0m will be created[0m[0m
[0m  [32m+[0m[0m resource "aws_connect_lambda_function_association" "retrieve_development_contact_info" {
      [32m+[0m [0m[1m[0mfunction_arn[0m[0m = (known after apply)
      [32m+[0m [0m[1m[0mid[0m[0m           = (known after apply)
      [32m+[0m [0m[1m[0minstance_id[0m[0m  = (known after apply)
    }

[1m  # module.connect.module.connect.module.lambda_function_associations.aws_connect_lambda_function_association.transcriptcreate_transcription_table_item[0m will be created[0m[0m
[0m  [32m+[0m[0m resource "aws_connect_lambda_function_association" "transcriptcreate_transcription_table_item" {
      [32m+[0m [0m[1m[0mfunction_arn[0m[0m = (known after apply)
      [32m+[0m [0m[1m[0mid[0m[0m           = (known after apply)
      [32m+[0m [0m[1m[0minstance_id[0m[0m  = (known after apply)
    }

[1m  # module.connect.module.connect.module.lambda_function_associations.aws_connect_lambda_function_association.transcripttranscription_trigger[0m will be created[0m[0m
[0m  [32m+[0m[0m resource "aws_connect_lambda_function_association" "transcripttranscription_trigger" {
      [32m+[0m [0m[1m[0mfunction_arn[0m[0m = (known after apply)
      [32m+[0m [0m[1m[0mid[0m[0m           = (known after apply)
      [32m+[0m [0m[1m[0minstance_id[0m[0m  = (known after apply)
    }

[1m  # module.connect.module.connect.module.security_profiles.aws_connect_security_profile.admin[0m will be updated in-place[0m[0m
[0m  [33m~[0m[0m resource "aws_connect_security_profile" "admin" {
        [1m[0mid[0m[0m                       = "03103f71-db62-4f61-9432-4bfae356b3e3:469ac895-3473-4bdc-b6c7-7c6e77da44f4"
      [33m~[0m [0m[1m[0minstance_id[0m[0m              = "03103f71-db62-4f61-9432-4bfae356b3e3" [33m->[0m [0m(known after apply)
        [1m[0mname[0m[0m                     = "Admin"
      [33m~[0m [0m[1m[0mpermissions[0m[0m              = [
          [32m+[0m [0m"ContactFlowModules.Create",
          [32m+[0m [0m"ContactFlowModules.Edit",
          [32m+[0m [0m"ContactFlowModules.Publish",
          [32m+[0m [0m"ContactFlowModules.View",
            [90m# (68 unchanged elements hidden)[0m[0m
        ]
      [33m~[0m [0m[1m[0mtags[0m[0m                     = {
          [32m+[0m [0m"environment" = "production"
          [32m+[0m [0m"project"     = "connect"
        }
        [90m# (5 unchanged attributes hidden)[0m[0m
    }

[1m  # module.connect.module.connect.module.security_profiles.aws_connect_security_profile.agent[0m will be updated in-place[0m[0m
[0m  [33m~[0m[0m resource "aws_connect_security_profile" "agent" {
        [1m[0mid[0m[0m                       = "03103f71-db62-4f61-9432-4bfae356b3e3:2e972232-fd5f-4b3f-adcd-24f56a2bae83"
      [33m~[0m [0m[1m[0minstance_id[0m[0m              = "03103f71-db62-4f61-9432-4bfae356b3e3" [33m->[0m [0m(known after apply)
        [1m[0mname[0m[0m                     = "Agent"
      [33m~[0m [0m[1m[0mtags[0m[0m                     = {
          [32m+[0m [0m"environment" = "production"
          [32m+[0m [0m"project"     = "connect"
        }
        [90m# (6 unchanged attributes hidden)[0m[0m
    }

[1m  # module.connect.module.connect.module.security_profiles.aws_connect_security_profile.callcentermanager[0m will be updated in-place[0m[0m
[0m  [33m~[0m[0m resource "aws_connect_security_profile" "callcentermanager" {
        [1m[0mid[0m[0m                       = "03103f71-db62-4f61-9432-4bfae356b3e3:2fb87a7d-0c64-49ad-9d6f-18094aa69ed1"
      [33m~[0m [0m[1m[0minstance_id[0m[0m              = "03103f71-db62-4f61-9432-4bfae356b3e3" [33m->[0m [0m(known after apply)
        [1m[0mname[0m[0m                     = "CallCenterManager"
      [33m~[0m [0m[1m[0mtags[0m[0m                     = {
          [32m+[0m [0m"environment" = "production"
          [32m+[0m [0m"project"     = "connect"
        }
        [90m# (6 unchanged attributes hidden)[0m[0m
    }

[1m  # module.connect.module.connect.module.security_profiles.aws_connect_security_profile.new_hire[0m will be updated in-place[0m[0m
[0m  [33m~[0m[0m resource "aws_connect_security_profile" "new_hire" {
        [1m[0mid[0m[0m                       = "03103f71-db62-4f61-9432-4bfae356b3e3:1854cec4-8fd5-4967-aeba-f46902a8ca87"
      [33m~[0m [0m[1m[0minstance_id[0m[0m              = "03103f71-db62-4f61-9432-4bfae356b3e3" [33m->[0m [0m(known after apply)
        [1m[0mname[0m[0m                     = "New Hire"
      [33m~[0m [0m[1m[0mtags[0m[0m                     = {
          [32m+[0m [0m"environment" = "production"
          [32m+[0m [0m"project"     = "connect"
        }
        [90m# (6 unchanged attributes hidden)[0m[0m
    }

[1m  # module.connect.module.connect.module.security_profiles.aws_connect_security_profile.qualityanalyst[0m will be updated in-place[0m[0m
[0m  [33m~[0m[0m resource "aws_connect_security_profile" "qualityanalyst" {
        [1m[0mid[0m[0m                       = "03103f71-db62-4f61-9432-4bfae356b3e3:47ec151a-7d76-4dac-975f-d8fe5fb38a21"
      [33m~[0m [0m[1m[0minstance_id[0m[0m              = "03103f71-db62-4f61-9432-4bfae356b3e3" [33m->[0m [0m(known after apply)
        [1m[0mname[0m[0m                     = "QualityAnalyst"
      [33m~[0m [0m[1m[0mtags[0m[0m                     = {
          [32m+[0m [0m"environment" = "production"
          [32m+[0m [0m"project"     = "connect"
        }
        [90m# (6 unchanged attributes hidden)[0m[0m
    }

[1m  # module.connect.module.roles.module.lambda_role.aws_iam_policy.lambda_logging[0m will be created[0m[0m
[0m  [32m+[0m[0m resource "aws_iam_policy" "lambda_logging" {
      [32m+[0m [0m[1m[0marn[0m[0m         = (known after apply)
      [32m+[0m [0m[1m[0mdescription[0m[0m = "IAM policy for logging from lambda"
      [32m+[0m [0m[1m[0mid[0m[0m          = (known after apply)
      [32m+[0m [0m[1m[0mname[0m[0m        = "lambda_logging_production"
      [32m+[0m [0m[1m[0mpath[0m[0m        = "/"
      [32m+[0m [0m[1m[0mpolicy[0m[0m      = jsonencode(
            {
              [32m+[0m [0mStatement = [
                  [32m+[0m [0m{
                      [32m+[0m [0mAction   = [
                          [32m+[0m [0m"logs:CreateLogGroup",
                          [32m+[0m [0m"logs:CreateLogStream",
                          [32m+[0m [0m"logs:PutLogEvents",
                        ]
                      [32m+[0m [0mEffect   = "Allow"
                      [32m+[0m [0mResource = "arn:aws:logs:*:*:*"
                    },
                ]
              [32m+[0m [0mVersion   = "2012-10-17"
            }
        )
      [32m+[0m [0m[1m[0mpolicy_id[0m[0m   = (known after apply)
      [32m+[0m [0m[1m[0mtags_all[0m[0m    = (known after apply)
    }

[1m  # module.connect.module.roles.module.lambda_role.aws_iam_policy.lambda_network[0m will be created[0m[0m
[0m  [32m+[0m[0m resource "aws_iam_policy" "lambda_network" {
      [32m+[0m [0m[1m[0marn[0m[0m         = (known after apply)
      [32m+[0m [0m[1m[0mdescription[0m[0m = "IAM policy for network access rules from lambda"
      [32m+[0m [0m[1m[0mid[0m[0m          = (known after apply)
      [32m+[0m [0m[1m[0mname[0m[0m        = "lambda_network_production"
      [32m+[0m [0m[1m[0mpath[0m[0m        = "/"
      [32m+[0m [0m[1m[0mpolicy[0m[0m      = jsonencode(
            {
              [32m+[0m [0mStatement = [
                  [32m+[0m [0m{
                      [32m+[0m [0mAction   = [
                          [32m+[0m [0m"ec2:DescribeSecurityGroups",
                          [32m+[0m [0m"ec2:DescribeSubnets",
                          [32m+[0m [0m"ec2:DescribeVpcs",
                          [32m+[0m [0m"ec2:CreateNetworkInterface",
                          [32m+[0m [0m"ec2:DescribeNetworkInterfaces",
                          [32m+[0m [0m"ec2:DeleteNetworkInterface",
                          [32m+[0m [0m"ec2:DescribeInstances",
                          [32m+[0m [0m"ec2:AttachNetworkInterface",
                        ]
                      [32m+[0m [0mEffect   = "Allow"
                      [32m+[0m [0mResource = "*"
                    },
                ]
              [32m+[0m [0mVersion   = "2012-10-17"
            }
        )
      [32m+[0m [0m[1m[0mpolicy_id[0m[0m   = (known after apply)
      [32m+[0m [0m[1m[0mtags_all[0m[0m    = (known after apply)
    }

[1m  # module.connect.module.roles.module.lambda_role.aws_iam_policy.lambda_search[0m will be created[0m[0m
[0m  [32m+[0m[0m resource "aws_iam_policy" "lambda_search" {
      [32m+[0m [0m[1m[0marn[0m[0m         = (known after apply)
      [32m+[0m [0m[1m[0mdescription[0m[0m = "IAM policy for elasticsearch from lambda"
      [32m+[0m [0m[1m[0mid[0m[0m          = (known after apply)
      [32m+[0m [0m[1m[0mname[0m[0m        = "lambda_search_production"
      [32m+[0m [0m[1m[0mpath[0m[0m        = "/"
      [32m+[0m [0m[1m[0mpolicy[0m[0m      = jsonencode(
            {
              [32m+[0m [0mStatement = [
                  [32m+[0m [0m{
                      [32m+[0m [0mAction   = [
                          [32m+[0m [0m"es:*",
                        ]
                      [32m+[0m [0mEffect   = "Allow"
                      [32m+[0m [0mResource = "*"
                    },
                ]
              [32m+[0m [0mVersion   = "2012-10-17"
            }
        )
      [32m+[0m [0m[1m[0mpolicy_id[0m[0m   = (known after apply)
      [32m+[0m [0m[1m[0mtags_all[0m[0m    = (known after apply)
    }

[1m  # module.connect.module.roles.module.lambda_role.aws_iam_role.lambda_role[0m will be created[0m[0m
[0m  [32m+[0m[0m resource "aws_iam_role" "lambda_role" {
      [32m+[0m [0m[1m[0marn[0m[0m                   = (known after apply)
      [32m+[0m [0m[1m[0massume_role_policy[0m[0m    = jsonencode(
            {
              [32m+[0m [0mStatement = [
                  [32m+[0m [0m{
                      [32m+[0m [0mAction    = "sts:AssumeRole"
                      [32m+[0m [0mEffect    = "Allow"
                      [32m+[0m [0mPrincipal = {
                          [32m+[0m [0mService = [
                              [32m+[0m [0m"lambda.amazonaws.com",
                              [32m+[0m [0m"apigateway.amazonaws.com",
                              [32m+[0m [0m"es.amazonaws.com",
                              [32m+[0m [0m"lex.amazonaws.com",
                            ]
                        }
                      [32m+[0m [0mSid       = ""
                    },
                ]
              [32m+[0m [0mVersion   = "2012-10-17"
            }
        )
      [32m+[0m [0m[1m[0mcreate_date[0m[0m           = (known after apply)
      [32m+[0m [0m[1m[0mforce_detach_policies[0m[0m = false
      [32m+[0m [0m[1m[0mid[0m[0m                    = (known after apply)
      [32m+[0m [0m[1m[0mmanaged_policy_arns[0m[0m   = (known after apply)
      [32m+[0m [0m[1m[0mmax_session_duration[0m[0m  = 3600
      [32m+[0m [0m[1m[0mname[0m[0m                  = "lambda-role-production"
      [32m+[0m [0m[1m[0mname_prefix[0m[0m           = (known after apply)
      [32m+[0m [0m[1m[0mpath[0m[0m                  = "/"
      [32m+[0m [0m[1m[0mtags_all[0m[0m              = (known after apply)
      [32m+[0m [0m[1m[0munique_id[0m[0m             = (known after apply)

      [32m+[0m [0minline_policy {
          [32m+[0m [0m[1m[0mname[0m[0m   = (known after apply)
          [32m+[0m [0m[1m[0mpolicy[0m[0m = (known after apply)
        }
    }

[1m  # module.connect.module.roles.module.lambda_role.aws_iam_role_policy_attachment.lambda_logs[0m will be created[0m[0m
[0m  [32m+[0m[0m resource "aws_iam_role_policy_attachment" "lambda_logs" {
      [32m+[0m [0m[1m[0mid[0m[0m         = (known after apply)
      [32m+[0m [0m[1m[0mpolicy_arn[0m[0m = (known after apply)
      [32m+[0m [0m[1m[0mrole[0m[0m       = "lambda-role-production"
    }

[1m  # module.connect.module.roles.module.lambda_role.aws_iam_role_policy_attachment.lambda_network[0m will be created[0m[0m
[0m  [32m+[0m[0m resource "aws_iam_role_policy_attachment" "lambda_network" {
      [32m+[0m [0m[1m[0mid[0m[0m         = (known after apply)
      [32m+[0m [0m[1m[0mpolicy_arn[0m[0m = (known after apply)
      [32m+[0m [0m[1m[0mrole[0m[0m       = "lambda-role-production"
    }

[1m  # module.connect.module.roles.module.lambda_role.aws_iam_role_policy_attachment.lambda_search[0m will be created[0m[0m
[0m  [32m+[0m[0m resource "aws_iam_role_policy_attachment" "lambda_search" {
      [32m+[0m [0m[1m[0mid[0m[0m         = (known after apply)
      [32m+[0m [0m[1m[0mpolicy_arn[0m[0m = (known after apply)
      [32m+[0m [0m[1m[0mrole[0m[0m       = "lambda-role-production"
    }

[0m[1mPlan:[0m 84 to add, 154 to change, 1 to destroy.
[0m[90m
─────────────────────────────────────────────────────────────────────────────[0m

Note: You didn't use the -out option to save this plan, so Terraform can't
guarantee to take exactly these actions if you run "terraform apply" now.
